{"path":{"./list.vibe":"0edcb6d6167b141a9a2647ca88f7a5bde3ef2f1c"},"version":{"prelude":"1ecc80c97dea82312bfee300a7c0955d056af398"},"symbol":{"std/prelude":"1ecc80c97dea82312bfee300a7c0955d056af398"},"module":{"/local@0.0.0/collection/list/nth#b786f0a2c5a04ab1a018687fbb203767f639df6a":"b786f0a2c5a04ab1a018687fbb203767f639df6a","/local@0.0.0/collection/list/of3#cd7a226fd545e8c42050d843c88c29af48ebe36e":"cd7a226fd545e8c42050d843c88c29af48ebe36e","/local@0.0.0/collection/list/of5#f73265e26d72a0cd6fd669a2d6f4e5802bf678c4":"f73265e26d72a0cd6fd669a2d6f4e5802bf678c4","/local@0.0.0/collection/list/sum#110518490548298fb831bf8432f0b0d32bde1f5f":"110518490548298fb831bf8432f0b0d32bde1f5f","/local@0.0.0/collection/list/zip#441d9efa77a3fed025d31e200119e79d3f58c290":"441d9efa77a3fed025d31e200119e79d3f58c290","/local@0.0.0/collection/list/List#8ec06b004c4f0719777e869be76d929ddc41678f":"8ec06b004c4f0719777e869be76d929ddc41678f","/local@0.0.0/collection/list/drop#5af60fe5d7215b8eec7493fabae6bf1bcdba8ff3":"5af60fe5d7215b8eec7493fabae6bf1bcdba8ff3","/local@0.0.0/collection/list/head#4acbf4d4a211955e307151eac67dc36b99c891ab":"4acbf4d4a211955e307151eac67dc36b99c891ab","/local@0.0.0/collection/list/iter#f8208a1745acc67a183e50a8cec1a79dde05c250":"f8208a1745acc67a183e50a8cec1a79dde05c250","/local@0.0.0/collection/list/tail#f6010a4e7d8c4d8cebca489c6e14054d5f758e48":"f6010a4e7d8c4d8cebca489c6e14054d5f758e48","/local@0.0.0/collection/list/take#30e204644ae6db5d5acae5c3cf3e4615cbd27350":"30e204644ae6db5d5acae5c3cf3e4615cbd27350","/local@0.0.0/collection/list/empty#d45ea90cc039651bb57b297fe3574a3dc3a36ebf":"d45ea90cc039651bb57b297fe3574a3dc3a36ebf","/local@0.0.0/collection/list/append#6b0fed58e6cb509505d78946090c919294871de7":"6b0fed58e6cb509505d78946090c919294871de7","/local@0.0.0/collection/list/filter#3c8e2a9ac86fd23b4b8650f3dc193b9b6cb978cb":"3c8e2a9ac86fd23b4b8650f3dc193b9b6cb978cb","/local@0.0.0/collection/list/length#9faac992517330751c0372f36ff00e8e97883501":"9faac992517330751c0372f36ff00e8e97883501","/local@0.0.0/collection/list/flatmap#cc3f8dbcf714141f63fbec6d61910b6a07a1ff74":"cc3f8dbcf714141f63fbec6d61910b6a07a1ff74","/local@0.0.0/collection/list/reverse#b374671f2eecd9f25faecf6026c33f3e008ad335":"b374671f2eecd9f25faecf6026c33f3e008ad335","/local@0.0.0/collection/list/is_empty#b7de88a09b94ca5719f0515992de100c5085f154":"b7de88a09b94ca5719f0515992de100c5085f154","/local@0.0.0/collection/list/iter_get#ad17b28dde4561ab702ce861d3498a0a34844609":"ad17b28dde4561ab702ce861d3498a0a34844609","/local@0.0.0/collection/list/list_map#9ed919058c38486ca9d0490ba13139fcab34fef1":"9ed919058c38486ca9d0490ba13139fcab34fef1","/local@0.0.0/collection/list/list_nth#9ef1b046e28d5498c6435af08daa78e01bb6b1da":"9ef1b046e28d5498c6435af08daa78e01bb6b1da","/local@0.0.0/collection/list/list_of3#690f8d323f4eb5f3d0dce3d8faa21838ff9ca38b":"690f8d323f4eb5f3d0dce3d8faa21838ff9ca38b","/local@0.0.0/collection/list/list_of5#00e87318404e8b1c5317bff4000b92845063a17a":"00e87318404e8b1c5317bff4000b92845063a17a","/local@0.0.0/collection/list/list_sum#f29c0c0a48822b6c0f0d4685b5f51f0e452ad941":"f29c0c0a48822b6c0f0d4685b5f51f0e452ad941","/local@0.0.0/collection/list/list_zip#f915b0564de20378d567388986d8db12625391c5":"f915b0564de20378d567388986d8db12625391c5","/local@0.0.0/collection/list/List::nth#b786f0a2c5a04ab1a018687fbb203767f639df6a":"b786f0a2c5a04ab1a018687fbb203767f639df6a","/local@0.0.0/collection/list/List::sum#110518490548298fb831bf8432f0b0d32bde1f5f":"110518490548298fb831bf8432f0b0d32bde1f5f","/local@0.0.0/collection/list/List::zip#441d9efa77a3fed025d31e200119e79d3f58c290":"441d9efa77a3fed025d31e200119e79d3f58c290","/local@0.0.0/collection/list/list_cons#f1387f8a77435533083dcc4b5d87f93411c02562":"f1387f8a77435533083dcc4b5d87f93411c02562","/local@0.0.0/collection/list/list_drop#379ae27f1a4626ed3fe1c782786573f9907f2bb4":"379ae27f1a4626ed3fe1c782786573f9907f2bb4","/local@0.0.0/collection/list/list_fold#eceb8eccf4152c926969979585a94addc4328ef7":"eceb8eccf4152c926969979585a94addc4328ef7","/local@0.0.0/collection/list/list_head#f890c78f0fd8954e7036487094c7e2d0a4969dfc":"f890c78f0fd8954e7036487094c7e2d0a4969dfc","/local@0.0.0/collection/list/list_iter#a15010e289ab15280ec890b87e0b6d8100edb08d":"a15010e289ab15280ec890b87e0b6d8100edb08d","/local@0.0.0/collection/list/list_tail#6ef412ffb255d3148b55e3cb5a894996ea019b94":"6ef412ffb255d3148b55e3cb5a894996ea019b94","/local@0.0.0/collection/list/list_take#3797f613e86940ece747a505cea4c5566ac7491b":"3797f613e86940ece747a505cea4c5566ac7491b","/local@0.0.0/collection/list/singleton#59f97d511c06934c1fc42c9f7fdf53abb0533ead":"59f97d511c06934c1fc42c9f7fdf53abb0533ead","/local@0.0.0/collection/list/List::drop#5af60fe5d7215b8eec7493fabae6bf1bcdba8ff3":"5af60fe5d7215b8eec7493fabae6bf1bcdba8ff3","/local@0.0.0/collection/list/List::head#4acbf4d4a211955e307151eac67dc36b99c891ab":"4acbf4d4a211955e307151eac67dc36b99c891ab","/local@0.0.0/collection/list/List::iter#f8208a1745acc67a183e50a8cec1a79dde05c250":"f8208a1745acc67a183e50a8cec1a79dde05c250","/local@0.0.0/collection/list/List::tail#f6010a4e7d8c4d8cebca489c6e14054d5f758e48":"f6010a4e7d8c4d8cebca489c6e14054d5f758e48","/local@0.0.0/collection/list/List::take#30e204644ae6db5d5acae5c3cf3e4615cbd27350":"30e204644ae6db5d5acae5c3cf3e4615cbd27350","/local@0.0.0/collection/list/list_empty#67efa347ea651d3795e494e49794f7f0cf40bb2b":"67efa347ea651d3795e494e49794f7f0cf40bb2b","/local@0.0.0/collection/list/contains_by#159853e8b56f0f8e10cfc07587cf97a16038796b":"159853e8b56f0f8e10cfc07587cf97a16038796b","/local@0.0.0/collection/list/iter_length#9faac992517330751c0372f36ff00e8e97883501":"9faac992517330751c0372f36ff00e8e97883501","/local@0.0.0/collection/list/list_append#eb1d2020fb25750fb5652ad91ac328188c885322":"eb1d2020fb25750fb5652ad91ac328188c885322","/local@0.0.0/collection/list/list_filter#c9305d3adda4eabee0ac11cf09780693255d8616":"c9305d3adda4eabee0ac11cf09780693255d8616","/local@0.0.0/collection/list/list_length#b1774d13c22e6d869aa45ec10512988c37968c4c":"b1774d13c22e6d869aa45ec10512988c37968c4c","/local@0.0.0/collection/list/List::append#6b0fed58e6cb509505d78946090c919294871de7":"6b0fed58e6cb509505d78946090c919294871de7","/local@0.0.0/collection/list/List::filter#3c8e2a9ac86fd23b4b8650f3dc193b9b6cb978cb":"3c8e2a9ac86fd23b4b8650f3dc193b9b6cb978cb","/local@0.0.0/collection/list/List::length#9faac992517330751c0372f36ff00e8e97883501":"9faac992517330751c0372f36ff00e8e97883501","/local@0.0.0/collection/list/list_flatmap#7088564281bf23e3088c794ea38b876ba19803aa":"7088564281bf23e3088c794ea38b876ba19803aa","/local@0.0.0/collection/list/list_reverse#1e277049cc76469f6c3d1f3db994c99fbc468f49":"1e277049cc76469f6c3d1f3db994c99fbc468f49","/local@0.0.0/collection/list/List::flatmap#cc3f8dbcf714141f63fbec6d61910b6a07a1ff74":"cc3f8dbcf714141f63fbec6d61910b6a07a1ff74","/local@0.0.0/collection/list/List::reverse#b374671f2eecd9f25faecf6026c33f3e008ad335":"b374671f2eecd9f25faecf6026c33f3e008ad335","/local@0.0.0/collection/list/list_is_empty#429f7e96a5e2faea1c92aa3d71329394890e0583":"429f7e96a5e2faea1c92aa3d71329394890e0583","/local@0.0.0/collection/list/list_iter_get#a5166e6022fa00eb3fd23cf88f9e9b9f7075c445":"a5166e6022fa00eb3fd23cf88f9e9b9f7075c445","/local@0.0.0/collection/list/List::is_empty#b7de88a09b94ca5719f0515992de100c5085f154":"b7de88a09b94ca5719f0515992de100c5085f154","/local@0.0.0/collection/list/List::iter_get#f12d40bff6ff7c60f764e83eedde5ea394da5464":"f12d40bff6ff7c60f764e83eedde5ea394da5464","/local@0.0.0/collection/list/list_singleton#ca288404be5bf1a2903bedb39a36d1698305fa2d":"ca288404be5bf1a2903bedb39a36d1698305fa2d","/local@0.0.0/collection/list/list_contains_by#8b2331f399db264d431a7e7f5cb965139bde1841":"8b2331f399db264d431a7e7f5cb965139bde1841","/local@0.0.0/collection/list/List::contains_by#159853e8b56f0f8e10cfc07587cf97a16038796b":"159853e8b56f0f8e10cfc07587cf97a16038796b","/local@0.0.0/collection/list/List::iter_length#a7050f477e72cbaac87dbc5069b962c7df32f13f":"a7050f477e72cbaac87dbc5069b962c7df32f13f"},"annotation":{"/Users/mz/ghq/github.com/mizchi/vibe-lang/vibe/collection/list.vibe#nth":"nth: (, Int) ->","/Users/mz/ghq/github.com/mizchi/vibe-lang/vibe/collection/list.vibe#of3":"of3: (, , ) ->","/Users/mz/ghq/github.com/mizchi/vibe-lang/vibe/collection/list.vibe#of5":"of5: (, , , , ) ->","/Users/mz/ghq/github.com/mizchi/vibe-lang/vibe/collection/list.vibe#sum":"sum: () -> Int","/Users/mz/ghq/github.com/mizchi/vibe-lang/vibe/collection/list.vibe#zip":"zip: (, ) ->","/Users/mz/ghq/github.com/mizchi/vibe-lang/vibe/collection/list.vibe#drop":"drop: (, Int) ->","/Users/mz/ghq/github.com/mizchi/vibe-lang/vibe/collection/list.vibe#head":"head: () ->","/Users/mz/ghq/github.com/mizchi/vibe-lang/vibe/collection/list.vibe#iter":"iter: (, () -> ) -> Int","/Users/mz/ghq/github.com/mizchi/vibe-lang/vibe/collection/list.vibe#tail":"tail: () ->","/Users/mz/ghq/github.com/mizchi/vibe-lang/vibe/collection/list.vibe#take":"take: (, Int) ->","/Users/mz/ghq/github.com/mizchi/vibe-lang/vibe/collection/list.vibe#empty":"empty: () ->","/Users/mz/ghq/github.com/mizchi/vibe-lang/vibe/collection/list.vibe#append":"append: (, ) ->","/Users/mz/ghq/github.com/mizchi/vibe-lang/vibe/collection/list.vibe#filter":"filter: (, () -> Bool) ->","/Users/mz/ghq/github.com/mizchi/vibe-lang/vibe/collection/list.vibe#length":"length: () -> Int","/Users/mz/ghq/github.com/mizchi/vibe-lang/vibe/collection/list.vibe#flatmap":"flatmap: (, () -> ) ->","/Users/mz/ghq/github.com/mizchi/vibe-lang/vibe/collection/list.vibe#reverse":"reverse: () ->","/Users/mz/ghq/github.com/mizchi/vibe-lang/vibe/collection/list.vibe#is_empty":"is_empty: () -> Bool","/Users/mz/ghq/github.com/mizchi/vibe-lang/vibe/collection/list.vibe#iter_get":"iter_get: (, Int) ->","/Users/mz/ghq/github.com/mizchi/vibe-lang/vibe/collection/list.vibe#list_map":"list_map: (() -> , ) ->","/Users/mz/ghq/github.com/mizchi/vibe-lang/vibe/collection/list.vibe#list_nth":"list_nth: (, Int) ->","/Users/mz/ghq/github.com/mizchi/vibe-lang/vibe/collection/list.vibe#list_of3":"list_of3: (, , ) ->","/Users/mz/ghq/github.com/mizchi/vibe-lang/vibe/collection/list.vibe#list_of5":"list_of5: (, , , , ) ->","/Users/mz/ghq/github.com/mizchi/vibe-lang/vibe/collection/list.vibe#list_sum":"list_sum: () -> Int","/Users/mz/ghq/github.com/mizchi/vibe-lang/vibe/collection/list.vibe#list_zip":"list_zip: (, ) ->","/Users/mz/ghq/github.com/mizchi/vibe-lang/vibe/collection/list.vibe#list_cons":"list_cons: (, ) ->","/Users/mz/ghq/github.com/mizchi/vibe-lang/vibe/collection/list.vibe#list_drop":"list_drop: (Int, ) ->","/Users/mz/ghq/github.com/mizchi/vibe-lang/vibe/collection/list.vibe#list_fold":"list_fold: ((, ) -> , , ) ->","/Users/mz/ghq/github.com/mizchi/vibe-lang/vibe/collection/list.vibe#list_head":"list_head: () ->","/Users/mz/ghq/github.com/mizchi/vibe-lang/vibe/collection/list.vibe#list_iter":"list_iter: (() -> , ) -> Int","/Users/mz/ghq/github.com/mizchi/vibe-lang/vibe/collection/list.vibe#list_tail":"list_tail: () ->","/Users/mz/ghq/github.com/mizchi/vibe-lang/vibe/collection/list.vibe#list_take":"list_take: (Int, ) ->","/Users/mz/ghq/github.com/mizchi/vibe-lang/vibe/collection/list.vibe#singleton":"singleton: () ->","/Users/mz/ghq/github.com/mizchi/vibe-lang/vibe/collection/list.vibe#list_empty":"list_empty: () ->","/Users/mz/ghq/github.com/mizchi/vibe-lang/vibe/collection/list.vibe#contains_by":"contains_by: (, (, ) -> Bool, ) -> Bool","/Users/mz/ghq/github.com/mizchi/vibe-lang/vibe/collection/list.vibe#iter_length":"iter_length: () -> Int","/Users/mz/ghq/github.com/mizchi/vibe-lang/vibe/collection/list.vibe#list_append":"list_append: (, ) ->","/Users/mz/ghq/github.com/mizchi/vibe-lang/vibe/collection/list.vibe#list_filter":"list_filter: (() -> Bool, ) ->","/Users/mz/ghq/github.com/mizchi/vibe-lang/vibe/collection/list.vibe#list_length":"list_length: () -> Int","/Users/mz/ghq/github.com/mizchi/vibe-lang/vibe/collection/list.vibe#list_flatmap":"list_flatmap: (() -> , ) ->","/Users/mz/ghq/github.com/mizchi/vibe-lang/vibe/collection/list.vibe#list_reverse":"list_reverse: () ->","/Users/mz/ghq/github.com/mizchi/vibe-lang/vibe/collection/list.vibe#list_is_empty":"list_is_empty: () -> Bool","/Users/mz/ghq/github.com/mizchi/vibe-lang/vibe/collection/list.vibe#list_iter_get":"list_iter_get: (, Int) ->","/Users/mz/ghq/github.com/mizchi/vibe-lang/vibe/collection/list.vibe#list_singleton":"list_singleton: () ->","/Users/mz/ghq/github.com/mizchi/vibe-lang/vibe/collection/list.vibe#list_contains_by":"list_contains_by: ((, ) -> Bool, , ) -> Bool"}}