{"path":{"./tcp.vibe":"303dd8b349defc68d7cf9fe73bb055915f9596fe","./index.vibe":"56d6345dbecd6d59ae44dd815970656d781f114b","./socket.vibe":"3cd37ae3868d7e5a34c69bbf99aa4b6ead1a101e"},"version":{"prelude":"57b2e437ae8577b48b73cb5778d22f8f8a76f9ab"},"symbol":{"std/prelude":"57b2e437ae8577b48b73cb5778d22f8f8a76f9ab"},"module":{"/local@0.0.0/socket/read#ca5f82a6e9e8585b0a7a5cc3ab44351597e2e5da":"ca5f82a6e9e8585b0a7a5cc3ab44351597e2e5da","/local@0.0.0/socket/close#3187fc6fcbb141f09fee149d1424a8f9d61fcf32":"3187fc6fcbb141f09fee149d1424a8f9d61fcf32","/local@0.0.0/socket/write#0dbfb42a9210d07c7bb1cd3ad3f9a626d242dff1":"0dbfb42a9210d07c7bb1cd3ad3f9a626d242dff1","/local@0.0.0/socket/connect#7557d2c25e3ffaf7dbc709a344cb7ce37be9119c":"7557d2c25e3ffaf7dbc709a344cb7ce37be9119c","/local@0.0.0/socket/version#0892a09604f221d580cfb0250cbf0142ffbe78e0":"0892a09604f221d580cfb0250cbf0142ffbe78e0","/local@0.0.0/socket/endpoint#3b795b9deb5a0eaa31e33df439f588daf3ac53a2":"3b795b9deb5a0eaa31e33df439f588daf3ac53a2","/local@0.0.0/socket/connection#a8bb0d6b4ab6e793d1314d1e7039963b67bd7b88":"a8bb0d6b4ab6e793d1314d1e7039963b67bd7b88","/local@0.0.0/socket/TcpEndpoint#2081af00ce994e1955dfc4515f574493e9f1c7d7":"2081af00ce994e1955dfc4515f574493e9f1c7d7","/local@0.0.0/socket/socket/read#625faa733463a6edbc4171ab5d106d18443da16c":"625faa733463a6edbc4171ab5d106d18443da16c","/local@0.0.0/socket/socket_read#8d72a292352fb667892a2d11e7f5cc8d64b2fd06":"8d72a292352fb667892a2d11e7f5cc8d64b2fd06","/local@0.0.0/socket/socket/close#fdc4324d6ea4b80a8d8470bacfa63d49d8bf0b08":"fdc4324d6ea4b80a8d8470bacfa63d49d8bf0b08","/local@0.0.0/socket/socket/write#daf401d406e0e9c2656bbc0716fac11661dbb457":"daf401d406e0e9c2656bbc0716fac11661dbb457","/local@0.0.0/socket/socket_close#1598abc0fd03d4a3a158ca9a934f43ebc0b7a6d1":"1598abc0fd03d4a3a158ca9a934f43ebc0b7a6d1","/local@0.0.0/socket/socket_write#d71eb00b36cc8e52c7997dc2c93298bee8117270":"d71eb00b36cc8e52c7997dc2c93298bee8117270","/local@0.0.0/socket/tcp/tcp_read#9456b7d04cd43aef6cb188c584b21ac4dd4a6356":"9456b7d04cd43aef6cb188c584b21ac4dd4a6356","/local@0.0.0/socket/TcpConnection#728ab7194fd0f606291d9cd226c670a1f205021b":"728ab7194fd0f606291d9cd226c670a1f205021b","/local@0.0.0/socket/connection_fd#2b0999fa41cbe5e19814583bf283a9a4f9df5ee9":"2b0999fa41cbe5e19814583bf283a9a4f9df5ee9","/local@0.0.0/socket/tcp/tcp_close#063f7c3456421c3b349df961d28ac1b2cf06c227":"063f7c3456421c3b349df961d28ac1b2cf06c227","/local@0.0.0/socket/tcp/tcp_write#85a8e5a0443721bdb7327fd4196141c505e99031":"85a8e5a0443721bdb7327fd4196141c505e99031","/local@0.0.0/socket/socket/connect#1a688976ef01cac2d7dbd2a2db3c0b15bdea66dd":"1a688976ef01cac2d7dbd2a2db3c0b15bdea66dd","/local@0.0.0/socket/socket_connect#ed940de976944c0574edea7ca6917148e8c757da":"ed940de976944c0574edea7ca6917148e8c757da","/local@0.0.0/socket/socket/endpoint#3f8a6e462e339bb0aff6d6e0bd5c86f9a711476d":"3f8a6e462e339bb0aff6d6e0bd5c86f9a711476d","/local@0.0.0/socket/tcp/tcp_connect#139c837f1d4474a050af92b2bc3707a92e7b7ed3":"139c837f1d4474a050af92b2bc3707a92e7b7ed3","/local@0.0.0/socket/socket/connection#1648d4199e4277a6c485d3dbda59744842420fdd":"1648d4199e4277a6c485d3dbda59744842420fdd","/local@0.0.0/socket/socket/TcpEndpoint#97575a469588361aeeba510891852c5244e6e3f0":"97575a469588361aeeba510891852c5244e6e3f0","/local@0.0.0/socket/socket/TcpConnection#e32736bd2f13c03fec23f92519fa72ca8e2a6d96":"e32736bd2f13c03fec23f92519fa72ca8e2a6d96","/local@0.0.0/socket/socket/connection_fd#d48d1b2c478ad40ba2e42fadf1052c6bf73a09ad":"d48d1b2c478ad40ba2e42fadf1052c6bf73a09ad"},"annotation":{"/Users/mz/ghq/github.com/mizchi/vibe-lang/vibe/socket/socket.vibe#read":"read: (TcpConnection, Int) -> String with {Net}","/Users/mz/ghq/github.com/mizchi/vibe-lang/vibe/socket/socket.vibe#close":"close: (TcpConnection) -> Unit with {Net}","/Users/mz/ghq/github.com/mizchi/vibe-lang/vibe/socket/socket.vibe#write":"write: (TcpConnection, String) -> Unit with {Net}","/Users/mz/ghq/github.com/mizchi/vibe-lang/vibe/socket/tcp.vibe#tcp_read":"tcp_read: (Int, Int) -> String with {Net}","/Users/mz/ghq/github.com/mizchi/vibe-lang/vibe/socket/tcp.vibe#tcp_close":"tcp_close: (Int) -> Unit with {Net}","/Users/mz/ghq/github.com/mizchi/vibe-lang/vibe/socket/tcp.vibe#tcp_write":"tcp_write: (Int, String) -> Unit with {Net}","/Users/mz/ghq/github.com/mizchi/vibe-lang/vibe/socket/socket.vibe#connect":"connect: (TcpEndpoint) -> TcpConnection with {Net}","/Users/mz/ghq/github.com/mizchi/vibe-lang/vibe/socket/tcp.vibe#tcp_connect":"tcp_connect: (String, Int) -> Int with {Net}","/Users/mz/ghq/github.com/mizchi/vibe-lang/vibe/socket/index.vibe#socket_connect":"Canonical collision-safe aliases"}}
