{"path":{"./index.vibe":"5969337001362e159874b9787cf751d4a35f6ea4"},"version":{"prelude":"7c764a4c84e54368561b547b9e740e7bb0584980"},"symbol":{"std/prelude":"7c764a4c84e54368561b547b9e740e7bb0584980"},"module":{"/Users/mz/ghq/github.com/mizchi/vibe-lang/vibe/socket/index.vibe#version":"0892a09604f221d580cfb0250cbf0142ffbe78e0"},"annotation":{}}