{"path":{"./socket.vibe":"e3851f63ac39c1fe517e7ae9423dfaeed8922ea0","./socket_test.vibe":"006614bfc923b8999d858117adff21b098c59250"},"version":{"prelude":"7c764a4c84e54368561b547b9e740e7bb0584980"},"symbol":{"std/prelude":"7c764a4c84e54368561b547b9e740e7bb0584980"},"module":{"/Users/mz/ghq/github.com/mizchi/vibe-lang/vibe/socket/socket.vibe#tcp_read":"ac9d3a645d031eda4f3fd4ef386caa423c6591e2","/Users/mz/ghq/github.com/mizchi/vibe-lang/vibe/socket/socket.vibe#tcp_close":"a0b4032170589b14ad39f3aa382a540753f3800c","/Users/mz/ghq/github.com/mizchi/vibe-lang/vibe/socket/socket.vibe#tcp_write":"28cd6295b9f8599e82372dd4887436042eefdde9","/Users/mz/ghq/github.com/mizchi/vibe-lang/vibe/socket/socket.vibe#tcp_connect":"3fc702fa1ee2aa516f56c0d0ca4cdf51eaf50bf8"},"annotation":{}}