{"path":{"./ast.vibe":"d66ae6734b68384cba85d7709cc98806c08e24a2","./printer.vibe":"1080d75df6e2c92df9a79c405a6b44c35156f286"},"version":{"prelude":"57b2e437ae8577b48b73cb5778d22f8f8a76f9ab"},"symbol":{"std/prelude":"57b2e437ae8577b48b73cb5778d22f8f8a76f9ab"},"module":{"/local@0.1.0/ast/Pat#4658d750bc6340f84ec5e2314c32003fabd1a304":"4658d750bc6340f84ec5e2314c32003fabd1a304","/local@0.1.0/ast/Expr#d0dd373951cbdf213b9bf432132324f61a7f6c3f":"d0dd373951cbdf213b9bf432132324f61a7f6c3f","/local@0.1.0/ast/Stmt#4922290379030e50b5c1e30c5d71dd3ee1dcb6d2":"4922290379030e50b5c1e30c5d71dd3ee1dcb6d2","/local@0.1.0/ast/TypeExpr#5cd2d34a46b84d27084d7bac031edbf5b7636c8a":"5cd2d34a46b84d27084d7bac031edbf5b7636c8a","/local@0.1.0/printer/print_pat#7095d9aae6a4e3f11f6ff8a4a83a38eb7d4314cd":"7095d9aae6a4e3f11f6ff8a4a83a38eb7d4314cd","/local@0.1.0/printer/print_expr#7cba411f1b2526e4382ab8376c6730608dea3c98":"7cba411f1b2526e4382ab8376c6730608dea3c98","/local@0.1.0/printer/print_stmt#c83007e21b80ae8a2ab597e9af7570bb8e0daef6":"c83007e21b80ae8a2ab597e9af7570bb8e0daef6","/local@0.1.0/printer/print_program#f9d90e736a5b99b36ef73f4b1b4379594362ff8e":"f9d90e736a5b99b36ef73f4b1b4379594362ff8e","/local@0.1.0/printer/print_type_expr#5b0f900aa1b40606790778500456f7ca681e5df2":"5b0f900aa1b40606790778500456f7ca681e5df2"},"annotation":{}}