{"path":{"./ast.vibe":"d66ae6734b68384cba85d7709cc98806c08e24a2","./types.vibe":"5a482cb6be8624bf79f40461cf1bcac68f697cdc","./checker.vibe":"3ee3c08e1854a77b7c5299d7ac0de945a83a9022","./builtins.vibe":"ae6bce604e5ab3102e2c649dd7859c6bc6845954"},"version":{"prelude":"57b2e437ae8577b48b73cb5778d22f8f8a76f9ab"},"symbol":{"std/prelude":"57b2e437ae8577b48b73cb5778d22f8f8a76f9ab"},"module":{"/local@0.1.0/ast/Pat#4658d750bc6340f84ec5e2314c32003fabd1a304":"4658d750bc6340f84ec5e2314c32003fabd1a304","/local@0.1.0/ast/Expr#d0dd373951cbdf213b9bf432132324f61a7f6c3f":"d0dd373951cbdf213b9bf432132324f61a7f6c3f","/local@0.1.0/ast/Stmt#4922290379030e50b5c1e30c5d71dd3ee1dcb6d2":"4922290379030e50b5c1e30c5d71dd3ee1dcb6d2","/local@0.1.0/types/Type#33a2d76b29c2083d3f20dcc69dac965693e4af16":"33a2d76b29c2083d3f20dcc69dac965693e4af16","/local@0.1.0/types/Subst#bf8439e6b5e60b6984fc4d2f0d87a4bb676db64f":"bf8439e6b5e60b6984fc4d2f0d87a4bb676db64f","/local@0.1.0/types/unify#6bab681894902b95ba05612d22fe40590d3fe874":"6bab681894902b95ba05612d22fe40590d3fe874","/local@0.1.0/ast/TypeExpr#5cd2d34a46b84d27084d7bac031edbf5b7636c8a":"5cd2d34a46b84d27084d7bac031edbf5b7636c8a","/local@0.1.0/types/TypeDef#1e322950c204f54b746790aa51f965ed1deee9ba":"1e322950c204f54b746790aa51f965ed1deee9ba","/local@0.1.0/types/TypeEnv#f0d21320e9491e2f607e3022d45c84946bff1c47":"f0d21320e9491e2f607e3022d45c84946bff1c47","/local@0.1.0/types/env_bind#dd2238d6ebe77fe568da75d82c93be37c4ba2d25":"dd2238d6ebe77fe568da75d82c93be37c4ba2d25","/local@0.1.0/types/fresh_var#8aac49caf2eb5b55d9ba17202dc887a063439e7c":"8aac49caf2eb5b55d9ba17202dc887a063439e7c","/local@0.1.0/types/occurs_in#07e01ada7c6c60c5b2683920e937ad058ef6c86a":"07e01ada7c6c60c5b2683920e937ad058ef6c86a","/local@0.1.0/types/env_lookup#4cf76a098005afd2274d6a763da92b7822775eb9":"4cf76a098005afd2274d6a763da92b7822775eb9","/local@0.1.0/types/subst_apply#0e115b0397dee899b8ee41d2121952fb0c49038c":"0e115b0397dee899b8ee41d2121952fb0c49038c","/local@0.1.0/types/types_equal#89d257aedacbf4e05ad84f9b7c03999fecfa40f4":"89d257aedacbf4e05ad84f9b7c03999fecfa40f4","/local@0.1.0/checker/check_expr#7eff06c446adb3ee8365fac8b7d929763b9984d9":"7eff06c446adb3ee8365fac8b7d929763b9984d9","/local@0.1.0/types/env_bind_all#bd06b3d9493a31ce520cff67e92d821df1053b34":"bd06b3d9493a31ce520cff67e92d821df1053b34","/local@0.1.0/types/find_typedef#75ac2345f51d9f850c4a0a2b4c3b283fff10455c":"75ac2345f51d9f850c4a0a2b4c3b283fff10455c","/local@0.1.0/types/subst_lookup#4278cba9280329fdc16769be1fe37f8b107847ce":"4278cba9280329fdc16769be1fe37f8b107847ce","/local@0.1.0/types/type_to_string#f4e2bc497a86401cbae43e5465f50163d0f7da9e":"f4e2bc497a86401cbae43e5465f50163d0f7da9e","/local@0.1.0/types/resolve_builtin#434955b76f018094cf16e457145e974dd22f8b17":"434955b76f018094cf16e457145e974dd22f8b17","/local@0.1.0/types/types_compatible#58d58520fa8f399c0d377752150b6f6efc4473a6":"58d58520fa8f399c0d377752150b6f6efc4473a6","/local@0.1.0/builtins/lookup_builtin#904622edef132f7bf6b6a77ce7b41e5b290842ee":"904622edef132f7bf6b6a77ce7b41e5b290842ee"},"annotation":{}}