{"path":{"./ast.vibe":"1a8369a0de3a51acaeff2c989ca4dea519c78441","./lexer.vibe":"a6899e7d8eccb676de60f98294d68f2b95365305","./token.vibe":"d63de371a5693aef95a5a43caab427f1c12e8f11","./types.vibe":"5e5ff868b56ad96e7ea72bfaa8cbbc60a6dfb7cd","./parser.vibe":"252e9dad73b68e11ced7f3e9fae0fc78176ae17a","./checker.vibe":"f69eda0c5c3069d20abc77cf824ab7b455921acc","./builtins.vibe":"495bf128fd9707644b85800eed769dfc2b5655e0","./eval_loader.vibe":"737cfbf116dfc4b80ed8da4a4ceb2583a66aa66d","./checker_stmt.vibe":"74c2c0f08d63508bfdcd6989b4ea9e629696f28c","./module_loader.vibe":"48ebe796c5b4976b51718745054faea01ddb8407","./checker_pattern.vibe":"b9ad5260af67dc59cb30092503d472bcbda8852e","./checker_resolve.vibe":"7f4fae71f30a4b0145100e680b0d16d3d08dfa99"},"version":{"prelude":"9ee3f199a168efa62460c44c371ffc23956f6757"},"symbol":{"std/prelude":"9ee3f199a168efa62460c44c371ffc23956f6757"},"module":{"/local@0.0.0/compiler/ast/Pat#1a7bd6088d238cf6717d5c40e838058d90bc6b0e":"1a7bd6088d238cf6717d5c40e838058d90bc6b0e","/local@0.0.0/compiler/ast/Expr#517e7c94406881f61695a6f31df17675ddc75f93":"517e7c94406881f61695a6f31df17675ddc75f93","/local@0.0.0/compiler/ast/Stmt#ce06ebae122bef6c4a990287b88190e5db729182":"ce06ebae122bef6c4a990287b88190e5db729182","/local@0.0.0/compiler/lexer/lex#9113a46659529af522262c00446768418e74e64d":"9113a46659529af522262c00446768418e74e64d","/local@0.0.0/compiler/parser/Pat#a4d0bf4b529d99b1155f0bc1d9f7689d5cd60986":"a4d0bf4b529d99b1155f0bc1d9f7689d5cd60986","/local@0.0.0/compiler/types/Type#1078315fb2c4e1e000c70b4603fea96190a595d5":"1078315fb2c4e1e000c70b4603fea96190a595d5","/local@0.0.0/compiler/parser/Expr#cf13fdf925baf68bac80ddfb0175dd754be841bf":"cf13fdf925baf68bac80ddfb0175dd754be841bf","/local@0.0.0/compiler/parser/Stmt#1e7f3b63df68be31badb243599f5ccb939965308":"1e7f3b63df68be31badb243599f5ccb939965308","/local@0.0.0/compiler/token/Token#725f5f19f0c2ba06d5b295516d39051d4f5540f9":"725f5f19f0c2ba06d5b295516d39051d4f5540f9","/local@0.0.0/compiler/types/Subst#5f50e1c5b5b35c9894b81b015667f3da1d40297a":"5f50e1c5b5b35c9894b81b015667f3da1d40297a","/local@0.0.0/compiler/types/unify#c4c0adbb46bd3ac25b2675337cc5fadd3a62f490":"c4c0adbb46bd3ac25b2675337cc5fadd3a62f490","/local@0.0.0/compiler/ast/TypeExpr#13cac128d33d714a96c332ae876135d18f7d40e9":"13cac128d33d714a96c332ae876135d18f7d40e9","/local@0.0.0/compiler/lexer/lex_ok#cc4a1bce7e42124e1ed0f8b30795c1e63a6205c3":"cc4a1bce7e42124e1ed0f8b30795c1e63a6205c3","/local@0.0.0/compiler/parser/parse#dcdc31f475b12749603056690a9534bf9f1825b1":"dcdc31f475b12749603056690a9534bf9f1825b1","/local@0.0.0/compiler/types/TypeDef#50ca98d8c8f9d2c1af52a6e2f17b6e8510506f28":"50ca98d8c8f9d2c1af52a6e2f17b6e8510506f28","/local@0.0.0/compiler/types/TypeEnv#2d12b0f61e5a7305e6d95cad53095b5e985ffe51":"2d12b0f61e5a7305e6d95cad53095b5e985ffe51","/local@0.0.0/compiler/types/env_bind#746bc9e408d3d4ed032edbea3d0a916b752f0440":"746bc9e408d3d4ed032edbea3d0a916b752f0440","/local@0.0.0/compiler/parser/TypeExpr#189deb78d302ba0f4b576afb1b516712e865802e":"189deb78d302ba0f4b576afb1b516712e865802e","/local@0.0.0/compiler/parser/parse_ok#867b9997e03d0ef3c51ced6ee9aebc252b73602d":"867b9997e03d0ef3c51ced6ee9aebc252b73602d","/local@0.0.0/compiler/types/fresh_var#c7b70b95e0462ba0fdfb340f2f35da14b12b9453":"c7b70b95e0462ba0fdfb340f2f35da14b12b9453","/local@0.0.0/compiler/types/occurs_in#e0afa3123dff3c33ff85070df03a17ea7181ab01":"e0afa3123dff3c33ff85070df03a17ea7181ab01","/local@0.0.0/compiler/types/env_lookup#ec2cf4ac52ce1b7696f4480f15546d2a9680c402":"ec2cf4ac52ce1b7696f4480f15546d2a9680c402","/local@0.0.0/compiler/types/generalize#912c87dd48f0cf0143e2788c802f48621c5b8307":"912c87dd48f0cf0143e2788c802f48621c5b8307","/local@0.0.0/compiler/parser/parse_expr#1cd2ef087461aed36335152da33446f8ca700e3e":"1cd2ef087461aed36335152da33446f8ca700e3e","/local@0.0.0/compiler/parser/parse_impl#ff728434a19fa3c0636e32ddf97c7c73170c0be4":"ff728434a19fa3c0636e32ddf97c7c73170c0be4","/local@0.0.0/compiler/parser/parse_stmt#5905b7f6d70a2dc2e9228e4c3a59e7365f450644":"5905b7f6d70a2dc2e9228e4c3a59e7365f450644","/local@0.0.0/compiler/parser/parse_type#1e39380d8caf66a24b805cf9eeb961fe8f5aca86":"1e39380d8caf66a24b805cf9eeb961fe8f5aca86","/local@0.0.0/compiler/types/instantiate#0c941fa13733408d9f49719ca780c9b8149074ff":"0c941fa13733408d9f49719ca780c9b8149074ff","/local@0.0.0/compiler/types/subst_apply#341029f8c88cb605c8e15e3cc65a6317ff0ccd13":"341029f8c88cb605c8e15e3cc65a6317ff0ccd13","/local@0.0.0/compiler/types/types_equal#c30f32f00889ce42c29bfcf2b0f4577ef5a88e56":"c30f32f00889ce42c29bfcf2b0f4577ef5a88e56","/local@0.0.0/compiler/checker/check_expr#b100bba5340ff8cb3beccbf49f66d5274462f1a3":"b100bba5340ff8cb3beccbf49f66d5274462f1a3","/local@0.0.0/compiler/types/env_bind_all#1ed1101d8b33ad02f0c457059519bd2125cff9f9":"1ed1101d8b33ad02f0c457059519bd2125cff9f9","/local@0.0.0/compiler/types/find_typedef#2ebc58a6e3d9512446e94743e3cbed76bd43a996":"2ebc58a6e3d9512446e94743e3cbed76bd43a996","/local@0.0.0/compiler/types/subst_lookup#542e3f9b9c6441175b696d2006ec5aa5772c1227":"542e3f9b9c6441175b696d2006ec5aa5772c1227","/local@0.0.0/compiler/types/trait_supers#5b2d5cfa331dd683cad6fdb94ba984e40eae99c0":"5b2d5cfa331dd683cad6fdb94ba984e40eae99c0","/local@0.0.0/compiler/types/collect_tvars#a87638494a259ce844ddd4273cb5653faa5f23d9":"a87638494a259ce844ddd4273cb5653faa5f23d9","/local@0.0.0/compiler/types/trait_defined#20b13ad809ec8b2be4c5b5f64fc7403ddedd7f53":"20b13ad809ec8b2be4c5b5f64fc7403ddedd7f53","/local@0.0.0/compiler/parser/parse_program#696aaca137b16c2631d76335a93a1b331ffbb05d":"696aaca137b16c2631d76335a93a1b331ffbb05d","/local@0.0.0/compiler/types/type_to_string#6dfcf44608020df97ed213e4a9a3022ffe40e405":"6dfcf44608020df97ed213e4a9a3022ffe40e405","/local@0.0.0/compiler/token/token_to_string#de8ca42e73dffb46e2ce5fd8bb6a319343fb6ef4":"de8ca42e73dffb46e2ce5fd8bb6a319343fb6ef4","/local@0.0.0/compiler/types/env_lookup_flat#f8b130292b0354fad6a9e6389b25107b31d70161":"f8b130292b0354fad6a9e6389b25107b31d70161","/local@0.0.0/compiler/types/resolve_builtin#8a424b4c7b42b7617b994118f1e2a594594853c4":"8a424b4c7b42b7617b994118f1e2a594594853c4","/local@0.0.0/compiler/types/subst_add_bound#2f222d01440f37e4de76436220b23f1b002a0534":"2f222d01440f37e4de76436220b23f1b002a0534","/local@0.0.0/compiler/types/types_compatible#ddb3c68398ca443fcfe16d30e7a95aed9684670a":"ddb3c68398ca443fcfe16d30e7a95aed9684670a","/local@0.0.0/compiler/builtins/lookup_builtin#560fc6f392f15ff40142995567f96fd916bec1f2":"560fc6f392f15ff40142995567f96fd916bec1f2","/local@0.0.0/compiler/types/env_flat_bindings#f9c513375b9714fabb0c51762f98a800660b7227":"f9c513375b9714fabb0c51762f98a800660b7227","/local@0.0.0/compiler/types/impls_overlap_for#a0e1f0490f440384baaf1bc9e939190acccac22c":"a0e1f0490f440384baaf1bc9e939190acccac22c","/local@0.0.0/compiler/types/trait_is_subtrait#0c159657199da71140b86589bd328688805a58ae":"0c159657199da71140b86589bd328688805a58ae","/local@0.0.0/compiler/checker_stmt/check_stmts#d220ac1cd533fe1f8897af54d95a30efb59d8bad":"d220ac1cd533fe1f8897af54d95a30efb59d8bad","/local@0.0.0/compiler/eval_loader/contains_str#9167a7bf176aed879d710545c69fb2c6e2f8537b":"9167a7bf176aed879d710545c69fb2c6e2f8537b","/local@0.0.0/compiler/eval_loader/source_lookup#82c4dcefac5d30d6a042f542cc9bbf28a3e4870f":"82c4dcefac5d30d6a042f542cc9bbf28a3e4870f","/local@0.0.0/compiler/checker_stmt/check_program#ace70132fbafa1eff5c562b183a3300dd8dfed2b":"ace70132fbafa1eff5c562b183a3300dd8dfed2b","/local@0.0.0/compiler/eval_loader/load_and_parse#697506ffa2722844fd777b7daabada367cfb748c":"697506ffa2722844fd777b7daabada367cfb748c","/local@0.0.0/compiler/module_loader/check_module#af22bd159ef8ef7dc1f2d208ce79cf73a4456ef2":"af22bd159ef8ef7dc1f2d208ce79cf73a4456ef2","/local@0.0.0/compiler/eval_loader/collect_exports#6f6af06c5497ba47347e2e4049f087dc24892afa":"6f6af06c5497ba47347e2e4049f087dc24892afa","/local@0.0.0/compiler/types/type_implements_trait#a2a5db63b0ffecad715fe82eea1496359e29721e":"a2a5db63b0ffecad715fe82eea1496359e29721e","/local@0.0.0/compiler/eval_loader/exports_contains#6359fe88d515f94dccd69d4b7abb177cf2934e31":"6359fe88d515f94dccd69d4b7abb177cf2934e31","/local@0.0.0/compiler/checker_pattern/check_pattern#fa8ddfb90491284b8098419b998e91e9f5250744":"fa8ddfb90491284b8098419b998e91e9f5250744","/local@0.0.0/compiler/checker_resolve/resolve_type_expr#fcfa4ce48218d62bdbc0b8d8152b715af2155bd7":"fcfa4ce48218d62bdbc0b8d8152b715af2155bd7","/local@0.0.0/compiler/checker_stmt/check_program_with_env#8c9c4cc59c5a2859c92d3d434e1d2e453d820d11":"8c9c4cc59c5a2859c92d3d434e1d2e453d820d11"},"annotation":{"/Users/mz/ghq/github.com/mizchi/vibe-lang/vibe/compiler/module_loader.vibe#check_module":"Check a module and return its TypeEnv, resolving imports recursively.\nresolve_imports is inlined to avoid mutual recursion (vibe has no forward references).","/Users/mz/ghq/github.com/mizchi/vibe-lang/vibe/compiler/checker_pattern.vibe#check_pattern":"Check a pattern against a scrutinee type, returning extended env with bindings"}}