{"path":{"./time.vibe":"adc664b9aafc7c36a4978bd7e6c83d57b8c69e51"},"version":{"prelude":"1ecc80c97dea82312bfee300a7c0955d056af398"},"symbol":{"std/prelude":"1ecc80c97dea82312bfee300a7c0955d056af398"},"module":{"/Users/mz/ghq/github.com/mizchi/vibe-lang/vibe/time/time.vibe#sleep_ms":"2572f7084dc54f5206b0ab6a02908bdeac8ff8a0","/Users/mz/ghq/github.com/mizchi/vibe-lang/vibe/time/time.vibe#now_utc_iso":"4a96bfafb267e0783ad663d02a694a80c97f266d","/Users/mz/ghq/github.com/mizchi/vibe-lang/vibe/time/time.vibe#now_local_date":"018a0ac8a658b737eaf68dead1594f8527486ed6"},"annotation":{"/Users/mz/ghq/github.com/mizchi/vibe-lang/vibe/time/time.vibe#sleep_ms":"sleep_ms: (Int) -> Unit with {Async}","/Users/mz/ghq/github.com/mizchi/vibe-lang/vibe/time/time.vibe#now_utc_iso":"now_utc_iso: () -> String with {Process}","/Users/mz/ghq/github.com/mizchi/vibe-lang/vibe/time/time.vibe#now_local_date":"now_local_date: () -> String with {Process}"}}