{"path":{"./time.vibe":"95951e4879304ca2575018ec0486ade43fcb7ddc","./index.vibe":"b8c4026bfcd5611eb6c383f355fae4a7bc7d6f1b","./index_import_test.vibe":"10b212082e2191cf4cc06b43fcc7824aaeacacbd"},"version":{"prelude":"1ecc80c97dea82312bfee300a7c0955d056af398"},"symbol":{"std/prelude":"1ecc80c97dea82312bfee300a7c0955d056af398"},"module":{"/Users/mz/ghq/github.com/mizchi/vibe-lang/vibe/time/index.vibe#version":"0892a09604f221d580cfb0250cbf0142ffbe78e0","/Users/mz/ghq/github.com/mizchi/vibe-lang/vibe/time/time.vibe#sleep_ms":"7ba3bc0be7a73097dbced528e308a9aaf6b14110","/Users/mz/ghq/github.com/mizchi/vibe-lang/vibe/time/index.vibe#sleep_ms":"7d033d2a5677e4237aeb9a1356eb71db39f796e7","/Users/mz/ghq/github.com/mizchi/vibe-lang/vibe/time/time.vibe#now_utc_iso":"dd46ba2a8a6e3a8f45adf25c7497b1a52c40a5e7","/Users/mz/ghq/github.com/mizchi/vibe-lang/vibe/time/index.vibe#now_utc_iso":"7c2d2a1891f18a50bccc6090c4da44962f62e709","/Users/mz/ghq/github.com/mizchi/vibe-lang/vibe/time/time.vibe#now_local_date":"caf24251df832c1a04d1b75a00566798ea17ff93","/Users/mz/ghq/github.com/mizchi/vibe-lang/vibe/time/index.vibe#now_local_date":"4fbd7b08148027d62ed1f5e7b8d9156f12e51bbb"},"annotation":{}}