{"path":{"./time.vibe":"f7481ec61b8adc260e7f7a9385c1c69ac8033ff8"},"version":{"prelude":"1ecc80c97dea82312bfee300a7c0955d056af398"},"symbol":{"std/prelude":"1ecc80c97dea82312bfee300a7c0955d056af398"},"module":{"/Users/mz/ghq/github.com/mizchi/vibe-lang/vibe/time/time.vibe#sleep_ms":"7ba3bc0be7a73097dbced528e308a9aaf6b14110","/Users/mz/ghq/github.com/mizchi/vibe-lang/vibe/time/time.vibe#now_utc_iso":"dd46ba2a8a6e3a8f45adf25c7497b1a52c40a5e7","/Users/mz/ghq/github.com/mizchi/vibe-lang/vibe/time/time.vibe#now_local_date":"caf24251df832c1a04d1b75a00566798ea17ff93"},"annotation":{"/Users/mz/ghq/github.com/mizchi/vibe-lang/vibe/time/time.vibe#sleep_ms":"sleep_ms: (Int) -> Unit with {Async}","/Users/mz/ghq/github.com/mizchi/vibe-lang/vibe/time/time.vibe#now_utc_iso":"now_utc_iso: () -> String with {Process}","/Users/mz/ghq/github.com/mizchi/vibe-lang/vibe/time/time.vibe#now_local_date":"now_local_date: () -> String with {Process}"}}