{"path":{"./_build/bench/selfhost_wasi_http_boundary/http_boundary_server_probe.vibe":"7a7e6c637f6aebb3d5a923896a8dccbd9c3a0ebc"},"version":{"main":"bbbb","prelude":"e15b070096c17e0a26c265cde04be5dc9daa10c4"},"symbol":{"std/prelude":"e15b070096c17e0a26c265cde04be5dc9daa10c4"},"module":{},"annotation":{}}