{"path":{"./vibe/x/jsonschema/index.vibe":"3ab9aec812c37659a2fe0c0b4ad3902b7af67eed","./vibe/x/jsonschema/types.vibe":"bbd2ee84a49fe8910e25ae6094d347aeb04d679b","./vibe/x/jsonschema/validate.vibe":"2c89b0f645ce9633ceeea296f844b8d4dea67a77"},"version":{"main":"bbbb","prelude":"e15b070096c17e0a26c265cde04be5dc9daa10c4"},"symbol":{"std/prelude":"e15b070096c17e0a26c265cde04be5dc9daa10c4"},"module":{"/local@0.0.0/x/jsonschema/Json#50ecdafe1ff7b969d67322137328fef747c8c31d":"50ecdafe1ff7b969d67322137328fef747c8c31d","/local@0.0.0/x/jsonschema/version#0892a09604f221d580cfb0250cbf0142ffbe78e0":"0892a09604f221d580cfb0250cbf0142ffbe78e0","/local@0.0.0/x/jsonschema/validate#e63c097a24a413c397acf4aa4d86453041623056":"e63c097a24a413c397acf4aa4d86453041623056","/local@0.0.0/x/jsonschema/JsonSchema#f9817c195b5417243f2d3bbe660326ace18ece20":"f9817c195b5417243f2d3bbe660326ace18ece20","/local@0.0.0/x/jsonschema/types/Json#ead3265f77d82c5c7860bea063d3ee8754809235":"ead3265f77d82c5c7860bea063d3ee8754809235","/local@0.0.0/x/jsonschema/types/JsonSchema#ac8d8e237baaef0ba4f0fbb62f96a03398052e03":"ac8d8e237baaef0ba4f0fbb62f96a03398052e03","/local@0.0.0/x/jsonschema/validate/validate#707a8592ee6bdcff945f701f8d5030547b483b2f":"707a8592ee6bdcff945f701f8d5030547b483b2f","/local@0.0.0/x/jsonschema/JsonSchema::validate#91819d56856287768fe9103e625537cd56d35fa7":"91819d56856287768fe9103e625537cd56d35fa7","/local@0.0.0/x/jsonschema/validate/JsonSchema::validate#303aa22a2e614a4696897db3c1fb36666d56e308":"303aa22a2e614a4696897db3c1fb36666d56e308"},"annotation":{}}
