{"path":{"./fixtures/http_p3_handler_string.vibe":"61032d417d19f66e1a2b749b24ec61a8edeecf0a"},"version":{"main":"bbbb","prelude":"e15b070096c17e0a26c265cde04be5dc9daa10c4"},"symbol":{"std/prelude":"e15b070096c17e0a26c265cde04be5dc9daa10c4"},"module":{"/local@0.0.0/http_p3_handler_string/handler#cbffe0880173ae5e6d501d37753ca393567f8da5":"cbffe0880173ae5e6d501d37753ca393567f8da5"},"annotation":{"/Users/mz/ghq/github.com/mizchi/vibe-lang/fixtures/http_p3_handler_string.vibe#handler":"Phase 2: HTTP handler with string params for WASI P3 adapter compose.\nhandler(method, url) returns status code based on method/url.\nNote: use string_equals() instead of == for wasm string comparison."}}