{"path":{"./index.vibe":"d6ec19da5b8de5354924b3f356982f4c1e09ee09","./random.vibe":"16c20713e26a5c180928f309a9b1091f5608afad"},"version":{"prelude":"1ecc80c97dea82312bfee300a7c0955d056af398"},"symbol":{"std/prelude":"1ecc80c97dea82312bfee300a7c0955d056af398"},"module":{"/local@0.0.0/random/next#4f34f5040a6b1a7142fde79847e1c21ad2ffa28e":"4f34f5040a6b1a7142fde79847e1c21ad2ffa28e","/local@0.0.0/random/seed#f4a73e08515659bfe3f0e815694babf0a9cbfcbe":"f4a73e08515659bfe3f0e815694babf0a9cbfcbe","/local@0.0.0/random/version#0892a09604f221d580cfb0250cbf0142ffbe78e0":"0892a09604f221d580cfb0250cbf0142ffbe78e0","/local@0.0.0/random/random/next#769381a225fe432369af35b720de71432db0d568":"769381a225fe432369af35b720de71432db0d568","/local@0.0.0/random/random/seed#77b2151bab15e5f2786f86ad5f3991f77331daee":"77b2151bab15e5f2786f86ad5f3991f77331daee","/local@0.0.0/random/next_between#fde38d547d79e19eaf114e6e131ea5756ff123d3":"fde38d547d79e19eaf114e6e131ea5756ff123d3","/local@0.0.0/random/random/next_between#c4b982f752bf537221efe0db694a1be14e632379":"c4b982f752bf537221efe0db694a1be14e632379"},"annotation":{"/Users/mz/ghq/github.com/mizchi/vibe-lang/vibe/random/random.vibe#next":"next: (Int) -> (Int, Int)","/Users/mz/ghq/github.com/mizchi/vibe-lang/vibe/random/random.vibe#seed":"seed: (Int) -> Int","/Users/mz/ghq/github.com/mizchi/vibe-lang/vibe/random/random.vibe#next_between":"next_between: (Int, Int, Int) -> (Int, Int)"}}