{"path":{"./index.vibe":"d6ec19da5b8de5354924b3f356982f4c1e09ee09","./random.vibe":"16c20713e26a5c180928f309a9b1091f5608afad"},"version":{"prelude":"1ecc80c97dea82312bfee300a7c0955d056af398"},"symbol":{"std/prelude":"1ecc80c97dea82312bfee300a7c0955d056af398"},"module":{"/Users/mz/ghq/github.com/mizchi/vibe-lang/vibe/random/index.vibe#next":"73201f0d862ea40e0fb29c8ec59c1479327c4ae3","/Users/mz/ghq/github.com/mizchi/vibe-lang/vibe/random/index.vibe#seed":"ff18e654531b524d5956940c8fb6872af269fbeb","/Users/mz/ghq/github.com/mizchi/vibe-lang/vibe/random/random.vibe#next":"59e4931b5ff940044bfc8a6ecbd523ea70f1adf5","/Users/mz/ghq/github.com/mizchi/vibe-lang/vibe/random/random.vibe#seed":"9230d398edb7b00d0e007f902a4e0ebc90530337","/Users/mz/ghq/github.com/mizchi/vibe-lang/vibe/random/index.vibe#version":"0892a09604f221d580cfb0250cbf0142ffbe78e0","/Users/mz/ghq/github.com/mizchi/vibe-lang/vibe/random/index.vibe#next_between":"74f19b3a53a009c7c5366dc937f49f27290d6052","/Users/mz/ghq/github.com/mizchi/vibe-lang/vibe/random/random.vibe#next_between":"98c7d5f47e059c222a11827faa83f68d128ee9c5"},"annotation":{"/Users/mz/ghq/github.com/mizchi/vibe-lang/vibe/random/random.vibe#next":"next: (Int) -> (Int, Int)","/Users/mz/ghq/github.com/mizchi/vibe-lang/vibe/random/random.vibe#seed":"seed: (Int) -> Int","/Users/mz/ghq/github.com/mizchi/vibe-lang/vibe/random/random.vibe#next_between":"next_between: (Int, Int, Int) -> (Int, Int)"}}