{"path":{"./index.vibe":"ede98651d3d52c8a5bfd1ee4c2464f6c1719710d","./random.vibe":"196cd92f426e05ba9deea6e94c38b55a9168fc57"},"version":{"prelude":"1ecc80c97dea82312bfee300a7c0955d056af398"},"symbol":{"std/prelude":"1ecc80c97dea82312bfee300a7c0955d056af398"},"module":{"/Users/mz/ghq/github.com/mizchi/vibe-lang/vibe/random/index.vibe#next":"73201f0d862ea40e0fb29c8ec59c1479327c4ae3","/Users/mz/ghq/github.com/mizchi/vibe-lang/vibe/random/index.vibe#seed":"ff18e654531b524d5956940c8fb6872af269fbeb","/Users/mz/ghq/github.com/mizchi/vibe-lang/vibe/random/random.vibe#next":"59e4931b5ff940044bfc8a6ecbd523ea70f1adf5","/Users/mz/ghq/github.com/mizchi/vibe-lang/vibe/random/random.vibe#seed":"9230d398edb7b00d0e007f902a4e0ebc90530337","/Users/mz/ghq/github.com/mizchi/vibe-lang/vibe/random/index.vibe#version":"0892a09604f221d580cfb0250cbf0142ffbe78e0","/Users/mz/ghq/github.com/mizchi/vibe-lang/vibe/random/index.vibe#next_between":"74f19b3a53a009c7c5366dc937f49f27290d6052","/Users/mz/ghq/github.com/mizchi/vibe-lang/vibe/random/random.vibe#next_between":"9f0b5be992dda9d24a48fca525535e84196931f7"},"annotation":{}}