{"path":{"./json.vibe":"450dc615a7c788873a1e91521ec3f25a3368f9fe","./index.vibe":"2cec309a34f8d5ab7dc70a682478eed8fa46570c","./jsonrpc.vibe":"8ed73e28921872cd670e1c477cf3ffc78f7f11ea"},"version":{"prelude":"57b2e437ae8577b48b73cb5778d22f8f8a76f9ab"},"symbol":{"std/prelude":"57b2e437ae8577b48b73cb5778d22f8f8a76f9ab"},"module":{"/Users/mz/ghq/github.com/mizchi/vibe-lang/vibe/json/json.vibe#Json":"f4be18c9ae82ab487a55139a4699d7bb0a3dff6d","/Users/mz/ghq/github.com/mizchi/vibe-lang/vibe/json/index.vibe#Json":"fcd80ffe9375f86b5c5b3ba443c91e12ba34c9b6","/Users/mz/ghq/github.com/mizchi/vibe-lang/vibe/json/json.vibe#parse":"18576c723c0b35bb9d6c95061055893f625125c1","/Users/mz/ghq/github.com/mizchi/vibe-lang/vibe/json/index.vibe#RpcId":"3195f4f8991ba59ff56852acf162a8845e7db87e","/Users/mz/ghq/github.com/mizchi/vibe-lang/vibe/json/index.vibe#parse":"c9878bf2d4f174768943e4b6d157cab34d833f52","/Users/mz/ghq/github.com/mizchi/vibe-lang/vibe/json/index.vibe#version":"0892a09604f221d580cfb0250cbf0142ffbe78e0","/Users/mz/ghq/github.com/mizchi/vibe-lang/vibe/json/json.vibe#json_get":"5941803dcc985bf81166946e7f6653718becba70","/Users/mz/ghq/github.com/mizchi/vibe-lang/vibe/json/json.vibe#parse_ok":"3fb4dbaa15e93027c995dd6165f18cc556dbecfa","/Users/mz/ghq/github.com/mizchi/vibe-lang/vibe/json/jsonrpc.vibe#RpcId":"7195c68f7a21dee396d1661e9a51812f78adb5a5","/Users/mz/ghq/github.com/mizchi/vibe-lang/vibe/json/index.vibe#json_get":"7548efe086231c187686a784248dc18b8d7e34a8","/Users/mz/ghq/github.com/mizchi/vibe-lang/vibe/json/index.vibe#parse_ok":"4bf03b49a3bf874c875d70072efc7bde1cfcfcac","/Users/mz/ghq/github.com/mizchi/vibe-lang/vibe/json/json.vibe#parse_err":"f2b1ffd03c1e4560c8d40e54469014ed015cdb44","/Users/mz/ghq/github.com/mizchi/vibe-lang/vibe/json/json.vibe#stringify":"750372b371c5693b09c7540819573873a583ed3d","/Users/mz/ghq/github.com/mizchi/vibe-lang/vibe/json/index.vibe#parse_err":"8cdf8b8b1f53c6280574fcb52f5f5f9984188c81","/Users/mz/ghq/github.com/mizchi/vibe-lang/vibe/json/index.vibe#stringify":"81ad52ad138508ba37d3001c85166fe48166ed80","/Users/mz/ghq/github.com/mizchi/vibe-lang/vibe/json/index.vibe#RpcMessage":"23b137b201df8b47ad18fc449174004e0bf2c441","/Users/mz/ghq/github.com/mizchi/vibe-lang/vibe/json/json.vibe#json_as_arr":"73b6af015892ac9578f691a297d92e6ffe0aa286","/Users/mz/ghq/github.com/mizchi/vibe-lang/vibe/json/json.vibe#json_as_num":"340af8706ffe50208b1fe9e45a97bb378c022f72","/Users/mz/ghq/github.com/mizchi/vibe-lang/vibe/json/json.vibe#json_as_obj":"f0b8bf6eb49c2fb10bfdaade574f78f58db74052","/Users/mz/ghq/github.com/mizchi/vibe-lang/vibe/json/json.vibe#json_as_str":"498963e50bc65c6c60f93ba15ea15301ea48e567","/Users/mz/ghq/github.com/mizchi/vibe-lang/vibe/json/index.vibe#json_as_arr":"c75691d45b922d1ed77e8bb542d309efc16ced9b","/Users/mz/ghq/github.com/mizchi/vibe-lang/vibe/json/index.vibe#json_as_num":"d007459be15613dc96f585732f301f0011c009fd","/Users/mz/ghq/github.com/mizchi/vibe-lang/vibe/json/index.vibe#json_as_obj":"14a7bb4a1170156b771f130f79d43439e00c1a18","/Users/mz/ghq/github.com/mizchi/vibe-lang/vibe/json/index.vibe#json_as_str":"c367664164f2a875500b48682e9e834610d04a64","/Users/mz/ghq/github.com/mizchi/vibe-lang/vibe/json/json.vibe#json_as_bool":"034b411e4454be7f7365a1f05fcea08c4523ac34","/Users/mz/ghq/github.com/mizchi/vibe-lang/vibe/json/index.vibe#json_as_bool":"54b041df29015437cd8a36c8f61002d7eb6ee76c","/Users/mz/ghq/github.com/mizchi/vibe-lang/vibe/json/jsonrpc.vibe#RpcMessage":"8af92e71ee9a24da2846c1d557c63cafbca571f8","/Users/mz/ghq/github.com/mizchi/vibe-lang/vibe/json/index.vibe#parse_message":"80514cf98569b5b9a8bcd63d9832d1a33055455a","/Users/mz/ghq/github.com/mizchi/vibe-lang/vibe/json/index.vibe#stringify_error":"6a3c7ed2f0cbbdce4a080ad824ad7fbe0d8c3b8f","/Users/mz/ghq/github.com/mizchi/vibe-lang/vibe/json/jsonrpc.vibe#parse_message":"76d0735c44b4dbbf5aedd2faa739e35c3f9bf44c","/Users/mz/ghq/github.com/mizchi/vibe-lang/vibe/json/index.vibe#stringify_request":"aca45b569cad62a546ee868bd925c97f1b69bb84","/Users/mz/ghq/github.com/mizchi/vibe-lang/vibe/json/jsonrpc.vibe#stringify_error":"078c5cb748c27f6deede7a5ca0c4a2f5c8baabf3","/Users/mz/ghq/github.com/mizchi/vibe-lang/vibe/json/index.vibe#stringify_response":"a79ee6f80db58dfca41f29e772e78e544a8927e3","/Users/mz/ghq/github.com/mizchi/vibe-lang/vibe/json/jsonrpc.vibe#stringify_request":"dcc00b5773fe411865b20cbc4bbc877d8bfab849","/Users/mz/ghq/github.com/mizchi/vibe-lang/vibe/json/jsonrpc.vibe#stringify_response":"4105b62915c44ae714e1c6bf5a2ee2167d38900e","/Users/mz/ghq/github.com/mizchi/vibe-lang/vibe/json/index.vibe#stringify_notification":"f30ec1421165e6436da24f817b3eda1c73c39b80","/Users/mz/ghq/github.com/mizchi/vibe-lang/vibe/json/jsonrpc.vibe#stringify_notification":"bcdb4cdcc27250da96ede80a5b6fbc81f931eec8"},"annotation":{"/Users/mz/ghq/github.com/mizchi/vibe-lang/vibe/json/json.vibe#parse":"parse: (String) -> (, Int) with {Error}","/Users/mz/ghq/github.com/mizchi/vibe-lang/vibe/json/json.vibe#json_get":"json_get: (, String) ->  with {Error}","/Users/mz/ghq/github.com/mizchi/vibe-lang/vibe/json/json.vibe#json_as_arr":"json_as_arr: () -> Array[] with {Error}","/Users/mz/ghq/github.com/mizchi/vibe-lang/vibe/json/json.vibe#json_as_num":"json_as_num: () -> Double with {Error}","/Users/mz/ghq/github.com/mizchi/vibe-lang/vibe/json/json.vibe#json_as_obj":"json_as_obj: () -> Map[] with {Error}","/Users/mz/ghq/github.com/mizchi/vibe-lang/vibe/json/json.vibe#json_as_str":"json_as_str: () -> String with {Error}","/Users/mz/ghq/github.com/mizchi/vibe-lang/vibe/json/json.vibe#json_as_bool":"json_as_bool: () -> Bool with {Error}"}}
