{"path":{"./index.vibe":"a17cdc933fb3c19fdbdc2f65a7790d1cdfbec5ae","./process.vibe":"4acc4496c5470d361ea780e362501c5c0fac1e03","./index_import_test.vibe":"0818addea296e90ad06d4b60de5ae8f7878e6caf"},"version":{"prelude":"1ecc80c97dea82312bfee300a7c0955d056af398"},"symbol":{"std/prelude":"1ecc80c97dea82312bfee300a7c0955d056af398"},"module":{"/local@0.0.0/process/run#cf5cc998a8cad061c0f42a21eebb7f4478bd68dd":"cf5cc998a8cad061c0f42a21eebb7f4478bd68dd","/local@0.0.0/process/version#0892a09604f221d580cfb0250cbf0142ffbe78e0":"0892a09604f221d580cfb0250cbf0142ffbe78e0","/local@0.0.0/process/run_line#cf36afc7907ffd196baee6c046b5e4e0146cc616":"cf36afc7907ffd196baee6c046b5e4e0146cc616","/local@0.0.0/process/run_text#03ab706e24d8f0246e7123c28f564f58629df53c":"03ab706e24d8f0246e7123c28f564f58629df53c","/local@0.0.0/process/run_lines#70ffd15f02678420e71c3ce39fdfd55cc6bf5362":"70ffd15f02678420e71c3ce39fdfd55cc6bf5362","/local@0.0.0/process/process/run#dfadb7eeaf3a6576f8dbf7fa51e4b59574042efe":"dfadb7eeaf3a6576f8dbf7fa51e4b59574042efe","/local@0.0.0/process/process_run#7076ac6f70c7fa490a924831d74b771b49a4ae87":"7076ac6f70c7fa490a924831d74b771b49a4ae87","/local@0.0.0/process/process/run_line#29ab3ffd6162675a8c3248eba1b3ca0972ed626c":"29ab3ffd6162675a8c3248eba1b3ca0972ed626c","/local@0.0.0/process/process/run_text#75b515989115afe4a5878c2bcdf881bbdcabc6e5":"75b515989115afe4a5878c2bcdf881bbdcabc6e5","/local@0.0.0/process/process_run_line#d858269c6f62fd01b6850e88e2a9f8beac3f1f96":"d858269c6f62fd01b6850e88e2a9f8beac3f1f96","/local@0.0.0/process/process_run_text#5d5dd9e0afcacd6f852c791335a0c7ab3b0513f1":"5d5dd9e0afcacd6f852c791335a0c7ab3b0513f1","/local@0.0.0/process/process/run_lines#d345fda4fbdf71b3f8410fa7d7dd473485c30ea9":"d345fda4fbdf71b3f8410fa7d7dd473485c30ea9","/local@0.0.0/process/process_run_lines#e217f9812415ea12c2fb98ba06503e63ad1d0b0c":"e217f9812415ea12c2fb98ba06503e63ad1d0b0c"},"annotation":{"/Users/mz/ghq/github.com/mizchi/vibe-lang/vibe/process/process.vibe#run":"run: (String) -> Unit with {Process}","/Users/mz/ghq/github.com/mizchi/vibe-lang/vibe/process/process.vibe#run_line":"run_line: (String) -> String with {Process}","/Users/mz/ghq/github.com/mizchi/vibe-lang/vibe/process/process.vibe#run_text":"run_text: (String) -> String with {Process}","/Users/mz/ghq/github.com/mizchi/vibe-lang/vibe/process/index.vibe#process_run":"Canonical collision-safe aliases","/Users/mz/ghq/github.com/mizchi/vibe-lang/vibe/process/process.vibe#run_lines":"run_lines: (String) -> Array[String] with {Process}"}}