{"path":{"./index.vibe":"418eaaf8e47b2e31b5748f61423b0fbac3b4b51c","./process.vibe":"9d37842109973e274ebb6f98c1a8e896c5d68159","./index_import_test.vibe":"15c09ab297216438bcf04d2a801e71ba8b01f892"},"version":{"prelude":"1ecc80c97dea82312bfee300a7c0955d056af398"},"symbol":{"std/prelude":"1ecc80c97dea82312bfee300a7c0955d056af398"},"module":{"/Users/mz/ghq/github.com/mizchi/vibe-lang/vibe/process/index.vibe#run":"2f368c5f9e6fa48fab320ecf6b7ba702d658b334","/Users/mz/ghq/github.com/mizchi/vibe-lang/vibe/process/process.vibe#run":"011e006fac929446ba0c6529f47a9ab39ff8ab91","/Users/mz/ghq/github.com/mizchi/vibe-lang/vibe/process/index.vibe#version":"0892a09604f221d580cfb0250cbf0142ffbe78e0","/Users/mz/ghq/github.com/mizchi/vibe-lang/vibe/process/index.vibe#run_line":"2c85d219c8d800357656100122c6f5ab581dbb33","/Users/mz/ghq/github.com/mizchi/vibe-lang/vibe/process/index.vibe#run_text":"79fb04aea4753ffd8aa7054cf86ad02b74f289e1","/Users/mz/ghq/github.com/mizchi/vibe-lang/vibe/process/index.vibe#run_lines":"84853dd281986d77c6c79af0ef24b36534ed4741","/Users/mz/ghq/github.com/mizchi/vibe-lang/vibe/process/process.vibe#run_line":"f9eca4188f1162f442d997b2081e51c56aafcbd2","/Users/mz/ghq/github.com/mizchi/vibe-lang/vibe/process/process.vibe#run_text":"9c1de727a2d61987ba38f32f5e3720b832a8667b","/Users/mz/ghq/github.com/mizchi/vibe-lang/vibe/process/process.vibe#run_lines":"3dd5ffa4eb97ebafc76961425c6c4b21b93a3411"},"annotation":{}}