{"path":{"./index.vibe":"418eaaf8e47b2e31b5748f61423b0fbac3b4b51c","./process.vibe":"4eb4f745f8541ccb55737f8e872d35105a8b86ba"},"version":{"prelude":"1ecc80c97dea82312bfee300a7c0955d056af398"},"symbol":{"std/prelude":"1ecc80c97dea82312bfee300a7c0955d056af398"},"module":{"/Users/mz/ghq/github.com/mizchi/vibe-lang/vibe/process/index.vibe#run":"2f368c5f9e6fa48fab320ecf6b7ba702d658b334","/Users/mz/ghq/github.com/mizchi/vibe-lang/vibe/process/process.vibe#run":"a3dc80cc0e81228a7067068ea57bc3fa60be2cb9","/Users/mz/ghq/github.com/mizchi/vibe-lang/vibe/process/index.vibe#version":"0892a09604f221d580cfb0250cbf0142ffbe78e0","/Users/mz/ghq/github.com/mizchi/vibe-lang/vibe/process/index.vibe#run_line":"2c85d219c8d800357656100122c6f5ab581dbb33","/Users/mz/ghq/github.com/mizchi/vibe-lang/vibe/process/index.vibe#run_text":"79fb04aea4753ffd8aa7054cf86ad02b74f289e1","/Users/mz/ghq/github.com/mizchi/vibe-lang/vibe/process/index.vibe#run_lines":"84853dd281986d77c6c79af0ef24b36534ed4741","/Users/mz/ghq/github.com/mizchi/vibe-lang/vibe/process/process.vibe#run_line":"d8fa9afcd95b983b05a845774d1643933990ab8b","/Users/mz/ghq/github.com/mizchi/vibe-lang/vibe/process/process.vibe#run_text":"6de137d2d6ce31a71f859258eb28456190635658","/Users/mz/ghq/github.com/mizchi/vibe-lang/vibe/process/process.vibe#run_lines":"02d406163fea4cf2ddaa2c6c9c4b4f81dd1eb307"},"annotation":{"/Users/mz/ghq/github.com/mizchi/vibe-lang/vibe/process/process.vibe#run":"run: (String) -> Unit with {Process}","/Users/mz/ghq/github.com/mizchi/vibe-lang/vibe/process/process.vibe#run_line":"run_line: (String) -> String with {Process}","/Users/mz/ghq/github.com/mizchi/vibe-lang/vibe/process/process.vibe#run_text":"run_text: (String) -> String with {Process}","/Users/mz/ghq/github.com/mizchi/vibe-lang/vibe/process/process.vibe#run_lines":"run_lines: (String) -> Array[String] with {Process}"}}