{"path":{"./ref.vibe":"913d9a9dcfbd9cdb5f17047df5a7c6fe97b037f1","./index.vibe":"75d928cb0ceb52958f8dadd9864a782415a02b25","./runtime.vibe":"b54dedded73b1b5ffb27975850157cd9564c78e6"},"version":{"prelude":"57b2e437ae8577b48b73cb5778d22f8f8a76f9ab"},"symbol":{"std/prelude":"57b2e437ae8577b48b73cb5778d22f8f8a76f9ab"},"module":{"/Users/mz/ghq/github.com/mizchi/vibe-lang/vibe/prelude/path/ref.vibe#PathRef":"093c184a21fef051ee6b613231bbc65fe084a3c3","/Users/mz/ghq/github.com/mizchi/vibe-lang/vibe/prelude/path/ref.vibe#dynamic":"aa48c35da5eae9c5c52530980a3f1581c67c05a1","/Users/mz/ghq/github.com/mizchi/vibe-lang/vibe/prelude/path/index.vibe#PathRef":"1403d8ed9e2cb1d8380df05a061643d02efe1b1a","/Users/mz/ghq/github.com/mizchi/vibe-lang/vibe/prelude/path/index.vibe#dynamic":"8efd7927f78f75cb4ae1d3dc6821bf9c8c63e294","/Users/mz/ghq/github.com/mizchi/vibe-lang/vibe/prelude/path/index.vibe#resolve":"390a5acd48a2dfbd7a9d8e86e74b00b58c20ce30","/Users/mz/ghq/github.com/mizchi/vibe-lang/vibe/prelude/path/index.vibe#version":"0892a09604f221d580cfb0250cbf0142ffbe78e0","/Users/mz/ghq/github.com/mizchi/vibe-lang/vibe/prelude/path/ref.vibe#DynamicPath":"0d622f2acf53288e99b7c3f2f1d19cdbd9a8d151","/Users/mz/ghq/github.com/mizchi/vibe-lang/vibe/prelude/path/runtime.vibe#resolve":"4aeeb8c66b374dbd8cf9a105239de8a83073c13f","/Users/mz/ghq/github.com/mizchi/vibe-lang/vibe/prelude/path/ref.vibe#from_literal":"d38f4b4a35ae6fdd00317645d17149bbfee28e93","/Users/mz/ghq/github.com/mizchi/vibe-lang/vibe/prelude/path/index.vibe#DynamicPath":"ba6631047168ab9e7a6ad1de0e9766927f8286ba","/Users/mz/ghq/github.com/mizchi/vibe-lang/vibe/prelude/path/index.vibe#from_literal":"4c9e0798be85929f1ed1a1fc8dad337f63ddf35f","/Users/mz/ghq/github.com/mizchi/vibe-lang/vibe/prelude/path/ref.vibe#PathRef::as_string":"87ef968a5a4a52f7295a41f82342261da5247b84","/Users/mz/ghq/github.com/mizchi/vibe-lang/vibe/prelude/path/ref.vibe#path_ref_as_string":"3a485e86b6e79fa9def4bc5b2e3fdbd7929cd25b","/Users/mz/ghq/github.com/mizchi/vibe-lang/vibe/prelude/path/index.vibe#PathRef::as_string":"9dbb4ccbc5049f1f8e84f0af6517d3fe98fbbc12","/Users/mz/ghq/github.com/mizchi/vibe-lang/vibe/prelude/path/ref.vibe#PathRef::is_absolute":"806f6314d0fad6a5eee23efc7227e9b7ae04c069","/Users/mz/ghq/github.com/mizchi/vibe-lang/vibe/prelude/path/ref.vibe#path_ref_is_absolute":"425838aff8609ac3631435ffe006aee55dffd782","/Users/mz/ghq/github.com/mizchi/vibe-lang/vibe/prelude/path/index.vibe#DynamicPath::resolve":"13aa9c6ba347a11c92ace346b23da97f94c56b52","/Users/mz/ghq/github.com/mizchi/vibe-lang/vibe/prelude/path/index.vibe#PathRef::is_absolute":"bfbb347c773741fe9b75334cf1ecd5e07b26b0a3","/Users/mz/ghq/github.com/mizchi/vibe-lang/vibe/prelude/path/ref.vibe#DynamicPath::as_string":"839bc62fc17d31f2029759d8e0efe3bdf4e58eef","/Users/mz/ghq/github.com/mizchi/vibe-lang/vibe/prelude/path/ref.vibe#dynamic_path_as_string":"77c0d3584c8572ea53ba2c3870500b36049f13d3","/Users/mz/ghq/github.com/mizchi/vibe-lang/vibe/prelude/path/index.vibe#DynamicPath::as_string":"5f8bca97fe92f33b862ae160cb8b5ed0dc1034e4","/Users/mz/ghq/github.com/mizchi/vibe-lang/vibe/prelude/path/runtime.vibe#DynamicPath::resolve":"65a3c1c323b88c456b83888aa7799948a9c3bfda"},"annotation":{}}