{"path":{"./spec.vibe":"ffeb2cccfb47588f57470f6fb5138c1eefc06c36","./runtime.vibe":"80426c82db8d3f9fe291ee443538ba8beefddd8c"},"version":{"prelude":"cab9ca6d5c88e8852b5b901f7e76da8ad306765e"},"symbol":{"std/prelude":"cab9ca6d5c88e8852b5b901f7e76da8ad306765e"},"module":{"/Users/mz/ghq/github.com/mizchi/xsh/xsh/std/threads/runtime.vibe#recv":"8ca741f15ea05a672a02d477c3172c9a26d714b9","/Users/mz/ghq/github.com/mizchi/xsh/xsh/std/threads/runtime.vibe#send":"40d8e828a087265bb875ff3405cf30ccd346a60d","/Users/mz/ghq/github.com/mizchi/xsh/xsh/std/threads/runtime.vibe#wait":"86186391fe3d4f989c71218a1b3b1c254c2ce061","/Users/mz/ghq/github.com/mizchi/xsh/xsh/std/threads/runtime.vibe#spawn":"95c29c5bdfde8b86210e70073ec37c1a05b9e8ca","/Users/mz/ghq/github.com/mizchi/xsh/xsh/std/threads/spec.vibe#task_spec":"f0b94f8b21cf5a9f580941a7cfde42324b5dcb19","/Users/mz/ghq/github.com/mizchi/xsh/vibe/std/threads/spec.vibe#task_spec":"f0b94f8b21cf5a9f580941a7cfde42324b5dcb19","/Users/mz/ghq/github.com/mizchi/xsh/xsh/std/threads/spec.vibe#actor_spec":"f9dfac06e49bf859aab87c454b7a803eb169514b","/Users/mz/ghq/github.com/mizchi/xsh/vibe/std/threads/spec.vibe#actor_spec":"f9dfac06e49bf859aab87c454b7a803eb169514b","/Users/mz/ghq/github.com/mizchi/xsh/xsh/std/threads/runtime.vibe#probe_wat":"4b115c03ab9b3aa2039a119ef497ce733f42c1e7","/Users/mz/ghq/github.com/mizchi/xsh/xsh/std/threads/spec.vibe#channel_spec":"393eabae3f5463b5b8aa820adcb705f01e64ef59","/Users/mz/ghq/github.com/mizchi/xsh/vibe/std/threads/spec.vibe#channel_spec":"393eabae3f5463b5b8aa820adcb705f01e64ef59","/Users/mz/ghq/github.com/mizchi/vibe-lang/vibe/std/threads/runtime.vibe#recv":"8ca741f15ea05a672a02d477c3172c9a26d714b9","/Users/mz/ghq/github.com/mizchi/vibe-lang/vibe/std/threads/runtime.vibe#send":"40d8e828a087265bb875ff3405cf30ccd346a60d","/Users/mz/ghq/github.com/mizchi/vibe-lang/vibe/std/threads/runtime.vibe#wait":"86186391fe3d4f989c71218a1b3b1c254c2ce061","/Users/mz/ghq/github.com/mizchi/xsh/xsh/std/threads/runtime.vibe#channel_new":"94347e823ec65f37105c88b56bf382c141975bf6","/Users/mz/ghq/github.com/mizchi/vibe-lang/vibe/std/threads/runtime.vibe#spawn":"95c29c5bdfde8b86210e70073ec37c1a05b9e8ca","/Users/mz/ghq/github.com/mizchi/xsh/xsh/std/threads/spec.vibe#deployment_plan":"057e9beba8e78a005fac74cd97ee3eaa0d3c16d1","/Users/mz/ghq/github.com/mizchi/vibe-lang/vibe/std/threads/spec.vibe#task_spec":"f0b94f8b21cf5a9f580941a7cfde42324b5dcb19","/Users/mz/ghq/github.com/mizchi/xsh/vibe/std/threads/spec.vibe#deployment_plan":"057e9beba8e78a005fac74cd97ee3eaa0d3c16d1","/Users/mz/ghq/github.com/mizchi/xsh/xsh/std/threads/runtime.vibe#runtime_hints":"5a7b27c63f93f1fcef804b1b726910a4e2721e5f","/Users/mz/ghq/github.com/mizchi/vibe-lang/vibe/std/threads/spec.vibe#actor_spec":"f9dfac06e49bf859aab87c454b7a803eb169514b","/Users/mz/ghq/github.com/mizchi/vibe-lang/vibe/std/threads/runtime.vibe#probe_wat":"4b115c03ab9b3aa2039a119ef497ce733f42c1e7","/Users/mz/ghq/github.com/mizchi/vibe-lang/vibe/std/threads/spec.vibe#channel_spec":"393eabae3f5463b5b8aa820adcb705f01e64ef59","/Users/mz/ghq/github.com/mizchi/xsh/xsh/std/threads/spec.vibe#recommended_wasi_env":"458b759a1661c88198f84d94baea32f070ac9043","/Users/mz/ghq/github.com/mizchi/xsh/xsh/std/threads/spec.vibe#recommended_wasm_env":"81cb55cae80e0dd44849365b773feeafddf82e01","/Users/mz/ghq/github.com/mizchi/vibe-lang/vibe/std/threads/runtime.vibe#channel_new":"94347e823ec65f37105c88b56bf382c141975bf6","/Users/mz/ghq/github.com/mizchi/xsh/vibe/std/threads/spec.vibe#recommended_wasi_env":"458b759a1661c88198f84d94baea32f070ac9043","/Users/mz/ghq/github.com/mizchi/xsh/vibe/std/threads/spec.vibe#recommended_wasm_env":"81cb55cae80e0dd44849365b773feeafddf82e01","/Users/mz/ghq/github.com/mizchi/vibe-lang/vibe/std/threads/spec.vibe#deployment_plan":"057e9beba8e78a005fac74cd97ee3eaa0d3c16d1","/Users/mz/ghq/github.com/mizchi/xsh/xsh/std/threads/spec.vibe#recommended_wasi_flags":"4e678136cc6dc20ed3b5632be004e6c70d469e4e","/Users/mz/ghq/github.com/mizchi/xsh/xsh/std/threads/spec.vibe#recommended_wasm_flags":"5566195ff6006f2a55cff267c07bed7a91527500","/Users/mz/ghq/github.com/mizchi/vibe-lang/vibe/std/threads/runtime.vibe#runtime_hints":"5a7b27c63f93f1fcef804b1b726910a4e2721e5f","/Users/mz/ghq/github.com/mizchi/xsh/vibe/std/threads/spec.vibe#recommended_wasi_flags":"4e678136cc6dc20ed3b5632be004e6c70d469e4e","/Users/mz/ghq/github.com/mizchi/xsh/vibe/std/threads/spec.vibe#recommended_wasm_flags":"5566195ff6006f2a55cff267c07bed7a91527500","/Users/mz/ghq/github.com/mizchi/vibe-lang/vibe/std/threads/spec.vibe#recommended_wasi_env":"458b759a1661c88198f84d94baea32f070ac9043","/Users/mz/ghq/github.com/mizchi/vibe-lang/vibe/std/threads/spec.vibe#recommended_wasm_env":"81cb55cae80e0dd44849365b773feeafddf82e01","/Users/mz/ghq/github.com/mizchi/vibe-lang/vibe/std/threads/spec.vibe#recommended_wasi_flags":"4e678136cc6dc20ed3b5632be004e6c70d469e4e","/Users/mz/ghq/github.com/mizchi/vibe-lang/vibe/std/threads/spec.vibe#recommended_wasm_flags":"5566195ff6006f2a55cff267c07bed7a91527500"},"annotation":{}}
