{"path":{"./demo.vibe":"22b9134cd1cc90108cbcc1b11717164b0e844085","./parser.vibe":"473017ad4198f8f0d04cf618cb0d8317d253bd41","./demo_test.vibe":"51506e4659fa44cd5f3a28c252e8df80c491b31f","./parser_test.vibe":"83459ddc46c9acba71f42d2cacb1a618a032db2d","./parser_import_test.vibe":"5751a97ecc71d4b61010da2d08d8fd7a4cd3b257"},"version":{"prelude":"cab9ca6d5c88e8852b5b901f7e76da8ad306765e"},"symbol":{"std/prelude":"cab9ca6d5c88e8852b5b901f7e76da8ad306765e"},"module":{"/Users/mz/ghq/github.com/mizchi/vibe-lang/vibe/x/args/parser.vibe#ArgList":"5c46d17fdccf5a711941612bf72b7baf89fb7fc1","/Users/mz/ghq/github.com/mizchi/vibe-lang/vibe/x/args/demo.vibe#demo_parse":"135046502915bef3cbfd638cd3400e850d8defd1","/Users/mz/ghq/github.com/mizchi/vibe-lang/vibe/x/args/parser.vibe#ArgToken":"d4b17cbb6cf393fc1d5715a7f0505436763418e3","/Users/mz/ghq/github.com/mizchi/vibe-lang/vibe/x/args/parser.vibe#parse_args":"79c84216ccc6a51ca3e3c66c5873acfd50218d7c","/Users/mz/ghq/github.com/mizchi/vibe-lang/vibe/x/args/parser.vibe#ParseResult":"e3d3bf480dbd6d4edeb853ea7bac5eb953b30a1c"},"annotation":{}}