{"path":{"./types_test.xsh":"ff879f24ce57b733ec969a86f817a04dff64a3a4","./types.xsh":"f787de11367e17b9fe8586c5fdc24bda8a2bf40f","./opcodes_test.xsh":"ff0454a2a73a23a9634335aa22c6727b3e88c042","./opcodes.xsh":"86b5178aa36a5b820858e52c3827da91d4979de7","./io_stream_test.xsh":"4aa9635f2f4d663ba922097d5c547421cd3ce172","./io_stream.xsh":"c6596490bdda1c93a2f9cdda149947b8bd7730a3"},"version":{},"symbol":{}}