{"path":{"./index.vibe":"fad87cc9d36807a526a5b9cec28cfca759652389","./leb128.vibe":"343da530183b9eda68d9292e7d59603fb08dd66f"},"version":{"prelude":"57b2e437ae8577b48b73cb5778d22f8f8a76f9ab"},"symbol":{"std/prelude":"57b2e437ae8577b48b73cb5778d22f8f8a76f9ab"},"module":{"/local@0.1.0/index/version#0892a09604f221d580cfb0250cbf0142ffbe78e0":"0892a09604f221d580cfb0250cbf0142ffbe78e0","/local@0.1.0/index/read_sleb128#778bdb5b814caedf32da2a69ed759fa2a0837105":"778bdb5b814caedf32da2a69ed759fa2a0837105","/local@0.1.0/index/read_uleb128#4f375344ef7b0fcde2ac0fa310eb06d967f77a69":"4f375344ef7b0fcde2ac0fa310eb06d967f77a69","/local@0.1.0/index/sleb128_size#d68781a49475a2b9418d6cfe6043f28d475a5db6":"d68781a49475a2b9418d6cfe6043f28d475a5db6","/local@0.1.0/index/uleb128_size#608a2aa6dc4e414408546c6795737aece754d2dc":"608a2aa6dc4e414408546c6795737aece754d2dc","/local@0.1.0/index/write_sleb128#67a852da98d7097edab1428db1ad04e2d31fcc31":"67a852da98d7097edab1428db1ad04e2d31fcc31","/local@0.1.0/index/write_uleb128#b7c9f66966ca4b6a6ced5ac19dee9b4c4abd112d":"b7c9f66966ca4b6a6ced5ac19dee9b4c4abd112d","/local@0.1.0/leb128/read_sleb128#17f65545e229b2028d3f22c4957364f741297e46":"17f65545e229b2028d3f22c4957364f741297e46","/local@0.1.0/leb128/read_uleb128#1f7d0b8e4d08fd6850420114d28e6aca8195220e":"1f7d0b8e4d08fd6850420114d28e6aca8195220e","/local@0.1.0/leb128/sleb128_size#3403bb2c1ba0db163d9c7b6e6d1c5f86f06fac54":"3403bb2c1ba0db163d9c7b6e6d1c5f86f06fac54","/local@0.1.0/leb128/uleb128_size#ebab6488462b746959a6cd584d9b727492b7383e":"ebab6488462b746959a6cd584d9b727492b7383e","/local@0.1.0/index/encode_sleb128#31b590603bfcb546a0e8f67f4d28609ead329805":"31b590603bfcb546a0e8f67f4d28609ead329805","/local@0.1.0/index/encode_uleb128#51a85a6a747239ae1e8ed5dd9c1953357e10384e":"51a85a6a747239ae1e8ed5dd9c1953357e10384e","/local@0.1.0/leb128/write_sleb128#1a356191966d1a8e83804dabe5d33fc3f8272000":"1a356191966d1a8e83804dabe5d33fc3f8272000","/local@0.1.0/leb128/write_uleb128#3a59ad59237f8365b2058c677365cb6fa6fde98b":"3a59ad59237f8365b2058c677365cb6fa6fde98b","/local@0.1.0/leb128/encode_sleb128#68460f89575dce53f3c1d2dde500284cab945ed6":"68460f89575dce53f3c1d2dde500284cab945ed6","/local@0.1.0/leb128/encode_uleb128#e9023bb3a9fe5d089e3201608229dbc370e04319":"e9023bb3a9fe5d089e3201608229dbc370e04319"},"annotation":{}}