{"path":{"./index.vibe":"fad87cc9d36807a526a5b9cec28cfca759652389","./leb128.vibe":"8f88b9a78d66185cd7799302fc6b6e99dffb1fd5"},"version":{"prelude":"57b2e437ae8577b48b73cb5778d22f8f8a76f9ab"},"symbol":{"std/prelude":"57b2e437ae8577b48b73cb5778d22f8f8a76f9ab"},"module":{"/local@0.0.0/leb128/version#0892a09604f221d580cfb0250cbf0142ffbe78e0":"0892a09604f221d580cfb0250cbf0142ffbe78e0","/local@0.0.0/leb128/read_sleb128#778bdb5b814caedf32da2a69ed759fa2a0837105":"778bdb5b814caedf32da2a69ed759fa2a0837105","/local@0.0.0/leb128/read_uleb128#4f375344ef7b0fcde2ac0fa310eb06d967f77a69":"4f375344ef7b0fcde2ac0fa310eb06d967f77a69","/local@0.0.0/leb128/sleb128_size#d68781a49475a2b9418d6cfe6043f28d475a5db6":"d68781a49475a2b9418d6cfe6043f28d475a5db6","/local@0.0.0/leb128/uleb128_size#608a2aa6dc4e414408546c6795737aece754d2dc":"608a2aa6dc4e414408546c6795737aece754d2dc","/local@0.0.0/leb128/write_sleb128#67a852da98d7097edab1428db1ad04e2d31fcc31":"67a852da98d7097edab1428db1ad04e2d31fcc31","/local@0.0.0/leb128/write_uleb128#b7c9f66966ca4b6a6ced5ac19dee9b4c4abd112d":"b7c9f66966ca4b6a6ced5ac19dee9b4c4abd112d","/local@0.0.0/leb128/encode_sleb128#31b590603bfcb546a0e8f67f4d28609ead329805":"31b590603bfcb546a0e8f67f4d28609ead329805","/local@0.0.0/leb128/encode_uleb128#51a85a6a747239ae1e8ed5dd9c1953357e10384e":"51a85a6a747239ae1e8ed5dd9c1953357e10384e","/local@0.0.0/leb128/leb128/read_sleb128#495a00b604b6f6773a04d0944410e8e2ffbc36af":"495a00b604b6f6773a04d0944410e8e2ffbc36af","/local@0.0.0/leb128/leb128/read_uleb128#096cadf27febd0a1aa69438c0c76f172a844047e":"096cadf27febd0a1aa69438c0c76f172a844047e","/local@0.0.0/leb128/leb128/sleb128_size#bb82e585087a11f6c7842eb03e177a8e8fe41781":"bb82e585087a11f6c7842eb03e177a8e8fe41781","/local@0.0.0/leb128/leb128/uleb128_size#035cd18c78c248f61b1d2135e7196aba1ab41d6d":"035cd18c78c248f61b1d2135e7196aba1ab41d6d","/local@0.0.0/leb128/leb128/write_sleb128#c4bd9a9ec0f53c09c3e7837e6999ac583506a7bb":"c4bd9a9ec0f53c09c3e7837e6999ac583506a7bb","/local@0.0.0/leb128/leb128/write_uleb128#5bf96c3b48f640d99352f8ec0ead25b968c4f43c":"5bf96c3b48f640d99352f8ec0ead25b968c4f43c","/local@0.0.0/leb128/leb128/encode_sleb128#88370c65127a653a418081733269abc2e5a3b05e":"88370c65127a653a418081733269abc2e5a3b05e","/local@0.0.0/leb128/leb128/encode_uleb128#42a624b242ea21486b5e7d4e8adcfcebd6ec93ac":"42a624b242ea21486b5e7d4e8adcfcebd6ec93ac"},"annotation":{}}