{"path":{"./http.vibe":"540f2ae3ff103621b1ec9e2c17ca24e7b95d3340","./index.vibe":"0232ef44a5e41ddb3db1a212238c3c00a1f76157","./high_level.vibe":"29730a0cda6b0f7deae787ce4f61b07a6163662e"},"version":{"prelude":"57b2e437ae8577b48b73cb5778d22f8f8a76f9ab"},"symbol":{"std/prelude":"57b2e437ae8577b48b73cb5778d22f8f8a76f9ab"},"module":{"/local@0.0.0/http/close#c73903c5bebfab964881cf6941171c297cc31db4":"c73903c5bebfab964881cf6941171c297cc31db4","/local@0.0.0/http/accept#aec9895cb93dc2703b274e569eed45d9c99bae5c":"aec9895cb93dc2703b274e569eed45d9c99bae5c","/local@0.0.0/http/listen#08afd970b0c5de422cac61fdbd185ea8e3c6dd7d":"08afd970b0c5de422cac61fdbd185ea8e3c6dd7d","/local@0.0.0/http/request#e509c6e3b6026921df2d3479f0a7411d3d3bac93":"e509c6e3b6026921df2d3479f0a7411d3d3bac93","/local@0.0.0/http/respond#7ef9b9bd01b9d0afd419e09bb309657db0fdf009":"7ef9b9bd01b9d0afd419e09bb309657db0fdf009","/local@0.0.0/http/version#0892a09604f221d580cfb0250cbf0142ffbe78e0":"0892a09604f221d580cfb0250cbf0142ffbe78e0","/local@0.0.0/http/status_ok#37fac8c870b374212ff47223e47c9c40ee8edfd3":"37fac8c870b374212ff47223e47c9c40ee8edfd3","/local@0.0.0/http/http/close#c2321ac1c3bc2ddca7d9cf1a92956c2e4672fa86":"c2321ac1c3bc2ddca7d9cf1a92956c2e4672fa86","/local@0.0.0/http/http_close#1598abc0fd03d4a3a158ca9a934f43ebc0b7a6d1":"1598abc0fd03d4a3a158ca9a934f43ebc0b7a6d1","/local@0.0.0/http/HttpRequest#68f8a806bebcbc39c27f704960570ca3c3f57cc0":"68f8a806bebcbc39c27f704960570ca3c3f57cc0","/local@0.0.0/http/headers_get#b39a2c5347178a8a9d6bd44155480c2ceae88d17":"b39a2c5347178a8a9d6bd44155480c2ceae88d17","/local@0.0.0/http/headers_set#501c3ec799acab36dfbd59e55d394161aa40b883":"501c3ec799acab36dfbd59e55d394161aa40b883","/local@0.0.0/http/http/accept#937740930bb04500c0963bdc18903ec177701d55":"937740930bb04500c0963bdc18903ec177701d55","/local@0.0.0/http/http/listen#0410236359591f34eb02878315e46543de2362a8":"0410236359591f34eb02878315e46543de2362a8","/local@0.0.0/http/http_accept#fc19777dc54734755437194caa8a5f4be40182b2":"fc19777dc54734755437194caa8a5f4be40182b2","/local@0.0.0/http/http_listen#ab1725626f1a045db16b832763a1c8913063f709":"ab1725626f1a045db16b832763a1c8913063f709","/local@0.0.0/http/request_url#647d0a236c6e16a31e0bf7a1be873efb3576ef9c":"647d0a236c6e16a31e0bf7a1be873efb3576ef9c","/local@0.0.0/http/HttpResponse#9e9a02665d3b78d8afa0c8a8ba4af6535a190737":"9e9a02665d3b78d8afa0c8a8ba4af6535a190737","/local@0.0.0/http/http/request#7b6bbc5f376711e846c57f728e58d41ebe6b712b":"7b6bbc5f376711e846c57f728e58d41ebe6b712b","/local@0.0.0/http/http/respond#0916ebe2deb521eb19284d84ff55f312a73d9cff":"0916ebe2deb521eb19284d84ff55f312a73d9cff","/local@0.0.0/http/http_request#079bcb37f314f10ba57efee76d7566ceb1f20656":"079bcb37f314f10ba57efee76d7566ceb1f20656","/local@0.0.0/http/http_respond#a8a3a517734da5361b602220dcdff8bca0c66d82":"a8a3a517734da5361b602220dcdff8bca0c66d82","/local@0.0.0/http/make_request#b7944d290934f8ca7115a3332e42ae3ab53fbbaf":"b7944d290934f8ca7115a3332e42ae3ab53fbbaf","/local@0.0.0/http/request_body#543d9516800c89d511a9e2b27aaf1067045a2019":"543d9516800c89d511a9e2b27aaf1067045a2019","/local@0.0.0/http/request_with#0d2bd8c91e56bad9db792885a314a3b4e2356bdd":"0d2bd8c91e56bad9db792885a314a3b4e2356bdd","/local@0.0.0/http/respond_with#301ec689c9392c5d88767e53bfc5b2e64c7ba582":"301ec689c9392c5d88767e53bfc5b2e64c7ba582","/local@0.0.0/http/headers_empty#3b03b488b3ed9f0bfee855c45a0f24333125ddbd":"3b03b488b3ed9f0bfee855c45a0f24333125ddbd","/local@0.0.0/http/make_response#77ef7a88048272799e9540b53aa3490128993159":"77ef7a88048272799e9540b53aa3490128993159","/local@0.0.0/http/response_body#77f3d83465f4eabed913233b44fa45e289b7a15f":"77f3d83465f4eabed913233b44fa45e289b7a15f","/local@0.0.0/http/headers_get_or#fb021cb944503ede2a12e50811db7b592076a728":"fb021cb944503ede2a12e50811db7b592076a728","/local@0.0.0/http/request_header#671cd686c810ec45f3cc01f1cb7959bebd6e6ea1":"671cd686c810ec45f3cc01f1cb7959bebd6e6ea1","/local@0.0.0/http/request_method#1685d27d51c7dec2746b922d102db1a4c4610db1":"1685d27d51c7dec2746b922d102db1a4c4610db1","/local@0.0.0/http/status_created#353fd2b22d728460b828066e34a4e76702da91ce":"353fd2b22d728460b828066e34a4e76702da91ce","/local@0.0.0/http/headers_to_wire#3e212eb6bce78a76233477ce8f21e5760fb1dcf9":"3e212eb6bce78a76233477ce8f21e5760fb1dcf9","/local@0.0.0/http/response_header#a8570977d1c06bf5cbf6a56331f99794cbf715c3":"a8570977d1c06bf5cbf6a56331f99794cbf715c3","/local@0.0.0/http/response_status#75cea54f3fed1b1ccfc8189cfc96388d780c0cd6":"75cea54f3fed1b1ccfc8189cfc96388d780c0cd6","/local@0.0.0/http/http/request_url#0da9158a31dda7d514ce82f6052a602703f414bc":"0da9158a31dda7d514ce82f6052a602703f414bc","/local@0.0.0/http/http_request_url#14a6cc12e31e490feb9a036c461beb738730371a":"14a6cc12e31e490feb9a036c461beb738730371a","/local@0.0.0/http/status_not_found#4a73a191cbda2bdfd6c89561984768950dee2c7e":"4a73a191cbda2bdfd6c89561984768950dee2c7e","/local@0.0.0/http/http/request_body#11ecb6acc0257e1f94caf736093aa612bcf9d4ab":"11ecb6acc0257e1f94caf736093aa612bcf9d4ab","/local@0.0.0/http/http_request_body#9b80ef17761e8917193e31e2909a7d3f27029f5a":"9b80ef17761e8917193e31e2909a7d3f27029f5a","/local@0.0.0/http/http_request_with#32200d18b4353f1ba4ea7079680499749f01e890":"32200d18b4353f1ba4ea7079680499749f01e890","/local@0.0.0/http/http_respond_with#5661d38108f9361f3ed6d08400c2f2b2e783feac":"5661d38108f9361f3ed6d08400c2f2b2e783feac","/local@0.0.0/http/status_is_success#a1b54a69bf78ef484efca55b074a94039de343da":"a1b54a69bf78ef484efca55b074a94039de343da","/local@0.0.0/http/http/response_body#92909c430bd01a2e8e163e07b6548757345e5d9e":"92909c430bd01a2e8e163e07b6548757345e5d9e","/local@0.0.0/http/http_response_body#e1e3434c343536d465312f62d866fdea8a2a4b07":"e1e3434c343536d465312f62d866fdea8a2a4b07","/local@0.0.0/http/http/request_header#45f7fc974ffa5d051ff33934fee0e10072557cb7":"45f7fc974ffa5d051ff33934fee0e10072557cb7","/local@0.0.0/http/http/request_method#ab5b6192534bb9ee35612e9dfddcc59b1b644ad0":"ab5b6192534bb9ee35612e9dfddcc59b1b644ad0","/local@0.0.0/http/http_request_header#c9ce8f667422f02cdf42b55681776d962e04cd2d":"c9ce8f667422f02cdf42b55681776d962e04cd2d","/local@0.0.0/http/http_request_method#33f55743cd97c6c9667d1b6dd27dfdc0da1a07f6":"33f55743cd97c6c9667d1b6dd27dfdc0da1a07f6","/local@0.0.0/http/high_level/status_ok#a5acf47c113a2e39088e749a8a225d12407a1d40":"a5acf47c113a2e39088e749a8a225d12407a1d40","/local@0.0.0/http/http/response_header#56f92b4902b26bf95f30815fa29b2358221e012b":"56f92b4902b26bf95f30815fa29b2358221e012b","/local@0.0.0/http/http/response_status#bcec22cfa4b73c262a964f27d928b2b543262359":"bcec22cfa4b73c262a964f27d928b2b543262359","/local@0.0.0/http/http_response_header#7357fc48dd8a7d8fabe9b67763b0edbde6a6f664":"7357fc48dd8a7d8fabe9b67763b0edbde6a6f664","/local@0.0.0/http/http_response_status#dae47d2663e152ef0e68e0d9aeec0816fc54e27b":"dae47d2663e152ef0e68e0d9aeec0816fc54e27b","/local@0.0.0/http/high_level/HttpRequest#dce157b11aacec4306634feb925d985bc2fbe5df":"dce157b11aacec4306634feb925d985bc2fbe5df","/local@0.0.0/http/high_level/headers_get#f2ae553509ccf09333bd17e6ec6cc253ef8a5f36":"f2ae553509ccf09333bd17e6ec6cc253ef8a5f36","/local@0.0.0/http/high_level/headers_set#8fbe93939bb02d1719d08fdeabef2c4cca6c938f":"8fbe93939bb02d1719d08fdeabef2c4cca6c938f","/local@0.0.0/http/status_is_client_error#101f83844b8d732283d3c4455098168f5cb73ed0":"101f83844b8d732283d3c4455098168f5cb73ed0","/local@0.0.0/http/status_is_server_error#cb304f8fe14b8ddc39578275af594cf1151c52a7":"cb304f8fe14b8ddc39578275af594cf1151c52a7","/local@0.0.0/http/high_level/HttpResponse#cbc7e8d7fe3b623a0c239404093cdf27c3fae18e":"cbc7e8d7fe3b623a0c239404093cdf27c3fae18e","/local@0.0.0/http/high_level/make_request#5886d9992a8fb081871093be7912663d8d90bdc0":"5886d9992a8fb081871093be7912663d8d90bdc0","/local@0.0.0/http/high_level/request_with#694aca7bcc7b1745a1978e9c5305d9354e5dc7d4":"694aca7bcc7b1745a1978e9c5305d9354e5dc7d4","/local@0.0.0/http/high_level/respond_with#a952ffbfa81b0de2f285b814aa0509ff4a47f43a":"a952ffbfa81b0de2f285b814aa0509ff4a47f43a","/local@0.0.0/http/high_level/headers_empty#5f38786d01f2a9bda8266d6584eb2d4f2fb777c4":"5f38786d01f2a9bda8266d6584eb2d4f2fb777c4","/local@0.0.0/http/high_level/make_response#ed779239d3d5dae92bb6718e5d5acd03415d8664":"ed779239d3d5dae92bb6718e5d5acd03415d8664","/local@0.0.0/http/high_level/headers_get_or#26c08a9b44668a23ed117a1ac4f6e7e77650dbe6":"26c08a9b44668a23ed117a1ac4f6e7e77650dbe6","/local@0.0.0/http/high_level/status_created#1e4621085d96a3a9247a89cdb1e92d3f8bce31a8":"1e4621085d96a3a9247a89cdb1e92d3f8bce31a8","/local@0.0.0/http/high_level/headers_to_wire#1749d651ab32c092e88056e9ce66090f2fbc61d0":"1749d651ab32c092e88056e9ce66090f2fbc61d0","/local@0.0.0/http/high_level/status_not_found#38eeae2480520ba127f4ea5ed588b2bcf0f1dfcc":"38eeae2480520ba127f4ea5ed588b2bcf0f1dfcc","/local@0.0.0/http/high_level/status_is_success#ee3a9957500ef01c2f3d81f18e92057fb707dafb":"ee3a9957500ef01c2f3d81f18e92057fb707dafb","/local@0.0.0/http/status_internal_server_error#45efc8a33b22c7f1ad1b7751c5bff7921c3c4a2c":"45efc8a33b22c7f1ad1b7751c5bff7921c3c4a2c","/local@0.0.0/http/high_level/status_is_client_error#da68b81f07b76885ff6688f3a4d039667433b77f":"da68b81f07b76885ff6688f3a4d039667433b77f","/local@0.0.0/http/high_level/status_is_server_error#907e06cd4fa063cbfdc12d225c7d994e0f06178c":"907e06cd4fa063cbfdc12d225c7d994e0f06178c","/local@0.0.0/http/high_level/status_internal_server_error#ed6c791d280f121ea4a31654ef0fe5f5608ea283":"ed6c791d280f121ea4a31654ef0fe5f5608ea283"},"annotation":{"/Users/mz/ghq/github.com/mizchi/vibe-lang/vibe/http/http.vibe#close":"close: (Int) -> Unit with {Net}","/Users/mz/ghq/github.com/mizchi/vibe-lang/vibe/http/http.vibe#accept":"accept: (Int) -> Int with {Net}","/Users/mz/ghq/github.com/mizchi/vibe-lang/vibe/http/http.vibe#listen":"listen: (Int) -> Int with {Net}","/Users/mz/ghq/github.com/mizchi/vibe-lang/vibe/http/http.vibe#request":"request: (String, String, String, String) -> Int with {Net}","/Users/mz/ghq/github.com/mizchi/vibe-lang/vibe/http/http.vibe#respond":"respond: (Int, Int, String, String) -> Unit with {Net}","/Users/mz/ghq/github.com/mizchi/vibe-lang/vibe/http/http.vibe#request_url":"request_url: (Int) -> String with {Net}","/Users/mz/ghq/github.com/mizchi/vibe-lang/vibe/http/index.vibe#http_close":"Canonical collision-safe aliases","/Users/mz/ghq/github.com/mizchi/vibe-lang/vibe/http/http.vibe#request_body":"request_body: (Int) -> String with {Net}","/Users/mz/ghq/github.com/mizchi/vibe-lang/vibe/http/http.vibe#response_body":"response_body: (Int) -> String with {Net}","/Users/mz/ghq/github.com/mizchi/vibe-lang/vibe/http/http.vibe#request_header":"request_header: (Int, String) -> String with {Net}","/Users/mz/ghq/github.com/mizchi/vibe-lang/vibe/http/http.vibe#request_method":"request_method: (Int) -> String with {Net}","/Users/mz/ghq/github.com/mizchi/vibe-lang/vibe/http/http.vibe#response_header":"response_header: (Int, String) -> String with {Net}","/Users/mz/ghq/github.com/mizchi/vibe-lang/vibe/http/http.vibe#response_status":"response_status: (Int) -> Int with {Net}"}}
