{"path":{"./http.vibe":"db318176010b8ef80ef6954f8ebc643f806a2a24","./high_level.vibe":"1f1117a34c16b6342fc62e1731f08995a159be3c"},"version":{"prelude":"cd83deed7db4f4850e85c4d3f02bbfc053287b69"},"symbol":{"std/prelude":"cd83deed7db4f4850e85c4d3f02bbfc053287b69"},"module":{"/local@0.0.0/http/http/close#94a7d5865f50825a5e9be3b94a76ba91623da8fc":"94a7d5865f50825a5e9be3b94a76ba91623da8fc","/local@0.0.0/http/http/accept#2627aa0268598df8522983a7cbbef0205d6b8d71":"2627aa0268598df8522983a7cbbef0205d6b8d71","/local@0.0.0/http/http/listen#406030a725ff2c43026754954fa12db3a3d187ff":"406030a725ff2c43026754954fa12db3a3d187ff","/local@0.0.0/http/http/request#9b4e654ff180aceb286a46a24d36d81f01b3003e":"9b4e654ff180aceb286a46a24d36d81f01b3003e","/local@0.0.0/http/http/respond#6f94cd535ddd72250a5c07d206446dea3ad921d1":"6f94cd535ddd72250a5c07d206446dea3ad921d1","/local@0.0.0/http/http/request_url#469ab0dcbcc1a8ad0806d8b34c33a3a071a19445":"469ab0dcbcc1a8ad0806d8b34c33a3a071a19445","/local@0.0.0/http/http/request_body#f6cc3c6b53d9910be4744e357b6ecc7686320bcc":"f6cc3c6b53d9910be4744e357b6ecc7686320bcc","/local@0.0.0/http/http/response_body#07c02068d537be246e34c708a7abb1f5bd246570":"07c02068d537be246e34c708a7abb1f5bd246570","/local@0.0.0/http/http/request_header#c4358d011f2c74c0aa66654ef04e877e53f55293":"c4358d011f2c74c0aa66654ef04e877e53f55293","/local@0.0.0/http/http/request_method#c80fc1058f916d708e6d16e577ef0eb3340a5a2d":"c80fc1058f916d708e6d16e577ef0eb3340a5a2d","/local@0.0.0/http/high_level/status_ok#a5acf47c113a2e39088e749a8a225d12407a1d40":"a5acf47c113a2e39088e749a8a225d12407a1d40","/local@0.0.0/http/http/response_header#7a28e95f88402f3fcc33e0cd12779f34a5b4b558":"7a28e95f88402f3fcc33e0cd12779f34a5b4b558","/local@0.0.0/http/http/response_status#9cc3197538eb99ed69ab094dfd01228d0d2cfeff":"9cc3197538eb99ed69ab094dfd01228d0d2cfeff","/local@0.0.0/http/high_level/HttpRequest#a2e9736581f3bde03a28d59561ca75c161f4fd82":"a2e9736581f3bde03a28d59561ca75c161f4fd82","/local@0.0.0/http/high_level/headers_get#c006b3b95d732202c602f51913d626af9ad6bc86":"c006b3b95d732202c602f51913d626af9ad6bc86","/local@0.0.0/http/high_level/headers_set#350444ab686fd9d0f0ab92db1703a627a346861f":"350444ab686fd9d0f0ab92db1703a627a346861f","/local@0.0.0/http/high_level/HttpResponse#1613741d335d860ea6f8328b53fbf1e6e5f5afd4":"1613741d335d860ea6f8328b53fbf1e6e5f5afd4","/local@0.0.0/http/high_level/make_request#e766b0b87108807ddab1012e88102e00db097858":"e766b0b87108807ddab1012e88102e00db097858","/local@0.0.0/http/high_level/request_with#694aca7bcc7b1745a1978e9c5305d9354e5dc7d4":"694aca7bcc7b1745a1978e9c5305d9354e5dc7d4","/local@0.0.0/http/high_level/respond_with#a952ffbfa81b0de2f285b814aa0509ff4a47f43a":"a952ffbfa81b0de2f285b814aa0509ff4a47f43a","/local@0.0.0/http/high_level/headers_empty#852a713d7d6fdb643a3e4325077cfc2f4f08b1ed":"852a713d7d6fdb643a3e4325077cfc2f4f08b1ed","/local@0.0.0/http/high_level/make_response#d99a7830c16b7e2ee34f3ceafe4cc08af51b7827":"d99a7830c16b7e2ee34f3ceafe4cc08af51b7827","/local@0.0.0/http/high_level/headers_get_or#5e6aebab2aa53bbf21a72915f89581c5c5eb6f17":"5e6aebab2aa53bbf21a72915f89581c5c5eb6f17","/local@0.0.0/http/high_level/status_created#1e4621085d96a3a9247a89cdb1e92d3f8bce31a8":"1e4621085d96a3a9247a89cdb1e92d3f8bce31a8","/local@0.0.0/http/high_level/headers_to_wire#ba1d12673d72a712fae2f6bf4f96b2d129679d2a":"ba1d12673d72a712fae2f6bf4f96b2d129679d2a","/local@0.0.0/http/high_level/status_not_found#38eeae2480520ba127f4ea5ed588b2bcf0f1dfcc":"38eeae2480520ba127f4ea5ed588b2bcf0f1dfcc","/local@0.0.0/http/high_level/status_is_success#ee3a9957500ef01c2f3d81f18e92057fb707dafb":"ee3a9957500ef01c2f3d81f18e92057fb707dafb","/local@0.0.0/http/high_level/status_is_client_error#da68b81f07b76885ff6688f3a4d039667433b77f":"da68b81f07b76885ff6688f3a4d039667433b77f","/local@0.0.0/http/high_level/status_is_server_error#907e06cd4fa063cbfdc12d225c7d994e0f06178c":"907e06cd4fa063cbfdc12d225c7d994e0f06178c","/local@0.0.0/http/high_level/status_internal_server_error#ed6c791d280f121ea4a31654ef0fe5f5608ea283":"ed6c791d280f121ea4a31654ef0fe5f5608ea283"},"annotation":{"/Users/mz/ghq/github.com/mizchi/vibe-lang/vibe/http/http.vibe#close":"close: (Int) -> Unit with {Net}","/Users/mz/ghq/github.com/mizchi/vibe-lang/vibe/http/http.vibe#accept":"accept: (Int) -> Int with {Net}","/Users/mz/ghq/github.com/mizchi/vibe-lang/vibe/http/http.vibe#listen":"listen: (Int) -> Int with {Net}","/Users/mz/ghq/github.com/mizchi/vibe-lang/vibe/http/http.vibe#request":"request: (String, String, String, String) -> Int with {Net}","/Users/mz/ghq/github.com/mizchi/vibe-lang/vibe/http/http.vibe#respond":"respond: (Int, Int, String, String) -> Unit with {Net}","/Users/mz/ghq/github.com/mizchi/vibe-lang/vibe/http/http.vibe#request_url":"request_url: (Int) -> String with {Net}","/Users/mz/ghq/github.com/mizchi/vibe-lang/vibe/http/http.vibe#request_body":"request_body: (Int) -> String with {Net}","/Users/mz/ghq/github.com/mizchi/vibe-lang/vibe/http/http.vibe#response_body":"response_body: (Int) -> String with {Net}","/Users/mz/ghq/github.com/mizchi/vibe-lang/vibe/http/http.vibe#request_header":"request_header: (Int, String) -> String with {Net}","/Users/mz/ghq/github.com/mizchi/vibe-lang/vibe/http/http.vibe#request_method":"request_method: (Int) -> String with {Net}","/Users/mz/ghq/github.com/mizchi/vibe-lang/vibe/http/http.vibe#response_header":"response_header: (Int, String) -> String with {Net}","/Users/mz/ghq/github.com/mizchi/vibe-lang/vibe/http/http.vibe#response_status":"response_status: (Int) -> Int with {Net}"}}