{"path":{"./http.vibe":"8f6770523d5fdd45b10ec8aba2233d26fff2efab","./http_test.vibe":"5c6e7e27caa6d36ab02921e9ca20551d0cc3edc2"},"version":{"prelude":"7c764a4c84e54368561b547b9e740e7bb0584980"},"symbol":{"std/prelude":"7c764a4c84e54368561b547b9e740e7bb0584980"},"module":{"/Users/mz/ghq/github.com/mizchi/vibe-lang/vibe/http/http.vibe#close":"712c13b9ab0a86930d7d2052d6b2efffb51dba8d","/Users/mz/ghq/github.com/mizchi/vibe-lang/vibe/http/http.vibe#accept":"7ebced00b990a58af05d24bc2880a7d96d6eec3f","/Users/mz/ghq/github.com/mizchi/vibe-lang/vibe/http/http.vibe#listen":"6684babfcf27fa7817ac27e3e4cd1706943dd68a","/Users/mz/ghq/github.com/mizchi/vibe-lang/vibe/http/http.vibe#request":"644929d1915ef08cf9bc6fd578898f26247111d2","/Users/mz/ghq/github.com/mizchi/vibe-lang/vibe/http/http.vibe#respond":"13edaef5c51b2219b45901ab615a304409c1640f","/Users/mz/ghq/github.com/mizchi/vibe-lang/vibe/http/http.vibe#request_url":"76f30a7a70371c2a4d6f8f9f890897677ff34b77","/Users/mz/ghq/github.com/mizchi/vibe-lang/vibe/http/http.vibe#request_body":"8b0019049f59abb891c8b0343db3aab78e408a14","/Users/mz/ghq/github.com/mizchi/vibe-lang/vibe/http/http.vibe#response_body":"b3307f98caca7303d458eee5894dc1276abd4432","/Users/mz/ghq/github.com/mizchi/vibe-lang/vibe/http/http.vibe#request_header":"e97a52dc0d4d071662c0360b8cc5a9f120ba1c95","/Users/mz/ghq/github.com/mizchi/vibe-lang/vibe/http/http.vibe#request_method":"6017fd08481c13c57bba9c7d67807b2b5d683448","/Users/mz/ghq/github.com/mizchi/vibe-lang/vibe/http/http.vibe#response_header":"fed589bc7d3d8503ff77a72ed8b572f5c9b1b9a4","/Users/mz/ghq/github.com/mizchi/vibe-lang/vibe/http/http.vibe#response_status":"70a8d280dbd1dc7c719353ca52cd7cdaf46f3378"},"annotation":{"/Users/mz/ghq/github.com/mizchi/vibe-lang/vibe/http/http.vibe#close":"close: (Int) -> Unit with {Net}","/Users/mz/ghq/github.com/mizchi/vibe-lang/vibe/http/http.vibe#accept":"accept: (Int) -> Int with {Net}","/Users/mz/ghq/github.com/mizchi/vibe-lang/vibe/http/http.vibe#listen":"listen: (Int) -> Int with {Net}","/Users/mz/ghq/github.com/mizchi/vibe-lang/vibe/http/http.vibe#request":"request: (String, String, String, String) -> Int with {Net}","/Users/mz/ghq/github.com/mizchi/vibe-lang/vibe/http/http.vibe#respond":"respond: (Int, Int, String, String) -> Unit with {Net}","/Users/mz/ghq/github.com/mizchi/vibe-lang/vibe/http/http.vibe#request_url":"request_url: (Int) -> String with {Net}","/Users/mz/ghq/github.com/mizchi/vibe-lang/vibe/http/http.vibe#request_body":"request_body: (Int) -> String with {Net}","/Users/mz/ghq/github.com/mizchi/vibe-lang/vibe/http/http.vibe#response_body":"response_body: (Int) -> String with {Net}","/Users/mz/ghq/github.com/mizchi/vibe-lang/vibe/http/http.vibe#request_header":"request_header: (Int, String) -> String with {Net}","/Users/mz/ghq/github.com/mizchi/vibe-lang/vibe/http/http.vibe#request_method":"request_method: (Int) -> String with {Net}","/Users/mz/ghq/github.com/mizchi/vibe-lang/vibe/http/http.vibe#response_header":"response_header: (Int, String) -> String with {Net}","/Users/mz/ghq/github.com/mizchi/vibe-lang/vibe/http/http.vibe#response_status":"response_status: (Int) -> Int with {Net}"}}