{"path":{"./wasm_opt.vibe":"4515f9a35df35b4f288fc7e71af3d1ff941d295e"},"version":{"prelude":"cd83deed7db4f4850e85c4d3f02bbfc053287b69"},"symbol":{"std/prelude":"cd83deed7db4f4850e85c4d3f02bbfc053287b69"},"module":{"/local@0.0.0/wasm/wasm_opt/wasm_opt/dce#a51efa978fc3b9c86b408b91e24ae297f02d436b":"a51efa978fc3b9c86b408b91e24ae297f02d436b","/local@0.0.0/wasm/wasm_opt/wasm_opt/minify#214923b4e0775aa9d133342a465d2132105eb342":"214923b4e0775aa9d133342a465d2132105eb342","/local@0.0.0/wasm/wasm_opt/wasm_opt/optimize#a70ddc653e9f1ffc1400e31c996fb27f39a3d9fd":"a70ddc653e9f1ffc1400e31c996fb27f39a3d9fd","/local@0.0.0/wasm/wasm_opt/wasm_opt/directize#d6de680e4cd5f3e91e33c01ec67f5e894a10e259":"d6de680e4cd5f3e91e33c01ec67f5e894a10e259","/local@0.0.0/wasm/wasm_opt/wasm_opt/binary_size#a88e38ae9d6bab4f5f7c8b6c0662038607f20a63":"a88e38ae9d6bab4f5f7c8b6c0662038607f20a63","/local@0.0.0/wasm/wasm_opt/wasm_opt/count_types#b03b2103b94fd085934645fa3c064313c4c94cc0":"b03b2103b94fd085934645fa3c064313c4c94cc0","/local@0.0.0/wasm/wasm_opt/wasm_opt/minify_fast#d541a9c1eb49aeb752a9692f1a43ffc60080e40b":"d541a9c1eb49aeb752a9692f1a43ffc60080e40b","/local@0.0.0/wasm/wasm_opt/wasm_opt/count_exports#89abc9e3dee74c7b133a92e6056590a5fca07774":"89abc9e3dee74c7b133a92e6056590a5fca07774","/local@0.0.0/wasm/wasm_opt/wasm_opt/section_sizes#a0ab395b53e52dcf4eb62950e24d391144e4a1d1":"a0ab395b53e52dcf4eb62950e24d391144e4a1d1","/local@0.0.0/wasm/wasm_opt/wasm_opt/filter_exports#190427eaec0ea2bb4fe04e31592d84e64bab1c9e":"190427eaec0ea2bb4fe04e31592d84e64bab1c9e","/local@0.0.0/wasm/wasm_opt/wasm_opt/find_reachable#f974a632be43e46f63c0d9f7ebdff9cfef190d50":"f974a632be43e46f63c0d9f7ebdff9cfef190d50","/local@0.0.0/wasm/wasm_opt/wasm_opt/call_forwarding#ead4fbd25d3272c76da092a9b16628fcc74b282a":"ead4fbd25d3272c76da092a9b16628fcc74b282a","/local@0.0.0/wasm/wasm_opt/wasm_opt/coalesce_locals#751f6926b57bb818b4a4442c0e38915d7a894a0a":"751f6926b57bb818b4a4442c0e38915d7a894a0a","/local@0.0.0/wasm/wasm_opt/wasm_opt/count_functions#a58e342fc1260442ba031754feb27acd2c182a8b":"a58e342fc1260442ba031754feb27acd2c182a8b","/local@0.0.0/wasm/wasm_opt/wasm_opt/build_call_graph#70939c72110a25953a84de00f350672a830d62b6":"70939c72110a25953a84de00f350672a830d62b6","/local@0.0.0/wasm/wasm_opt/wasm_opt/strip_empty_data#8396e8a60b1f89176ba5409d403a92a716773a45":"8396e8a60b1f89176ba5409d403a92a716773a45","/local@0.0.0/wasm/wasm_opt/wasm_opt/remove_unused_types#188265b86ebaec0ef9123af8797e80b0935e69c5":"188265b86ebaec0ef9123af8797e80b0935e69c5","/local@0.0.0/wasm/wasm_opt/wasm_opt/strip_named_section#863b2cbc23d9991c90a6533eb7be5c13801d5373":"863b2cbc23d9991c90a6533eb7be5c13801d5373","/local@0.0.0/wasm/wasm_opt/wasm_opt/optimize_code_section#070b4c9472be7a99117d29b385fca17d1d5cce64":"070b4c9472be7a99117d29b385fca17d1d5cce64","/local@0.0.0/wasm/wasm_opt/wasm_opt/remove_empty_sections#9960a606ef498dcf803339a08a23801d266e6515":"9960a606ef498dcf803339a08a23801d266e6515","/local@0.0.0/wasm/wasm_opt/wasm_opt/strip_custom_sections#1e11ad292820895945ad28a3a8c2efcc799cb55c":"1e11ad292820895945ad28a3a8c2efcc799cb55c"},"annotation":{"/Users/mz/ghq/github.com/mizchi/vibe-lang/.claude/worktrees/structured-yawning-comet/vibe/wasm/wasm_opt/wasm_opt.vibe#dce":"Dead code elimination: replace unreachable function bodies with `unreachable; end`.","/Users/mz/ghq/github.com/mizchi/vibe-lang/.claude/worktrees/structured-yawning-comet/vibe/wasm/wasm_opt/wasm_opt.vibe#minify":"Comprehensive WASM minifier: applies all optimizations in sequence with multi-round convergence.","/Users/mz/ghq/github.com/mizchi/vibe-lang/.claude/worktrees/structured-yawning-comet/vibe/wasm/wasm_opt/wasm_opt.vibe#optimize":"Run all optimization passes: strip_custom -> peephole -> DCE.","/Users/mz/ghq/github.com/mizchi/vibe-lang/.claude/worktrees/structured-yawning-comet/vibe/wasm/wasm_opt/wasm_opt.vibe#directize":"Directize: convert call_indirect to direct call when table is static.\nPattern: i32.const SLOT, call_indirect TYPE 0 -> call FUNC\nPreconditions: exactly 1 local table, no imported tables, table not exported,\nno disallowed table ops (table.get/set, table.copy/fill/etc.)","/Users/mz/ghq/github.com/mizchi/vibe-lang/.claude/worktrees/structured-yawning-comet/vibe/wasm/wasm_opt/wasm_opt.vibe#binary_size":"Binary size","/Users/mz/ghq/github.com/mizchi/vibe-lang/.claude/worktrees/structured-yawning-comet/vibe/wasm/wasm_opt/wasm_opt.vibe#count_types":"Count types","/Users/mz/ghq/github.com/mizchi/vibe-lang/.claude/worktrees/structured-yawning-comet/vibe/wasm/wasm_opt/wasm_opt.vibe#minify_fast":"Fast minify: single-pass section filtering only.\nStrips custom sections + empty sections in one pass (no peephole/DCE).","/Users/mz/ghq/github.com/mizchi/vibe-lang/.claude/worktrees/structured-yawning-comet/vibe/wasm/wasm_opt/wasm_opt.vibe#count_exports":"Count exported functions","/Users/mz/ghq/github.com/mizchi/vibe-lang/.claude/worktrees/structured-yawning-comet/vibe/wasm/wasm_opt/wasm_opt.vibe#section_sizes":"Section sizes: array of (section_id, size)","/Users/mz/ghq/github.com/mizchi/vibe-lang/.claude/worktrees/structured-yawning-comet/vibe/wasm/wasm_opt/wasm_opt.vibe#filter_exports":"Keep only the specified export names. Rewrites the export section.","/Users/mz/ghq/github.com/mizchi/vibe-lang/.claude/worktrees/structured-yawning-comet/vibe/wasm/wasm_opt/wasm_opt.vibe#find_reachable":"Find all reachable function indices from a set of root indices via BFS.","/Users/mz/ghq/github.com/mizchi/vibe-lang/.claude/worktrees/structured-yawning-comet/vibe/wasm/wasm_opt/wasm_opt.vibe#call_forwarding":"Rewrite call instructions using forwarding map","/Users/mz/ghq/github.com/mizchi/vibe-lang/.claude/worktrees/structured-yawning-comet/vibe/wasm/wasm_opt/wasm_opt.vibe#coalesce_locals":"Coalesce locals: remove unused local declarations and remap indices.","/Users/mz/ghq/github.com/mizchi/vibe-lang/.claude/worktrees/structured-yawning-comet/vibe/wasm/wasm_opt/wasm_opt.vibe#count_functions":"Count functions (imported + defined)","/Users/mz/ghq/github.com/mizchi/vibe-lang/.claude/worktrees/structured-yawning-comet/vibe/wasm/wasm_opt/wasm_opt.vibe#build_call_graph":"Build call graph from code section.\nReturns Array[(Int, Array[Int])]: (func_index, callees).\nfunc_index is the absolute function index (import_count + local_index).","/Users/mz/ghq/github.com/mizchi/vibe-lang/.claude/worktrees/structured-yawning-comet/vibe/wasm/wasm_opt/wasm_opt.vibe#strip_empty_data":"Removes data segments with zero-length data.","/Users/mz/ghq/github.com/mizchi/vibe-lang/.claude/worktrees/structured-yawning-comet/vibe/wasm/wasm_opt/wasm_opt.vibe#optimize_code_section":"Apply peephole optimizations to all function bodies in the code section.","/Users/mz/ghq/github.com/mizchi/vibe-lang/.claude/worktrees/structured-yawning-comet/vibe/wasm/wasm_opt/wasm_opt.vibe#strip_custom_sections":"Remove all custom sections (id=0) from a WASM binary.\nUseful for reducing binary size."}}