{"path":{"./ref.vibe":"b5547508fdbbeb67ccddb90247383a427aa0968a","./runtime.vibe":"c4c1ca899ad4bcbde8a5ca94bfbd059f132ad5ea"},"version":{"prelude":"cab9ca6d5c88e8852b5b901f7e76da8ad306765e"},"symbol":{"std/prelude":"cab9ca6d5c88e8852b5b901f7e76da8ad306765e"},"module":{"/Users/mz/ghq/github.com/mizchi/xsh/xsh/std/path/ref.vibe#dynamic":"aa48c35da5eae9c5c52530980a3f1581c67c05a1","/Users/mz/ghq/github.com/mizchi/xsh/vibe/std/path/ref.vibe#dynamic":"aa48c35da5eae9c5c52530980a3f1581c67c05a1","/Users/mz/ghq/github.com/mizchi/xsh/xsh/std/path/runtime.vibe#resolve":"3c242ec9162780aa7c22e23c31092207ada0e66c","/Users/mz/ghq/github.com/mizchi/xsh/xsh/std/path/ref.vibe#from_literal":"d38f4b4a35ae6fdd00317645d17149bbfee28e93","/Users/mz/ghq/github.com/mizchi/xsh/vibe/std/path/ref.vibe#from_literal":"d38f4b4a35ae6fdd00317645d17149bbfee28e93","/Users/mz/ghq/github.com/mizchi/vibe-lang/vibe/std/path/ref.vibe#PathRef":"093c184a21fef051ee6b613231bbc65fe084a3c3","/Users/mz/ghq/github.com/mizchi/vibe-lang/vibe/std/path/ref.vibe#dynamic":"aa48c35da5eae9c5c52530980a3f1581c67c05a1","/Users/mz/ghq/github.com/mizchi/vibe-lang/vibe/std/path/ref.vibe#DynamicPath":"0d622f2acf53288e99b7c3f2f1d19cdbd9a8d151","/Users/mz/ghq/github.com/mizchi/vibe-lang/vibe/std/path/runtime.vibe#resolve":"3c242ec9162780aa7c22e23c31092207ada0e66c","/Users/mz/ghq/github.com/mizchi/xsh/xsh/std/path/ref.vibe#PathRef::as_string":"87ef968a5a4a52f7295a41f82342261da5247b84","/Users/mz/ghq/github.com/mizchi/xsh/xsh/std/path/ref.vibe#path_ref_as_string":"3a485e86b6e79fa9def4bc5b2e3fdbd7929cd25b","/Users/mz/ghq/github.com/mizchi/vibe-lang/vibe/std/path/ref.vibe#from_literal":"d38f4b4a35ae6fdd00317645d17149bbfee28e93","/Users/mz/ghq/github.com/mizchi/xsh/vibe/std/path/ref.vibe#PathRef::as_string":"87ef968a5a4a52f7295a41f82342261da5247b84","/Users/mz/ghq/github.com/mizchi/xsh/vibe/std/path/ref.vibe#path_ref_as_string":"3a485e86b6e79fa9def4bc5b2e3fdbd7929cd25b","/Users/mz/ghq/github.com/mizchi/xsh/xsh/std/path/ref.vibe#PathRef::is_absolute":"806f6314d0fad6a5eee23efc7227e9b7ae04c069","/Users/mz/ghq/github.com/mizchi/xsh/xsh/std/path/ref.vibe#path_ref_is_absolute":"425838aff8609ac3631435ffe006aee55dffd782","/Users/mz/ghq/github.com/mizchi/xsh/vibe/std/path/ref.vibe#PathRef::is_absolute":"806f6314d0fad6a5eee23efc7227e9b7ae04c069","/Users/mz/ghq/github.com/mizchi/xsh/vibe/std/path/ref.vibe#path_ref_is_absolute":"425838aff8609ac3631435ffe006aee55dffd782","/Users/mz/ghq/github.com/mizchi/xsh/xsh/std/path/ref.vibe#DynamicPath::as_string":"839bc62fc17d31f2029759d8e0efe3bdf4e58eef","/Users/mz/ghq/github.com/mizchi/xsh/xsh/std/path/ref.vibe#dynamic_path_as_string":"77c0d3584c8572ea53ba2c3870500b36049f13d3","/Users/mz/ghq/github.com/mizchi/xsh/vibe/std/path/ref.vibe#DynamicPath::as_string":"839bc62fc17d31f2029759d8e0efe3bdf4e58eef","/Users/mz/ghq/github.com/mizchi/xsh/vibe/std/path/ref.vibe#dynamic_path_as_string":"77c0d3584c8572ea53ba2c3870500b36049f13d3","/Users/mz/ghq/github.com/mizchi/xsh/xsh/std/path/runtime.vibe#DynamicPath::resolve":"aee086881293e8f4cdb77b29c2f6a9cb1dd03710","/Users/mz/ghq/github.com/mizchi/vibe-lang/vibe/std/path/ref.vibe#PathRef::as_string":"87ef968a5a4a52f7295a41f82342261da5247b84","/Users/mz/ghq/github.com/mizchi/vibe-lang/vibe/std/path/ref.vibe#path_ref_as_string":"3a485e86b6e79fa9def4bc5b2e3fdbd7929cd25b","/Users/mz/ghq/github.com/mizchi/vibe-lang/vibe/std/path/ref.vibe#PathRef::is_absolute":"806f6314d0fad6a5eee23efc7227e9b7ae04c069","/Users/mz/ghq/github.com/mizchi/vibe-lang/vibe/std/path/ref.vibe#path_ref_is_absolute":"425838aff8609ac3631435ffe006aee55dffd782","/Users/mz/ghq/github.com/mizchi/vibe-lang/vibe/std/path/ref.vibe#DynamicPath::as_string":"839bc62fc17d31f2029759d8e0efe3bdf4e58eef","/Users/mz/ghq/github.com/mizchi/vibe-lang/vibe/std/path/ref.vibe#dynamic_path_as_string":"77c0d3584c8572ea53ba2c3870500b36049f13d3","/Users/mz/ghq/github.com/mizchi/vibe-lang/vibe/std/path/runtime.vibe#DynamicPath::resolve":"aee086881293e8f4cdb77b29c2f6a9cb1dd03710"},"annotation":{}}