{"path":{"./threads/runtime.vibe":"57180061dfa269c0b25a33e89cbeb98955217ac4","./threads_runtime_test.vibe":"8e5f86e70d784ea08d4bc31263ae8a7958fe48ae"},"version":{"prelude":"57b2e437ae8577b48b73cb5778d22f8f8a76f9ab"},"symbol":{"std/prelude":"57b2e437ae8577b48b73cb5778d22f8f8a76f9ab"},"module":{"/local@0.0.0/prelude/threads/runtime/recv#07e9df75dff79ba0d5282e2c2daf55be13e114d6":"07e9df75dff79ba0d5282e2c2daf55be13e114d6","/local@0.0.0/prelude/threads/runtime/send#8dc8e1d34682f34997233c396f1563db9407813d":"8dc8e1d34682f34997233c396f1563db9407813d","/local@0.0.0/prelude/threads/runtime/wait#fb1e979f57426186d93cd85838e1429481b00e90":"fb1e979f57426186d93cd85838e1429481b00e90","/local@0.0.0/prelude/threads/runtime/spawn#9e579d96f8e782584e46a8dba6727345c05f8e1b":"9e579d96f8e782584e46a8dba6727345c05f8e1b","/local@0.0.0/prelude/threads/runtime/probe_wat#28d8be3cd5857a2b13b4c67e15dac57d4cf813cf":"28d8be3cd5857a2b13b4c67e15dac57d4cf813cf","/local@0.0.0/prelude/threads/runtime/channel_new#c64a53670f35cc12d5cb96162194854159699685":"c64a53670f35cc12d5cb96162194854159699685","/local@0.0.0/prelude/threads/runtime/runtime_hints#0e84ddfe7f8c179628d57d69e3533e7036159d68":"0e84ddfe7f8c179628d57d69e3533e7036159d68"},"annotation":{"/Users/mz/ghq/github.com/mizchi/vibe-lang/vibe/prelude/threads/runtime.vibe#recv":"recv: (Int) -> String with {Threads}","/Users/mz/ghq/github.com/mizchi/vibe-lang/vibe/prelude/threads/runtime.vibe#send":"send: (Int, String) -> Bool with {Threads}","/Users/mz/ghq/github.com/mizchi/vibe-lang/vibe/prelude/threads/runtime.vibe#wait":"wait: (Int) -> Int with {Threads}","/Users/mz/ghq/github.com/mizchi/vibe-lang/vibe/prelude/threads/runtime.vibe#spawn":"spawn: (String, Int) -> Int with {Threads}","/Users/mz/ghq/github.com/mizchi/vibe-lang/vibe/prelude/threads/runtime.vibe#probe_wat":"probe_wat: () -> String with {Threads}","/Users/mz/ghq/github.com/mizchi/vibe-lang/vibe/prelude/threads/runtime.vibe#channel_new":"channel_new: (Int) -> Int with {Threads}","/Users/mz/ghq/github.com/mizchi/vibe-lang/vibe/prelude/threads/runtime.vibe#runtime_hints":"runtime_hints: () -> Unit with {Threads}"}}