{"path":{"./threads/runtime.vibe":"81e341c5588b831b8526d7147a9fb2123bd3acdd","./threads_runtime_test.vibe":"8e5f86e70d784ea08d4bc31263ae8a7958fe48ae"},"version":{"prelude":"cd83deed7db4f4850e85c4d3f02bbfc053287b69"},"symbol":{"std/prelude":"cd83deed7db4f4850e85c4d3f02bbfc053287b69"},"module":{"/local@0.0.0/prelude/threads/runtime/recv#0ea53eaa326e9b797131200f4ecd1e66e2130c69":"0ea53eaa326e9b797131200f4ecd1e66e2130c69","/local@0.0.0/prelude/threads/runtime/send#8503725dcbe1ba88ecb5a0320752b9c2a6455413":"8503725dcbe1ba88ecb5a0320752b9c2a6455413","/local@0.0.0/prelude/threads/runtime/wait#f072fb616e372b0802dcf89437565d44061c9851":"f072fb616e372b0802dcf89437565d44061c9851","/local@0.0.0/prelude/threads/runtime/spawn#96328464f9c688ee4713ed6cd8cc4f622f36bdf3":"96328464f9c688ee4713ed6cd8cc4f622f36bdf3","/local@0.0.0/prelude/threads/runtime/probe_wat#888c4b17b9c148cc5b9f1efb813dbd98a381594d":"888c4b17b9c148cc5b9f1efb813dbd98a381594d","/local@0.0.0/prelude/threads/runtime/channel_new#4d0241b2f11391c6a6b66084b8a1a189a8161802":"4d0241b2f11391c6a6b66084b8a1a189a8161802","/local@0.0.0/prelude/threads/runtime/runtime_hints#d635e369b6e0c1c18cef91c0bd6c721722455e6a":"d635e369b6e0c1c18cef91c0bd6c721722455e6a"},"annotation":{"/Users/mz/ghq/github.com/mizchi/vibe-lang/vibe/prelude/threads/runtime.vibe#recv":"recv: (Int) -> String with {Threads}","/Users/mz/ghq/github.com/mizchi/vibe-lang/vibe/prelude/threads/runtime.vibe#send":"send: (Int, String) -> Bool with {Threads}","/Users/mz/ghq/github.com/mizchi/vibe-lang/vibe/prelude/threads/runtime.vibe#wait":"wait: (Int) -> Int with {Threads}","/Users/mz/ghq/github.com/mizchi/vibe-lang/vibe/prelude/threads/runtime.vibe#spawn":"spawn: (String, Int) -> Int with {Threads}","/Users/mz/ghq/github.com/mizchi/vibe-lang/vibe/prelude/threads/runtime.vibe#probe_wat":"probe_wat: () -> String with {Threads}","/Users/mz/ghq/github.com/mizchi/vibe-lang/vibe/prelude/threads/runtime.vibe#channel_new":"channel_new: (Int) -> Int with {Threads}","/Users/mz/ghq/github.com/mizchi/vibe-lang/vibe/prelude/threads/runtime.vibe#runtime_hints":"runtime_hints: () -> Unit with {Threads}"}}