{"path":{"./array.vibe":"436fa6968418031f1d5ca2f5070897167a6fd96e"},"version":{"prelude":"57b2e437ae8577b48b73cb5778d22f8f8a76f9ab"},"symbol":{"std/prelude":"57b2e437ae8577b48b73cb5778d22f8f8a76f9ab"},"module":{"/local@0.1.0/array/all#9cfa10f2a147a3791b97710d42783def149236df":"9cfa10f2a147a3791b97710d42783def149236df","/local@0.1.0/array/any#237eef327faf12f9ad60773dad8d2a8f748483ff":"237eef327faf12f9ad60773dad8d2a8f748483ff","/local@0.1.0/array/get#c2e47d131ee87be46a683b55e7b3758a6a82dada":"c2e47d131ee87be46a683b55e7b3758a6a82dada","/local@0.1.0/array/zip#3a91c874904f6027e24547bffbf0cda72793c2a0":"3a91c874904f6027e24547bffbf0cda72793c2a0","/local@0.1.0/array/find#7ec7762b9a5849d735bbd4a45d2ff5e46ec0ab65":"7ec7762b9a5849d735bbd4a45d2ff5e46ec0ab65","/local@0.1.0/array/fold#17ffffa162c8ee04e667a17a67aa58dc6bc5a4d8":"17ffffa162c8ee04e667a17a67aa58dc6bc5a4d8","/local@0.1.0/array/head#2d5dd101de6cb893e7e09327501effdc46b4715d":"2d5dd101de6cb893e7e09327501effdc46b4715d","/local@0.1.0/array/iter#74c5aab9ff18f25d5678204475a398e23b2515c2":"74c5aab9ff18f25d5678204475a398e23b2515c2","/local@0.1.0/array/last#419fc3d52745233e04e91108316ad4177c2a87ae":"419fc3d52745233e04e91108316ad4177c2a87ae","/local@0.1.0/array/slice#3d652d20befd9a3257daf6a6907d3ce60dad434d":"3d652d20befd9a3257daf6a6907d3ce60dad434d","/local@0.1.0/array/append#d693ebf64fdb55d9782a1c3e4b4b2d2291b0bafa":"d693ebf64fdb55d9782a1c3e4b4b2d2291b0bafa","/local@0.1.0/array/filter#b456705bea8ad47d715577add1d0fdfc5fb7354f":"b456705bea8ad47d715577add1d0fdfc5fb7354f","/local@0.1.0/array/length#e76d8163e199ae456413a71bd0df35f1e5e3ddf2":"e76d8163e199ae456413a71bd0df35f1e5e3ddf2","/local@0.1.0/array/flatmap#eeee943655cff35ed3e14d30abf0256a6a93a666":"eeee943655cff35ed3e14d30abf0256a6a93a666","/local@0.1.0/array/reverse#9dde36cb22a55331058aa84c5e723e7e057c5f66":"9dde36cb22a55331058aa84c5e723e7e057c5f66","/local@0.1.0/array/is_empty#849229dcfbf767e6410b81a1670e792654d95287":"849229dcfbf767e6410b81a1670e792654d95287","/local@0.1.0/array/array_map#567b07990dcd1c0eab6ecb2832808a4bdedfcf6e":"567b07990dcd1c0eab6ecb2832808a4bdedfcf6e"},"annotation":{}}