{"path":{"./selfhost_check_parity/cases/import_dep_error.vibe":"2905a59b8555fda62778ece0da6dced8355f5783","./selfhost_check_parity/cases/import_main_error.vibe":"132652492d5c2e4af979fbad1a6fb04695892047"},"version":{"prelude":"e15b070096c17e0a26c265cde04be5dc9daa10c4"},"symbol":{"std/prelude":"e15b070096c17e0a26c265cde04be5dc9daa10c4"},"module":{"/local@0.0.0/import_dep_error/broken#cd7dbbf4c77979f5d7546dc4e9fa66425fad29f5":"cd7dbbf4c77979f5d7546dc4e9fa66425fad29f5"},"annotation":{}}