{"path":{"./compiler_size/cases/module_export.vibe":"2045793514b518bf5631a0782321a734347cd2e1","./compiler_size/cases/module_import.vibe":"4eeee5d083910f5516d4985fc2559971cc4982e8"},"version":{"prelude":"902f3cdbda239d838b824225650372e8fa0a6461"},"symbol":{"std/prelude":"902f3cdbda239d838b824225650372e8fa0a6461"},"module":{"/local@0.0.0/module_export/pi#4b7a59cc99e6c1b1a61480bb85e70ff0dceb9219":"4b7a59cc99e6c1b1a61480bb85e70ff0dceb9219","/local@0.0.0/module_export/add#efdb311196a46c9e3a604c3e7371cdf61696e93f":"efdb311196a46c9e3a604c3e7371cdf61696e93f","/local@0.0.0/module_export/mul#1ad7ca28c4c2f2160a72349669dd0b23555e5b6a":"1ad7ca28c4c2f2160a72349669dd0b23555e5b6a","/local@0.0.0/module_export/sub#2206e7192ec0b71f3cfa4f1b30a8f5f4fef98f3c":"2206e7192ec0b71f3cfa4f1b30a8f5f4fef98f3c","/local@0.0.0/module_export/double#925ae78bc3df1e049b76fbc447b22ed93c2a50d6":"925ae78bc3df1e049b76fbc447b22ed93c2a50d6","/local@0.0.0/module_export/square#9a174f2a48bafad7dd804af87c07520b1dd66187":"9a174f2a48bafad7dd804af87c07520b1dd66187"},"annotation":{}}