{"path":{"./json_before_bench.vibe":"02eaed059463f1653de2ea00d3d12162611b1690","./bench_json_parse_before.vibe":"94254e1e1a7525118c771217b29bd02e66224c68","./bench_array_build_strategies.vibe":"7bae1503f35b0c9f7e8778905e943fc3d30987d2","./.vibe_bench_case_1771072447000_1_run.vibe":"3469ec2d59cda93a47c6393c8525dcc2122b6cf2","./.vibe_bench_case_1771072448000_3_run.vibe":"f9d23455ecbb9eceacc9e08ec34eec6bafd4768e","./.vibe_bench_case_1771072448000_4_run.vibe":"71011a1208da629c582cc47fa98333b469908163","./.vibe_bench_case_1771072463000_1_run.vibe":"3469ec2d59cda93a47c6393c8525dcc2122b6cf2","./.vibe_bench_case_1771072463000_3_run.vibe":"f9d23455ecbb9eceacc9e08ec34eec6bafd4768e","./.vibe_bench_case_1771072463000_4_run.vibe":"71011a1208da629c582cc47fa98333b469908163","./.vibe_bench_case_1771072495000_1_run.vibe":"3469ec2d59cda93a47c6393c8525dcc2122b6cf2","./.vibe_bench_case_1771072495000_2_run.vibe":"b4256a4e3be090491545feba1b17b5b3ef8ca927","./.vibe_bench_case_1771072495000_3_run.vibe":"f9d23455ecbb9eceacc9e08ec34eec6bafd4768e","./.vibe_bench_case_1771072495000_4_run.vibe":"71011a1208da629c582cc47fa98333b469908163","./.vibe_bench_case_1771071281000_1_warm.vibe":"7544def60ea70dc72e3d53cfb4f6bff900b6f433","./.vibe_bench_case_1771071281000_2_warm.vibe":"5c5ce8b448a6efc9e3ccd8cb6700f982e445f61f","./.vibe_bench_case_1771071297000_1_warm.vibe":"fa261a2167895dbff37ea0680f5fdf6c78baba45","./.vibe_bench_case_1771071297000_2_warm.vibe":"27c0e4e49822164b895cc165213a72663502dc93","./.vibe_bench_case_1771072447000_1_warm.vibe":"5711e471d929513d26b7efa5473acdf94fdb4f07","./.vibe_bench_case_1771072448000_2_warm.vibe":"c170814362ca87b9a2bc9fdd87b976f5fba50a0a","./.vibe_bench_case_1771072448000_3_warm.vibe":"5f0b9354711adaacaf7ff3755ebc4ee0397be65d","./.vibe_bench_case_1771072448000_4_warm.vibe":"94056463fc879cfb64ca7e96251c1d17a8290a9e","./.vibe_bench_case_1771072463000_1_warm.vibe":"5711e471d929513d26b7efa5473acdf94fdb4f07","./.vibe_bench_case_1771072463000_2_warm.vibe":"48d585646329455a5ff7ff6d4ea9736d0bc1321e","./.vibe_bench_case_1771072463000_3_warm.vibe":"5f0b9354711adaacaf7ff3755ebc4ee0397be65d","./.vibe_bench_case_1771072463000_4_warm.vibe":"94056463fc879cfb64ca7e96251c1d17a8290a9e","./.vibe_bench_case_1771072495000_1_warm.vibe":"5711e471d929513d26b7efa5473acdf94fdb4f07","./.vibe_bench_case_1771072495000_2_warm.vibe":"a99f201398917bf84b7dafc135f19381b4b690d6","./.vibe_bench_case_1771072495000_3_warm.vibe":"5f0b9354711adaacaf7ff3755ebc4ee0397be65d","./.vibe_bench_case_1771072495000_4_warm.vibe":"94056463fc879cfb64ca7e96251c1d17a8290a9e"},"version":{"prelude":"cab9ca6d5c88e8852b5b901f7e76da8ad306765e"},"symbol":{"std/prelude":"cab9ca6d5c88e8852b5b901f7e76da8ad306765e"},"module":{"/Users/mz/ghq/github.com/mizchi/xsh/bench/json_before_bench.vibe#parse":"742c1e977a3175c6328de381b5729e5d3c68d656","/Users/mz/ghq/github.com/mizchi/xsh/bench/json_before_bench.vibe#parse_ok":"8ed0e72962fca7cf4b03d6e7c9fbc1d540894e36","/Users/mz/ghq/github.com/mizchi/xsh/bench/json_before_bench.vibe#parse_err":"f2b1ffd03c1e4560c8d40e54469014ed015cdb44"},"annotation":{}}