{"path":{"./bytes.vibe":"b5b941712a0758e6edbeec1cae1d2f086c6794d7"},"version":{"prelude":"1ecc80c97dea82312bfee300a7c0955d056af398"},"symbol":{"std/prelude":"1ecc80c97dea82312bfee300a7c0955d056af398"},"module":{"/Users/mz/ghq/github.com/mizchi/vibe-lang/vibe/builtin/bytes.vibe#get":"9844d1ae28f60ca642629e812e482c926413e0a2","/Users/mz/ghq/github.com/mizchi/vibe-lang/vibe/builtin/bytes.vibe#Byte":"24ce3e1ea6dfd7ed49fd3e2a204f32ef9528382d","/Users/mz/ghq/github.com/mizchi/vibe-lang/vibe/builtin/bytes.vibe#Bytes":"f7878bf11415a1c21a61523d0d2a3041f63e52ea","/Users/mz/ghq/github.com/mizchi/vibe-lang/vibe/builtin/bytes.vibe#equals":"41033ccb3f216c5c1fd2c99431a82a7fdfccce27","/Users/mz/ghq/github.com/mizchi/vibe-lang/vibe/builtin/bytes.vibe#length":"29c72ae355aed03365737579cd92d1eeec5f3fce","/Users/mz/ghq/github.com/mizchi/vibe-lang/vibe/builtin/bytes.vibe#to_hex":"b38231c42f193c0c911fade67c9c573d37d81065","/Users/mz/ghq/github.com/mizchi/vibe-lang/vibe/builtin/bytes.vibe#is_byte":"226575b446ef563fab5e8318e094c1847570b2fa","/Users/mz/ghq/github.com/mizchi/vibe-lang/vibe/builtin/bytes.vibe#from_hex":"dbc1675eb450022606900b8c5dbf6a722057bb98","/Users/mz/ghq/github.com/mizchi/vibe-lang/vibe/builtin/bytes.vibe#to_ascii":"53bf50d2dfb7c24fbf0657261bc33d53770d728e","/Users/mz/ghq/github.com/mizchi/vibe-lang/vibe/builtin/bytes.vibe#clamp_byte":"6bfd36ccebcf08b670b38a50a91065c66d12eb23","/Users/mz/ghq/github.com/mizchi/vibe-lang/vibe/builtin/bytes.vibe#from_ascii":"0c00548021680e70e7af42f2d5f3a725710f3be8"},"annotation":{}}