{"path":{"./threads/runtime.vibe":"80426c82db8d3f9fe291ee443538ba8beefddd8c","./threads_runtime_test.vibe":"c6ae248ef5bdb1c176c6a1485e7ebd4ed0b4cfc2"},"version":{"prelude":"1ecc80c97dea82312bfee300a7c0955d056af398"},"symbol":{"std/prelude":"1ecc80c97dea82312bfee300a7c0955d056af398"},"module":{"/Users/mz/ghq/github.com/mizchi/vibe-lang/vibe/builtin/threads/runtime.vibe#recv":"8ca741f15ea05a672a02d477c3172c9a26d714b9","/Users/mz/ghq/github.com/mizchi/vibe-lang/vibe/builtin/threads/runtime.vibe#send":"40d8e828a087265bb875ff3405cf30ccd346a60d","/Users/mz/ghq/github.com/mizchi/vibe-lang/vibe/builtin/threads/runtime.vibe#wait":"86186391fe3d4f989c71218a1b3b1c254c2ce061","/Users/mz/ghq/github.com/mizchi/vibe-lang/vibe/builtin/threads/runtime.vibe#spawn":"95c29c5bdfde8b86210e70073ec37c1a05b9e8ca","/Users/mz/ghq/github.com/mizchi/vibe-lang/vibe/builtin/threads/runtime.vibe#probe_wat":"4b115c03ab9b3aa2039a119ef497ce733f42c1e7","/Users/mz/ghq/github.com/mizchi/vibe-lang/vibe/builtin/threads/runtime.vibe#channel_new":"94347e823ec65f37105c88b56bf382c141975bf6","/Users/mz/ghq/github.com/mizchi/vibe-lang/vibe/builtin/threads/runtime.vibe#runtime_hints":"5a7b27c63f93f1fcef804b1b726910a4e2721e5f"},"annotation":{}}