{"path":{"./threads/runtime.vibe":"64cd6adc6d61ca9d4a674cddfd349d995c6efdf6","./threads_runtime_test.vibe":"b4907db8b1b36744330c31004786e27a0de0fbea"},"version":{"prelude":"1ecc80c97dea82312bfee300a7c0955d056af398"},"symbol":{"std/prelude":"1ecc80c97dea82312bfee300a7c0955d056af398"},"module":{"/Users/mz/ghq/github.com/mizchi/vibe-lang/vibe/builtin/threads/runtime.vibe#recv":"4796184428b9626582695bde4ed38a8c8242362c","/Users/mz/ghq/github.com/mizchi/vibe-lang/vibe/builtin/threads/runtime.vibe#send":"bcafc1c8fc9211a3cb7b176b139d5bc9c4bf9d99","/Users/mz/ghq/github.com/mizchi/vibe-lang/vibe/builtin/threads/runtime.vibe#wait":"50ae764dd8adf1f0320c6949d7bf4b7610ac54c5","/Users/mz/ghq/github.com/mizchi/vibe-lang/vibe/builtin/threads/runtime.vibe#spawn":"ab860f049d8fa55901e6f14fd2edd5f3ea5622ea","/Users/mz/ghq/github.com/mizchi/vibe-lang/vibe/builtin/threads/runtime.vibe#probe_wat":"08c512c5b27d1e0c7e7ef93921cc8f4eb443e841","/Users/mz/ghq/github.com/mizchi/vibe-lang/vibe/builtin/threads/runtime.vibe#channel_new":"454fddb19bee64abd9b9007dfa0b3dfa1b194997","/Users/mz/ghq/github.com/mizchi/vibe-lang/vibe/builtin/threads/runtime.vibe#runtime_hints":"c22cc7493c92ccfcc85f146f2fec49f70b8f9a80"},"annotation":{"/Users/mz/ghq/github.com/mizchi/vibe-lang/vibe/builtin/threads/runtime.vibe#recv":"recv: (Int) -> String with {Threads}","/Users/mz/ghq/github.com/mizchi/vibe-lang/vibe/builtin/threads/runtime.vibe#send":"send: (Int, String) -> Bool with {Threads}","/Users/mz/ghq/github.com/mizchi/vibe-lang/vibe/builtin/threads/runtime.vibe#wait":"wait: (Int) -> Int with {Threads}","/Users/mz/ghq/github.com/mizchi/vibe-lang/vibe/builtin/threads/runtime.vibe#spawn":"spawn: (String, Int) -> Int with {Threads}","/Users/mz/ghq/github.com/mizchi/vibe-lang/vibe/builtin/threads/runtime.vibe#probe_wat":"probe_wat: () -> String with {Threads}","/Users/mz/ghq/github.com/mizchi/vibe-lang/vibe/builtin/threads/runtime.vibe#channel_new":"channel_new: (Int) -> Int with {Threads}","/Users/mz/ghq/github.com/mizchi/vibe-lang/vibe/builtin/threads/runtime.vibe#runtime_hints":"runtime_hints: () -> Unit with {Threads}"}}