{"path":{"./args/demo.vibe":"d7725377b142b4a947b403f202c1f62a3904e292","./args/parser.vibe":"300eb5e52415bc5d11fd29d76567e04c4dd6e9bc","./args/demo_test.vibe":"3ed98a6828a1c48de031f5e8b4207e997dbadea2"},"version":{"prelude":"7c764a4c84e54368561b547b9e740e7bb0584980"},"symbol":{"std/prelude":"7c764a4c84e54368561b547b9e740e7bb0584980"},"module":{"/Users/mz/ghq/github.com/mizchi/vibe-lang/vibe/x/args/parser.vibe#ArgList":"5c46d17fdccf5a711941612bf72b7baf89fb7fc1","/Users/mz/ghq/github.com/mizchi/vibe-lang/vibe/x/args/demo.vibe#demo_parse":"135046502915bef3cbfd638cd3400e850d8defd1","/Users/mz/ghq/github.com/mizchi/vibe-lang/vibe/x/args/parser.vibe#ArgToken":"d4b17cbb6cf393fc1d5715a7f0505436763418e3","/Users/mz/ghq/github.com/mizchi/vibe-lang/vibe/x/args/parser.vibe#parse_args":"79c84216ccc6a51ca3e3c66c5873acfd50218d7c","/Users/mz/ghq/github.com/mizchi/vibe-lang/vibe/x/args/parser.vibe#ParseResult":"e3d3bf480dbd6d4edeb853ea7bac5eb953b30a1c"},"annotation":{"/Users/mz/ghq/github.com/mizchi/vibe-lang/vibe/x/args/parser.vibe#parse_args":"parse_args: (Array[String]) ->"}}