{"path":{"./index.vibe":"ecd4f9776d98729d18b054ff104bc871a30920b4","./args/demo.vibe":"7ee3cdc3d09a70a9ccec6096574fd07a1a18da38","./args/index.vibe":"f64aab671ad259e91c6b198dfbd61a20848b7aae","./args/parser.vibe":"300eb5e52415bc5d11fd29d76567e04c4dd6e9bc","./jsonschema/index.vibe":"3ab9aec812c37659a2fe0c0b4ad3902b7af67eed","./jsonschema/types.vibe":"bbd2ee84a49fe8910e25ae6094d347aeb04d679b","./jsonschema/validate.vibe":"2c89b0f645ce9633ceeea296f844b8d4dea67a77"},"version":{"prelude":"57b2e437ae8577b48b73cb5778d22f8f8a76f9ab"},"symbol":{"std/prelude":"57b2e437ae8577b48b73cb5778d22f8f8a76f9ab"},"module":{"/Users/mz/ghq/github.com/mizchi/vibe-lang/vibe/x/index.vibe#Json":"f721cf82b13ac338a59660f24f4d142a4912a90f","/Users/mz/ghq/github.com/mizchi/vibe-lang/vibe/x/index.vibe#ArgList":"30fb9ef7a475e8191ad91603f28ee08438e6b2c7","/Users/mz/ghq/github.com/mizchi/vibe-lang/vibe/x/index.vibe#version":"0892a09604f221d580cfb0250cbf0142ffbe78e0","/Users/mz/ghq/github.com/mizchi/vibe-lang/vibe/x/index.vibe#ArgToken":"1498c7d77f2cf09d4a6d118cf10164a9b6ff072f","/Users/mz/ghq/github.com/mizchi/vibe-lang/vibe/x/index.vibe#validate":"c85dc1bdbde824e5efe1969c5a480f64a2106d6a","/Users/mz/ghq/github.com/mizchi/vibe-lang/vibe/x/index.vibe#JsonSchema":"3e4a1f7340931964f0bac64906b7993ffe9c9a71","/Users/mz/ghq/github.com/mizchi/vibe-lang/vibe/x/index.vibe#demo_parse":"30805c04c90c5c2d9958a8067a05c1e9f67706ec","/Users/mz/ghq/github.com/mizchi/vibe-lang/vibe/x/index.vibe#parse_args":"e94f11daa8a737aa3052281ac213d28715685655","/Users/mz/ghq/github.com/mizchi/vibe-lang/vibe/x/index.vibe#ParseResult":"8ceb609978eb87dd6e6ddd3dd42edfce5d7b1465","/Users/mz/ghq/github.com/mizchi/vibe-lang/vibe/x/args/index.vibe#ArgList":"f42c5a212d0e6923a36e55f8dd3465cce73a2513","/Users/mz/ghq/github.com/mizchi/vibe-lang/vibe/x/args/index.vibe#version":"0892a09604f221d580cfb0250cbf0142ffbe78e0","/Users/mz/ghq/github.com/mizchi/vibe-lang/vibe/x/args/index.vibe#ArgToken":"2b708d823602c6adaf166656d4da55e788a0a8b5","/Users/mz/ghq/github.com/mizchi/vibe-lang/vibe/x/args/parser.vibe#ArgList":"5c46d17fdccf5a711941612bf72b7baf89fb7fc1","/Users/mz/ghq/github.com/mizchi/vibe-lang/vibe/x/args/demo.vibe#demo_parse":"135046502915bef3cbfd638cd3400e850d8defd1","/Users/mz/ghq/github.com/mizchi/vibe-lang/vibe/x/args/parser.vibe#ArgToken":"d4b17cbb6cf393fc1d5715a7f0505436763418e3","/Users/mz/ghq/github.com/mizchi/vibe-lang/vibe/x/args/index.vibe#demo_parse":"84de27bc5305802db9b36b44a61981c002e89911","/Users/mz/ghq/github.com/mizchi/vibe-lang/vibe/x/args/index.vibe#parse_args":"3fa6c2cfb113576b01ea268b1993a9144a1d3f9d","/Users/mz/ghq/github.com/mizchi/vibe-lang/vibe/x/jsonschema/index.vibe#Json":"50ecdafe1ff7b969d67322137328fef747c8c31d","/Users/mz/ghq/github.com/mizchi/vibe-lang/vibe/x/jsonschema/types.vibe#Json":"f4be18c9ae82ab487a55139a4699d7bb0a3dff6d","/Users/mz/ghq/github.com/mizchi/vibe-lang/vibe/x/args/index.vibe#ParseResult":"a9c2a58f53e0479520cfefffa7131da4912c2cb0","/Users/mz/ghq/github.com/mizchi/vibe-lang/vibe/x/args/parser.vibe#parse_args":"8fb472ef0f849c3ecbd7fb00b49ea14f35e47a94","/Users/mz/ghq/github.com/mizchi/vibe-lang/vibe/x/args/parser.vibe#ParseResult":"e3d3bf480dbd6d4edeb853ea7bac5eb953b30a1c","/Users/mz/ghq/github.com/mizchi/vibe-lang/vibe/x/jsonschema/index.vibe#version":"0892a09604f221d580cfb0250cbf0142ffbe78e0","/Users/mz/ghq/github.com/mizchi/vibe-lang/vibe/x/jsonschema/index.vibe#validate":"e63c097a24a413c397acf4aa4d86453041623056","/Users/mz/ghq/github.com/mizchi/vibe-lang/vibe/x/index.vibe#JsonSchema::validate":"d712725ec83bb5361bb22484a92063b5bb0d512a","/Users/mz/ghq/github.com/mizchi/vibe-lang/vibe/x/jsonschema/index.vibe#JsonSchema":"f9817c195b5417243f2d3bbe660326ace18ece20","/Users/mz/ghq/github.com/mizchi/vibe-lang/vibe/x/jsonschema/types.vibe#JsonSchema":"7ba3f31b5f3e977819ff99b1b4ec016e84f4df48","/Users/mz/ghq/github.com/mizchi/vibe-lang/vibe/x/jsonschema/validate.vibe#validate":"e43b398feb4f116670dd62d856eae431bb94b02b","/Users/mz/ghq/github.com/mizchi/vibe-lang/vibe/x/jsonschema/index.vibe#JsonSchema::validate":"91819d56856287768fe9103e625537cd56d35fa7","/Users/mz/ghq/github.com/mizchi/vibe-lang/vibe/x/jsonschema/validate.vibe#JsonSchema::validate":"fccb3abf664f5918459beca42194948ba989c56d"},"annotation":{"/Users/mz/ghq/github.com/mizchi/vibe-lang/vibe/x/args/parser.vibe#parse_args":"parse_args: (Array[String]) ->"}}