{"path":{"./quickcheck/quickcheck.vibe":"00b11a03d92b5882fea14dcdb4d1512489c56524"},"version":{"prelude":"e15b070096c17e0a26c265cde04be5dc9daa10c4"},"symbol":{"std/prelude":"e15b070096c17e0a26c265cde04be5dc9daa10c4"},"module":{"/local@0.0.0/x/quickcheck/quickcheck/Rng#c86390effc39968a606ce497db2b375c7098fab1":"c86390effc39968a606ce497db2b375c7098fab1","/local@0.0.0/x/quickcheck/quickcheck/is_ok#a100710121660d68e44c9fde1cae53d64f25496f":"a100710121660d68e44c9fde1cae53d64f25496f","/local@0.0.0/x/quickcheck/quickcheck/gen_int#2228ce7c572de177963f93f340bed6abf49c63e9":"2228ce7c572de177963f93f340bed6abf49c63e9","/local@0.0.0/x/quickcheck/quickcheck/gen_nat#582782f23f30e5132f2e393450f69a40dd2f3487":"582782f23f30e5132f2e393450f69a40dd2f3487","/local@0.0.0/x/quickcheck/quickcheck/rng_new#c33be7607c9e6ad16bf433366a4a96690e414d39":"c33be7607c9e6ad16bf433366a4a96690e414d39","/local@0.0.0/x/quickcheck/quickcheck/QcResult#453218cdf755be7bb27d3de328fa49a9eb848797":"453218cdf755be7bb27d3de328fa49a9eb848797","/local@0.0.0/x/quickcheck/quickcheck/fail_msg#a401e7af084e331534274014aad8ed0677b00fb0":"a401e7af084e331534274014aad8ed0677b00fb0","/local@0.0.0/x/quickcheck/quickcheck/gen_bool#62584dd342f417de7139dc452e20ed97c0487c1e":"62584dd342f417de7139dc452e20ed97c0487c1e","/local@0.0.0/x/quickcheck/quickcheck/rng_next#25850ebe13903313e8c726fac066d9614ee8eed7":"25850ebe13903313e8c726fac066d9614ee8eed7","/local@0.0.0/x/quickcheck/quickcheck/show_int#d357e6be7c73f243f5e2cf67dd601b49019d540e":"d357e6be7c73f243f5e2cf67dd601b49019d540e","/local@0.0.0/x/quickcheck/quickcheck/check_int#03dfd24e8582e06bef75f1259cc71ddc1440ff58":"03dfd24e8582e06bef75f1259cc71ddc1440ff58","/local@0.0.0/x/quickcheck/quickcheck/check_nat#b1a017f490ccff3cde7beb68d3ba4a9bccbe50e4":"b1a017f490ccff3cde7beb68d3ba4a9bccbe50e4","/local@0.0.0/x/quickcheck/quickcheck/show_bool#e61b529879111defbb5be57cf418997d9e230f2c":"e61b529879111defbb5be57cf418997d9e230f2c","/local@0.0.0/x/quickcheck/quickcheck/check_bool#f794d12c1e430f66502a0a747e29356c794a8e3b":"f794d12c1e430f66502a0a747e29356c794a8e3b","/local@0.0.0/x/quickcheck/quickcheck/check_int2#e9b4eea914bfca45ffcf699b0f575366fc5bcab7":"e9b4eea914bfca45ffcf699b0f575366fc5bcab7","/local@0.0.0/x/quickcheck/quickcheck/gen_string#f3843c17cb342682a770df4ed7a5770e216eed07":"f3843c17cb342682a770df4ed7a5770e216eed07","/local@0.0.0/x/quickcheck/quickcheck/check_string#e24bb12e1fd01665c75b8e108743a80a25afa5ac":"e24bb12e1fd01665c75b8e108743a80a25afa5ac","/local@0.0.0/x/quickcheck/quickcheck/gen_int_array#3f79b38e09941e81808d5dbd34a044fa6aa53ec6":"3f79b38e09941e81808d5dbd34a044fa6aa53ec6","/local@0.0.0/x/quickcheck/quickcheck/gen_int_range#faa81f990e79cec91ee909de1cbece45d13a3b8d":"faa81f990e79cec91ee909de1cbece45d13a3b8d","/local@0.0.0/x/quickcheck/quickcheck/show_int_array#51c05125f309089f0f943a597e9f9f8eff0c314c":"51c05125f309089f0f943a597e9f9f8eff0c314c","/local@0.0.0/x/quickcheck/quickcheck/check_int_array#772b9832d46ca147ebf6c4911be1b62b83a3c57d":"772b9832d46ca147ebf6c4911be1b62b83a3c57d"},"annotation":{}}