{"path":{"./json.vibe":"31ad5fe0a8680d895ce71d4af3529198dc077861","./test.vibe":"edd664d655bba0d95d26e56568cbd7ceb165366b","./async.vibe":"ceb3de4b24cef65896f9a8ebb16ac86d0dc44ada","./base64.vibe":"2bbb0e16636d58403fa3ee9af48c93000ef69c23","./basics.vibe":"bdbb0d877c720f2deb6160a06962c65ed4a06eba","./syntax.vibe":"b7bd61cf7844e6b979af40d75e9a677a05226316","./effects.vibe":"f6dfc82582966cddfd7d5316ae34a5dfdb93c9e3","./json_test.vibe":"9933953b2af75c072fea7eca8c28a7f0d1129698","./simple_bench.vibe":"a77fd9e2584024931ebb7058707c2ff71d701c19","./string_basic.vibe":"6ab70e52a4a00c52f15933c2b12905a20d87f590","./module_export.vibe":"ff991eece5f5628d11a42ad7f69cb90a653426f5","./module_import.vibe":"d4854d7d0a75fe6d36d28065c633c2494372e47c","./pattern_coverage.vibe":"afeed448b6f3f155b726886a6caa1f1e1aba3e76","./json_before_bench.vibe":"02eaed059463f1653de2ea00d3d12162611b1690","./json_bench_before.vibe":"58afe5ffc179ee9831083d16bbd807d9bf32fa06","./module_types_export.vibe":"e7616700cd671b2f2a591d8f055fedaf9aac6c8b","./module_types_import.vibe":"4a9f8472b6af3df852ef7aa3ecbb89b18852ed6b"},"version":{"prelude":"cab9ca6d5c88e8852b5b901f7e76da8ad306765e"},"symbol":{"std/prelude":"cab9ca6d5c88e8852b5b901f7e76da8ad306765e"},"module":{"/Users/mz/ghq/github.com/mizchi/xsh/examples/json.vibe#Json":"f4be18c9ae82ab487a55139a4699d7bb0a3dff6d","/Users/mz/ghq/github.com/mizchi/xsh/examples/json.vibe#parse_ok":"8ed0e72962fca7cf4b03d6e7c9fbc1d540894e36","/Users/mz/ghq/github.com/mizchi/xsh/examples/json.vibe#parse_err":"f2b1ffd03c1e4560c8d40e54469014ed015cdb44","/Users/mz/ghq/github.com/mizchi/vibe-lang/examples/json.vibe#Json":"f4be18c9ae82ab487a55139a4699d7bb0a3dff6d","/Users/mz/ghq/github.com/mizchi/xsh/examples/json.vibe#is_valid_json":"b6a26e6b8a85cd214d2a1cea695847e84d0e1c7d","/Users/mz/ghq/github.com/mizchi/vibe-lang/examples/base64.vibe#encode":"e2bcbdf0abb20418444939860d33d038e13f6fa8","/Users/mz/ghq/github.com/mizchi/vibe-lang/examples/json.vibe#parse_ok":"8ed0e72962fca7cf4b03d6e7c9fbc1d540894e36","/Users/mz/ghq/github.com/mizchi/vibe-lang/examples/json.vibe#parse_err":"f2b1ffd03c1e4560c8d40e54469014ed015cdb44","/Users/mz/ghq/github.com/mizchi/xsh/examples/json.vibe#is_invalid_json":"29092fd2f0059460a8cdc0a3ab99b3a5657e0d1a","/Users/mz/ghq/github.com/mizchi/vibe-lang/examples/module_export.vibe#pi":"7cf67c7231c361922525684459a93ed4c1319145","/Users/mz/ghq/github.com/mizchi/vibe-lang/examples/module_export.vibe#add":"cb65a62434d3b953429f369f4c82495c3cc27650","/Users/mz/ghq/github.com/mizchi/vibe-lang/examples/module_export.vibe#mul":"a5785137cfc093d8e921fdb7149392b80c52da62","/Users/mz/ghq/github.com/mizchi/vibe-lang/examples/module_export.vibe#sub":"d6e2f7ef646f4eb8c24709b09cf8b7d94f9af8d2","/Users/mz/ghq/github.com/mizchi/xsh/examples/json_before_bench.vibe#parse":"742c1e977a3175c6328de381b5729e5d3c68d656","/Users/mz/ghq/github.com/mizchi/vibe-lang/examples/module_export.vibe#double":"6056a8b84748317f19bf926afb39ed8677a718a2","/Users/mz/ghq/github.com/mizchi/vibe-lang/examples/module_export.vibe#square":"727935665341531b1199d0a7c7dac5472467e561","/Users/mz/ghq/github.com/mizchi/xsh/examples/json_before_bench.vibe#parse_ok":"8ed0e72962fca7cf4b03d6e7c9fbc1d540894e36","/Users/mz/ghq/github.com/mizchi/xsh/examples/json_before_bench.vibe#parse_err":"f2b1ffd03c1e4560c8d40e54469014ed015cdb44","/Users/mz/ghq/github.com/mizchi/vibe-lang/examples/json_before_bench.vibe#parse":"742c1e977a3175c6328de381b5729e5d3c68d656","/Users/mz/ghq/github.com/mizchi/vibe-lang/examples/module_types_export.vibe#Color":"3d7ec26912d1cad0b2213a48b0066886cad6746b","/Users/mz/ghq/github.com/mizchi/vibe-lang/examples/module_types_export.vibe#Maybe":"a2c1b5ff75d338e823b598113273c05a5d8bc609","/Users/mz/ghq/github.com/mizchi/vibe-lang/examples/json_before_bench.vibe#parse_ok":"8ed0e72962fca7cf4b03d6e7c9fbc1d540894e36","/Users/mz/ghq/github.com/mizchi/vibe-lang/examples/module_types_export.vibe#is_red":"9a33b07668c02e4e52810ff641b6056caa49af9f","/Users/mz/ghq/github.com/mizchi/vibe-lang/examples/json_before_bench.vibe#parse_err":"f2b1ffd03c1e4560c8d40e54469014ed015cdb44","/Users/mz/ghq/github.com/mizchi/vibe-lang/examples/module_types_export.vibe#IntPair":"9e96cf1c0f81d4fa420d98b11cb9b62cca8258ce","/Users/mz/ghq/github.com/mizchi/vibe-lang/examples/module_types_export.vibe#make_pair":"db0b15cb1f831d7baae67e7967a65273c9b1fce5"},"annotation":{"/Users/mz/ghq/github.com/mizchi/vibe-lang/examples/module_types_export.vibe#Color":"Exported types and enum"}}