{"path":{"./json.vibe":"19341af6c7b68b4e3d01f6f3dabb5f0718139cdd","./test.vibe":"0e205ff867c07a0c45b6efab6a46b0e15828c9af","./async.vibe":"ca8e4f2802da258573a97d2355c8ee8967d99a16","./index.vibe":"5969337001362e159874b9787cf751d4a35f6ea4","./base64.vibe":"0d89063012410d170c8bdb7d97ac23497fbf6c72","./basics.vibe":"57b77407fd929a1bf77e71b0a34e50526901d873","./syntax.vibe":"983a0c324b2ab4791be1042df73e28cc2e60e2f2","./effects.vibe":"099bccaca67b3153979510b3a8e0136c42986735","./json_test.vibe":"9933953b2af75c072fea7eca8c28a7f0d1129698","./simple_bench.vibe":"1acee2c0cf7bbdc71c4d73244a793d1541037dc2","./string_basic.vibe":"52dbc1b17cf303152f4fa5438a072e32d988ebc6","./module_export.vibe":"2045793514b518bf5631a0782321a734347cd2e1","./module_import.vibe":"4cc4c1cd16873c5d3060f4ce7c49fe4a382861b6","./wasm/sleep_demo.vibe":"01c79377f3b5a57d791b99c9ec4309a5b6b45bae","./pattern_coverage.vibe":"5c1261f7e89e06519ec332d19f5136a0bccd2dc8","./json_before_bench.vibe":"02eaed059463f1653de2ea00d3d12162611b1690","./json_bench_before.vibe":"58afe5ffc179ee9831083d16bbd807d9bf32fa06","./_probe_json_import.vibe":"9e042ced7133b9ededdfb7105b0e588bc57a5f4d","./golden_wat/let_ctor.vibe":"aa16f9a091d1d01788b554df0b03ce0b92b1155f","./golden_wat/or_match.vibe":"190580b36d9edfe5a5ec9e5d7eaab08da4f85030","./module_types_export.vibe":"38a27121e0c10e20d97bd2f2db5a459e9f7077dd","./module_types_import.vibe":"010ea10e635fe834d5a0cb92b6c577a6158febc4","./golden_wat/int_match.vibe":"730ffec93fd59759d2538b57eacb7d603385153b","./golden_wat/let_tuple.vibe":"aef3e64071001f59e0c57fcf58c346ac2d10b50d","./golden_wat/bool_match.vibe":"aeed5a4c51f9b6e2ec7b58747f6f489e5e048682","./golden_wat/ctor_match.vibe":"fc1fe08a15ba660e93dafb8dcea4de63604132d6","./golden_wat/let_record.vibe":"4a654b0067b2da91ace4a36980408a5207648510","./golden_wat/float_match.vibe":"b8fe31bccfd9edaa6d22c716a8c979b5176e5e6a","./golden_wat/tuple_match.vibe":"ce0715782fa93c608a607767886cd870c4541138","./golden_wat/double_match.vibe":"3ee1d2c4c631535f09acc4023534c274d3059fda","./golden_wat/record_match.vibe":"350472d1998ef0c7481f5d654a1d76d8ee0853f3","./golden_wat/string_match.vibe":"9323ed3c0a629e8302795a4606f41be3439983b8"},"version":{"prelude":"54ea73712436887edcc0480d07ff75e6e672a4d3"},"symbol":{"std/prelude":"54ea73712436887edcc0480d07ff75e6e672a4d3"},"module":{"/Users/mz/ghq/github.com/mizchi/xsh/examples/json.vibe#Json":"f4be18c9ae82ab487a55139a4699d7bb0a3dff6d","/Users/mz/ghq/github.com/mizchi/xsh/examples/json.vibe#parse_ok":"8ed0e72962fca7cf4b03d6e7c9fbc1d540894e36","/Users/mz/ghq/github.com/mizchi/xsh/examples/json.vibe#parse_err":"f2b1ffd03c1e4560c8d40e54469014ed015cdb44","/Users/mz/ghq/github.com/mizchi/vibe-lang/examples/json.vibe#Json":"f4be18c9ae82ab487a55139a4699d7bb0a3dff6d","/Users/mz/ghq/github.com/mizchi/xsh/examples/json.vibe#is_valid_json":"b6a26e6b8a85cd214d2a1cea695847e84d0e1c7d","/Users/mz/ghq/github.com/mizchi/vibe-lang/examples/base64.vibe#encode":"e2bcbdf0abb20418444939860d33d038e13f6fa8","/Users/mz/ghq/github.com/mizchi/vibe-lang/examples/index.vibe#version":"0892a09604f221d580cfb0250cbf0142ffbe78e0","/Users/mz/ghq/github.com/mizchi/vibe-lang/examples/json.vibe#parse_ok":"8ed0e72962fca7cf4b03d6e7c9fbc1d540894e36","/Users/mz/ghq/github.com/mizchi/vibe-lang/examples/json.vibe#parse_err":"f2b1ffd03c1e4560c8d40e54469014ed015cdb44","/Users/mz/ghq/github.com/mizchi/xsh/examples/json.vibe#is_invalid_json":"29092fd2f0059460a8cdc0a3ab99b3a5657e0d1a","/Users/mz/ghq/github.com/mizchi/vibe-lang/examples/module_export.vibe#pi":"d167b51c12a68ae1d5796752e1e9221ab6813ee2","/Users/mz/ghq/github.com/mizchi/vibe-lang/examples/module_export.vibe#add":"cb65a62434d3b953429f369f4c82495c3cc27650","/Users/mz/ghq/github.com/mizchi/vibe-lang/examples/module_export.vibe#mul":"a5785137cfc093d8e921fdb7149392b80c52da62","/Users/mz/ghq/github.com/mizchi/vibe-lang/examples/module_export.vibe#sub":"d6e2f7ef646f4eb8c24709b09cf8b7d94f9af8d2","/Users/mz/ghq/github.com/mizchi/xsh/examples/json_before_bench.vibe#parse":"742c1e977a3175c6328de381b5729e5d3c68d656","/Users/mz/ghq/github.com/mizchi/vibe-lang/examples/module_export.vibe#double":"6056a8b84748317f19bf926afb39ed8677a718a2","/Users/mz/ghq/github.com/mizchi/vibe-lang/examples/module_export.vibe#square":"727935665341531b1199d0a7c7dac5472467e561","/Users/mz/ghq/github.com/mizchi/xsh/examples/json_before_bench.vibe#parse_ok":"8ed0e72962fca7cf4b03d6e7c9fbc1d540894e36","/Users/mz/ghq/github.com/mizchi/xsh/examples/json_before_bench.vibe#parse_err":"f2b1ffd03c1e4560c8d40e54469014ed015cdb44","/Users/mz/ghq/github.com/mizchi/vibe-lang/examples/json_before_bench.vibe#parse":"742c1e977a3175c6328de381b5729e5d3c68d656","/Users/mz/ghq/github.com/mizchi/vibe-lang/examples/module_types_export.vibe#Color":"3d7ec26912d1cad0b2213a48b0066886cad6746b","/Users/mz/ghq/github.com/mizchi/vibe-lang/examples/module_types_export.vibe#Maybe":"a2c1b5ff75d338e823b598113273c05a5d8bc609","/Users/mz/ghq/github.com/mizchi/vibe-lang/examples/json_before_bench.vibe#parse_ok":"8ed0e72962fca7cf4b03d6e7c9fbc1d540894e36","/Users/mz/ghq/github.com/mizchi/vibe-lang/examples/module_types_export.vibe#is_red":"9a33b07668c02e4e52810ff641b6056caa49af9f","/Users/mz/ghq/github.com/mizchi/vibe-lang/examples/json_before_bench.vibe#parse_err":"f2b1ffd03c1e4560c8d40e54469014ed015cdb44","/Users/mz/ghq/github.com/mizchi/vibe-lang/examples/module_types_export.vibe#IntPair":"9e96cf1c0f81d4fa420d98b11cb9b62cca8258ce","/Users/mz/ghq/github.com/mizchi/vibe-lang/examples/module_types_export.vibe#make_pair":"db0b15cb1f831d7baae67e7967a65273c9b1fce5"},"annotation":{"/Users/mz/ghq/github.com/mizchi/vibe-lang/examples/module_types_export.vibe#Color":"Exported types and enum"}}