{"path":{"./module_import.xsh":"668d47fb944ec2bb5c3f6cd45c4ce055cc1b8863","./module_export.xsh":"ff991eece5f5628d11a42ad7f69cb90a653426f5","./module_types_import.xsh":"fde3c55dd26ac8d732e7007a1438038dbd30fbb5","./module_types_export.xsh":"e7616700cd671b2f2a591d8f055fedaf9aac6c8b"},"version":{},"symbol":{}}