{
  "path": {
    "./test_import.vibe": "314e61e288e3c159e0450eccec07d7c3473b09fe",
    "./bool.vibe": "c107ada27dc8ac8ac1b7fc96c92de83eb0f770b0",
    "./float.vibe": "60f4f4c441bd875ae7c633da724d2de0282affd3",
    "./builtin_traits_test.vibe": "9dd1a159d1c198d458e8e79a5e61b662c3494ee9",
    "./builtin_traits.vibe": "87720797b2dea129439ca72d7d46d399f1c9373d",
    "./bool_test.vibe": "61f2e84e0ea90c638142c7d9dbccc93e75abec2d",
    "./int_test.vibe": "1042365d8166cdf33d3d7f8bc3fac9338ddc6972",
    "./int.vibe": "1473a20a9406ff0baaa9f228e0d3d2a422800669",
    "./float_test.vibe": "a74bb3d9e57c511e3ae4eb778ed47b4a2661e97e",
    "./double_test.vibe": "947c8ddb8039f0aaf1476dfc5574ea49bd644eaa",
    "./double.vibe": "f5e98e5e1a37f9a9055fbb32a28959c21f81aca4",
    "./list_test.vibe": "8ed03b2f7a4e2aff49910578a9be3b5362965a56",
    "./list.vibe": "07fa616d167f4bff2061e6aeeb73562a0c90b819",
    "./option_test.vibe": "8208128f985262d5b76935e7d962e95adbca0ced",
    "./option.vibe": "24e455b2c21ed33823e1f3d6d7437563e43cda21",
    "./string_test.vibe": "d4fab25205b8c90735b7db08a4f12c64707e5784",
    "./string.vibe": "b095806e35d1e283f55e55aff36c638b08a3d6b5",
    "./io_test.vibe": "20289f65cf6dc8f4d062df486e7ddee176a043ec",
    "./io.vibe": "d1e72adb6a6875a165131744c2a8eb5f7cadcdb8",
    "./threads_test.vibe": "457f93afc5ad6ac460ddb600ac73940f760e3855",
    "./threads.vibe": "c6260d8d3df8c1c399a63d4cf7c6a6dc812d6322"
  },
  "version": {},
  "symbol": {}
}
