{"path":{"./path.vibe":"004650668f7f4672f1d5eedd468cfd656e39f5c0","./index.vibe":"7f09d8c6649a1d06b5b16959402d7908a018830d"},"version":{"prelude":"57b2e437ae8577b48b73cb5778d22f8f8a76f9ab"},"symbol":{"std/prelude":"57b2e437ae8577b48b73cb5778d22f8f8a76f9ab"},"module":{"/local@0.0.0/module/dir_of#e10bfa97cc239a8dfa7963aae19363855d466119":"e10bfa97cc239a8dfa7963aae19363855d466119","/local@0.0.0/module/version#0892a09604f221d580cfb0250cbf0142ffbe78e0":"0892a09604f221d580cfb0250cbf0142ffbe78e0","/local@0.0.0/module/path/dir_of#d490a8cc1a3cb1d4501cffeb9e28a52f260256df":"d490a8cc1a3cb1d4501cffeb9e28a52f260256df","/local@0.0.0/module/resolve_path#a527da78ee9c9e5d625ddbd8f7785bef4b3988eb":"a527da78ee9c9e5d625ddbd8f7785bef4b3988eb","/local@0.0.0/module/path/resolve_path#23c542a1668a62436ccdc41d9f8c6ab52386a18b":"23c542a1668a62436ccdc41d9f8c6ab52386a18b"},"annotation":{}}