{"path":{"./path.vibe":"1f495996ef0b3544f36a000e30f70fcb8aeb89f9"},"version":{"prelude":"57b2e437ae8577b48b73cb5778d22f8f8a76f9ab"},"symbol":{"std/prelude":"57b2e437ae8577b48b73cb5778d22f8f8a76f9ab"},"module":{"/local@0.1.0/path/dir_of#4cb59838446a12e18a999637195fe129a96baf3c":"4cb59838446a12e18a999637195fe129a96baf3c","/local@0.1.0/path/resolve_path#7521b11953a2f829562323c1d0d064ce5203bbdf":"7521b11953a2f829562323c1d0d064ce5203bbdf"},"annotation":{}}