{"path":{"./wasm_runtime.vibe":"be332660c56eea9a125b13164e854e63647e5130"},"version":{"prelude":"cd83deed7db4f4850e85c4d3f02bbfc053287b69"},"symbol":{"std/prelude":"cd83deed7db4f4850e85c4d3f02bbfc053287b69"},"module":{"/local@0.0.0/wasm/wasm_runtime/wasm_runtime/exec_body#c45c0999ef5bb8c6674b43365cdb5f0f5f20dd7f":"c45c0999ef5bb8c6674b43365cdb5f0f5f20dd7f","/local@0.0.0/wasm/wasm_runtime/wasm_runtime/disassemble#07576acedfbdd06a644063c425ef90da7b37c1cb":"07576acedfbdd06a644063c425ef90da7b37c1cb","/local@0.0.0/wasm/wasm_runtime/wasm_runtime/exec_module#a962e3a36ac475d4c388d8ffea7ebfdc896189b4":"a962e3a36ac475d4c388d8ffea7ebfdc896189b4","/local@0.0.0/wasm/wasm_runtime/wasm_runtime/make_memory#b8a623c45b50af49674dad796778d32f4eea6dff":"b8a623c45b50af49674dad796778d32f4eea6dff","/local@0.0.0/wasm/wasm_runtime/wasm_runtime/opcode_name#7b998a6962b4698a4b570232b62ea4a62886a17d":"7b998a6962b4698a4b570232b62ea4a62886a17d","/local@0.0.0/wasm/wasm_runtime/wasm_runtime/exec_body_gc#37832574d436611a251cde75877ed98da5f0fa0e":"37832574d436611a251cde75877ed98da5f0fa0e","/local@0.0.0/wasm/wasm_runtime/wasm_runtime/exec_module_with_args#144f66c1d4877d746dbb466677637cd16d9ebeeb":"144f66c1d4877d746dbb466677637cd16d9ebeeb"},"annotation":{"/Users/mz/ghq/github.com/mizchi/vibe-lang/vibe/wasm/wasm_runtime/wasm_runtime.vibe#exec_body":"Execute function body. Returns (exit_code, result_value).\nexit_code: 0=normal, 1=trap, 2=return","/Users/mz/ghq/github.com/mizchi/vibe-lang/vibe/wasm/wasm_runtime/wasm_runtime.vibe#disassemble":"Disassemble code bytes into human-readable instruction strings","/Users/mz/ghq/github.com/mizchi/vibe-lang/vibe/wasm/wasm_runtime/wasm_runtime.vibe#exec_module":"Parse a WASM module binary, find export by name, execute it.\nReturns (exit_code, result). exit_code: 0=ok, 1=trap, -1=parse error, -2=export not found","/Users/mz/ghq/github.com/mizchi/vibe-lang/vibe/wasm/wasm_runtime/wasm_runtime.vibe#exec_body_gc":"GC-aware instruction executor.\ngc_heap is an Array of Arrays. Each entry is a GC object.\nStruct: [type_idx, field0, field1, ...]\nArray:  [type_idx, length, elem0, elem1, ...]\nNull reference = -1, valid reference = index into gc_heap."}}
