{"path":{"./io.xsh":"d1e72adb6a6875a165131744c2a8eb5f7cadcdb8","./int.xsh":"ee2d1297edc1b0bdb25aece586102af046ce7673","./bool.xsh":"debeb9ac679d29d99c33f9856e5e36b5c1cfce3a","./list.xsh":"726a7dc91eec2ca1866c2d5062a19df4f8128d28","./float.xsh":"60f4f4c441bd875ae7c633da724d2de0282affd3","./double.xsh":"7ea785d2bad9b5defe664705d5d56e03330b6231","./option.xsh":"3cc0a2a4783f1f2a5830b0ea5f5596c0089ae4bc","./string.xsh":"4dffb5407e26ab274b898a3816b915a1a6f23384","./io_test.xsh":"20289f65cf6dc8f4d062df486e7ddee176a043ec","./threads.xsh":"c6260d8d3df8c1c399a63d4cf7c6a6dc812d6322","./int_test.xsh":"20cc1d9095b123089c9c190c5b836f82c6a2701e","./bool_test.xsh":"548ecd3c382ba96238b8a07fbe38961e0631b9f6","./list_test.xsh":"8d49ad70c5c3fd411ef2ee98c650f446c287ecca","./float_test.xsh":"a74bb3d9e57c511e3ae4eb778ed47b4a2661e97e","./double_test.xsh":"29fcd00bc996645b62578e2861c03c4862433376","./option_test.xsh":"615db8a97f4a4a7a11555bb2947ec178e23f017c","./string_test.xsh":"a21ca6af561cb12d7a3e29ebc3fa2b1c5d98b0c0","./test_import.xsh":"314e61e288e3c159e0450eccec07d7c3473b09fe","./threads_test.xsh":"457f93afc5ad6ac460ddb600ac73940f760e3855","./builtin_traits.xsh":"87720797b2dea129439ca72d7d46d399f1c9373d","./_tmp_import_probe.xsh":"503884dbcbfdcaae9a25ecdcc077055b42562feb","./builtin_traits_test.xsh":"9dd1a159d1c198d458e8e79a5e61b662c3494ee9"},"version":{"prelude":"cab9ca6d5c88e8852b5b901f7e76da8ad306765e"},"symbol":{"std/prelude":"cab9ca6d5c88e8852b5b901f7e76da8ad306765e"},"module":{"/Users/mz/ghq/github.com/mizchi/xsh/xsh/std/int.xsh#abs":"a11c29f45f7f7bea7337f10f05c7e41d8bc7e789","/Users/mz/ghq/github.com/mizchi/xsh/xsh/std/int.xsh#gcd":"01fae7cc85c13da532568cb401e5fe58f1c68af0","/Users/mz/ghq/github.com/mizchi/xsh/xsh/std/int.xsh#lcm":"b27089250b86fe113dbdbf39c7bc9f870a6d1404","/Users/mz/ghq/github.com/mizchi/xsh/xsh/std/int.xsh#max":"8b18b61751973a6559f772d4d44390cf42001dfd","/Users/mz/ghq/github.com/mizchi/xsh/xsh/std/int.xsh#min":"d1351837b6abe3c60ea94a61f27904848305cf12","/Users/mz/ghq/github.com/mizchi/xsh/xsh/std/int.xsh#pow":"ce95ce06ef847eb2868344c6a91bd88347b46096","/Users/mz/ghq/github.com/mizchi/xsh/xsh/std/bool.xsh#nor":"39f5d5e0dcea270dcf845a609d41921545e82fc8","/Users/mz/ghq/github.com/mizchi/xsh/xsh/std/bool.xsh#xor":"0e3fc0bdc74f6c73fd8aec04d1c99d06872e8c22","/Users/mz/ghq/github.com/mizchi/xsh/xsh/std/float.xsh#eq":"b2e96a98b3f6eeedc6adc629c4073d7706f35fe0","/Users/mz/ghq/github.com/mizchi/xsh/xsh/std/list.xsh#nth":"7fa67dba34604e5de220601cd50d8500a647c7ca","/Users/mz/ghq/github.com/mizchi/xsh/xsh/std/list.xsh#of3":"cd7a226fd545e8c42050d843c88c29af48ebe36e","/Users/mz/ghq/github.com/mizchi/xsh/xsh/std/list.xsh#of5":"f73265e26d72a0cd6fd669a2d6f4e5802bf678c4","/Users/mz/ghq/github.com/mizchi/xsh/xsh/std/list.xsh#sum":"f788274f64104c1d38ac4a67782827641a758e98","/Users/mz/ghq/github.com/mizchi/xsh/xsh/std/bool.xsh#all3":"31a13c610a8bab7a17c7ced40e426901d2128887","/Users/mz/ghq/github.com/mizchi/xsh/xsh/std/bool.xsh#any3":"8bed8a104342d4e6077a9d143bb060c8d3d89717","/Users/mz/ghq/github.com/mizchi/xsh/xsh/std/bool.xsh#nand":"426cb2d03830e8a66761ee203cb7a5137ae8d34e","/Users/mz/ghq/github.com/mizchi/xsh/xsh/std/float.xsh#abs":"3e728ca8190eb2fd7cfee8ec71636f6ae81574be","/Users/mz/ghq/github.com/mizchi/xsh/xsh/std/float.xsh#max":"a01a249e153560634c216576a346db73c03f12ab","/Users/mz/ghq/github.com/mizchi/xsh/xsh/std/float.xsh#min":"a15eee343b56d519f0873f8c9190bbf5ece1a96e","/Users/mz/ghq/github.com/mizchi/xsh/xsh/std/int.xsh#clamp":"ac3f7339f7025b6e118ca0a8c89c9fb004febe54","/Users/mz/ghq/github.com/mizchi/xsh/xsh/std/list.xsh#List":"8ec06b004c4f0719777e869be76d929ddc41678f","/Users/mz/ghq/github.com/mizchi/xsh/xsh/std/list.xsh#drop":"fabf964375bd6079fa6653bd3595e768fd80496c","/Users/mz/ghq/github.com/mizchi/xsh/xsh/std/list.xsh#head":"4acbf4d4a211955e307151eac67dc36b99c891ab","/Users/mz/ghq/github.com/mizchi/xsh/xsh/std/list.xsh#tail":"f6010a4e7d8c4d8cebca489c6e14054d5f758e48","/Users/mz/ghq/github.com/mizchi/xsh/xsh/std/list.xsh#take":"60a400ed64005350a777d9768e1a64c9ef29a1a8","/Users/mz/ghq/github.com/mizchi/xsh/xsh/std/option.xsh#Eq":"c8d900b32ee3c6656d35c2a7bc8122fbbb7c8183","/Users/mz/ghq/github.com/mizchi/xsh/xsh/std/option.xsh#or":"7701ed2dce7e702c2a50344cee07afbb5fe1370a","/Users/mz/ghq/github.com/mizchi/xsh/xsh/std/double.xsh#abs":"da08fafa77e92da8e1bf8f9ce2e24aedc5c96aac","/Users/mz/ghq/github.com/mizchi/xsh/xsh/std/double.xsh#max":"efd9382b1a2b7130bfc89d8a3d71780f70e86f96","/Users/mz/ghq/github.com/mizchi/xsh/xsh/std/double.xsh#min":"ffbf390ce448bb5595e49c66534bc3b1e65cef0e","/Users/mz/ghq/github.com/mizchi/xsh/xsh/std/float.xsh#lerp":"1d82ffd8a60aef7dd69d616d5a8756ef5c354dfa","/Users/mz/ghq/github.com/mizchi/xsh/xsh/std/int.xsh#is_odd":"eff43e0adf44b10c261dd80acd6bbb3d896a5282","/Users/mz/ghq/github.com/mizchi/xsh/xsh/std/int.xsh#signum":"2b257fb764e47bb2551c5aaacfac6c8e7b77ae80","/Users/mz/ghq/github.com/mizchi/xsh/xsh/std/list.xsh#empty":"d45ea90cc039651bb57b297fe3574a3dc3a36ebf","/Users/mz/ghq/github.com/mizchi/xsh/xsh/std/option.xsh#and":"db96b5f08bd8f2c6ae460ab333725897e44c5ad3","/Users/mz/ghq/github.com/mizchi/xsh/xsh/std/option.xsh#zip":"f047b2217df4ae2a362c5892af957556305441cf","/Users/mz/ghq/github.com/mizchi/xsh/xsh/std/bool.xsh#to_int":"089f92b8aa1930021b12f47ba6bbfdaec827c2c3","/Users/mz/ghq/github.com/mizchi/xsh/xsh/std/double.xsh#ceil":"58e84c10bb7737a6b6f3960728ce42294b4a07bb","/Users/mz/ghq/github.com/mizchi/xsh/xsh/std/double.xsh#cube":"c698dbde7d922b2fdd019c7e6093d749c1bd2f47","/Users/mz/ghq/github.com/mizchi/xsh/xsh/std/double.xsh#lerp":"e431b842da14231b90c5d9ac1d10ca4f44a60ff2","/Users/mz/ghq/github.com/mizchi/xsh/xsh/std/float.xsh#clamp":"4b594c2efee5f0530e12c6dae2c8d92c7f132409","/Users/mz/ghq/github.com/mizchi/xsh/xsh/std/int.xsh#is_even":"372899108f81935c35fdd4445dd8a7dc55b2e77d","/Users/mz/ghq/github.com/mizchi/xsh/xsh/std/int.xsh#is_zero":"b097918a4221a9698076861ed676fd07ec1476e9","/Users/mz/ghq/github.com/mizchi/xsh/xsh/std/list.xsh#append":"6b0fed58e6cb509505d78946090c919294871de7","/Users/mz/ghq/github.com/mizchi/xsh/xsh/std/list.xsh#filter":"6ff841d8192b5ca975c9d489e69fa03ba3acb804","/Users/mz/ghq/github.com/mizchi/xsh/xsh/std/list.xsh#length":"ff88d7732c558a78af67c27afdce861907b45919","/Users/mz/ghq/github.com/mizchi/xsh/xsh/std/string.xsh#drop":"a3fa0c44336235e27d86b832fbdf22bb85a7f285","/Users/mz/ghq/github.com/mizchi/xsh/xsh/std/string.xsh#head":"4f535152f9d10dd1002ae6980f1b1947970b7cf4","/Users/mz/ghq/github.com/mizchi/xsh/xsh/std/string.xsh#init":"0daf69bfa5b3348b3e62a06342520cdde6181a89","/Users/mz/ghq/github.com/mizchi/xsh/xsh/std/string.xsh#join":"cfff64776b301800abab470550ab55f738a257fc","/Users/mz/ghq/github.com/mizchi/xsh/xsh/std/string.xsh#last":"718d0e71a61bf5a21fc1bc83748f21a4c5f64296","/Users/mz/ghq/github.com/mizchi/xsh/xsh/std/string.xsh#tail":"e8f8050289e0649adf53a26d2f67e7f8dd63fe9e","/Users/mz/ghq/github.com/mizchi/xsh/xsh/std/string.xsh#take":"3f8a138e7d1e3987edf736b00efa9cc1223aaa9f","/Users/mz/ghq/github.com/mizchi/xsh/xsh/std/string.xsh#trim":"f9c74192fec7840a02029954a3042303d1446451","/Users/mz/ghq/github.com/mizchi/xsh/xsh/std/bool.xsh#implies":"6d55a6380f9054506f590ff36ca7750da908d7e6","/Users/mz/ghq/github.com/mizchi/xsh/xsh/std/double.xsh#clamp":"27f5f2791c4738f6d2eb1e5546a20c92d9a344a3","/Users/mz/ghq/github.com/mizchi/xsh/xsh/std/double.xsh#floor":"674a740a020094deabecc7687f0590a8de0d915a","/Users/mz/ghq/github.com/mizchi/xsh/xsh/std/double.xsh#fract":"34a5b57ad9fa860ea7330d6865401affc3030833","/Users/mz/ghq/github.com/mizchi/xsh/xsh/std/double.xsh#round":"32bd7fcc88a51d7bfd040cd3acbae7fecd5879ec","/Users/mz/ghq/github.com/mizchi/xsh/xsh/std/double.xsh#trunc":"a5d272393a9fc9d92a66adc1dbf74b84ca4a561c","/Users/mz/ghq/github.com/mizchi/xsh/xsh/std/float.xsh#is_nan":"c4c17c12d0b0a3148058e78403feb463d2fb9f7b","/Users/mz/ghq/github.com/mizchi/xsh/xsh/std/float.xsh#signum":"a7efee3d89827123fd65441f7d5743ba828f0645","/Users/mz/ghq/github.com/mizchi/xsh/xsh/std/float.xsh#square":"2d5ea650cf50beceea4f3f5b5a9dc2a015a01317","/Users/mz/ghq/github.com/mizchi/xsh/xsh/std/int.xsh#Int::abs":"a11c29f45f7f7bea7337f10f05c7e41d8bc7e789","/Users/mz/ghq/github.com/mizchi/xsh/xsh/std/int.xsh#Int::gcd":"01fae7cc85c13da532568cb401e5fe58f1c68af0","/Users/mz/ghq/github.com/mizchi/xsh/xsh/std/int.xsh#Int::lcm":"b27089250b86fe113dbdbf39c7bc9f870a6d1404","/Users/mz/ghq/github.com/mizchi/xsh/xsh/std/int.xsh#Int::max":"8b18b61751973a6559f772d4d44390cf42001dfd","/Users/mz/ghq/github.com/mizchi/xsh/xsh/std/int.xsh#Int::min":"d1351837b6abe3c60ea94a61f27904848305cf12","/Users/mz/ghq/github.com/mizchi/xsh/xsh/std/int.xsh#Int::pow":"ce95ce06ef847eb2868344c6a91bd88347b46096","/Users/mz/ghq/github.com/mizchi/xsh/xsh/std/list.xsh#reverse":"b374671f2eecd9f25faecf6026c33f3e008ad335","/Users/mz/ghq/github.com/mizchi/xsh/xsh/std/string.xsh#count":"e243e6d4415b8cc6a21d8d5aeab702d5debe6298","/Users/mz/ghq/github.com/mizchi/xsh/xsh/std/string.xsh#split":"9438bd763e25c9c0f3abb581b2485b869c20009b","/Users/mz/ghq/github.com/mizchi/xsh/xsh/std/bool.xsh#bool_nor":"1c461ba1a37e8bb049aab2aa6b4e9ad9680c8372","/Users/mz/ghq/github.com/mizchi/xsh/xsh/std/bool.xsh#bool_xor":"100234c7bafb399e2ca2fcee18625a62cb1ce5d6","/Users/mz/ghq/github.com/mizchi/xsh/xsh/std/bool.xsh#from_int":"6098df6f0d2091ed7e3e52c6e477afe6395c9c2a","/Users/mz/ghq/github.com/mizchi/xsh/xsh/std/double.xsh#is_nan":"5d8bbb739d47a28373780ab9d952e907bdc7a324","/Users/mz/ghq/github.com/mizchi/xsh/xsh/std/double.xsh#signum":"61b5ceb8428d4838f33b7c60316799b36032f1bb","/Users/mz/ghq/github.com/mizchi/xsh/xsh/std/double.xsh#square":"5aa35c68ae72c31eeebfb8e01d0f68e650439387","/Users/mz/ghq/github.com/mizchi/xsh/xsh/std/float.xsh#is_zero":"92da285af62c0e7fb09fa539915f98b20bb88e32","/Users/mz/ghq/github.com/mizchi/xsh/xsh/std/int.xsh#factorial":"d7014bff1af87b36c93a4bbf4b4b39f8dba3d3c4","/Users/mz/ghq/github.com/mizchi/xsh/xsh/std/int.xsh#fibonacci":"882986e41c7397c054e51751e8f10aa8bd043e2c","/Users/mz/ghq/github.com/mizchi/xsh/xsh/std/int.xsh#max_value":"4b8be1afddf598b0d5e8e727748dcb658c67f99d","/Users/mz/ghq/github.com/mizchi/xsh/xsh/std/int.xsh#min_value":"e0ef6d0ba3faf449f8f322c2befb5fa2ec92b28f","/Users/mz/ghq/github.com/mizchi/xsh/xsh/std/list.xsh#is_empty":"252a391337a813f0e7d3de85a20ccec2ff94200f","/Users/mz/ghq/github.com/mizchi/xsh/xsh/std/list.xsh#list_map":"9ed919058c38486ca9d0490ba13139fcab34fef1","/Users/mz/ghq/github.com/mizchi/xsh/xsh/std/list.xsh#list_nth":"135ad4844a3762ed09adc917b2251b019107ab06","/Users/mz/ghq/github.com/mizchi/xsh/xsh/std/list.xsh#list_of3":"690f8d323f4eb5f3d0dce3d8faa21838ff9ca38b","/Users/mz/ghq/github.com/mizchi/xsh/xsh/std/list.xsh#list_of5":"00e87318404e8b1c5317bff4000b92845063a17a","/Users/mz/ghq/github.com/mizchi/xsh/xsh/std/list.xsh#list_sum":"d7c1f187923bd3cdab761ff0f648c840c996fc56","/Users/mz/ghq/github.com/mizchi/xsh/xsh/std/option.xsh#equals":"09125d3b14f43121bc9d56d88826063e881c9a4f","/Users/mz/ghq/github.com/mizchi/xsh/xsh/std/option.xsh#filter":"1a84457f3905006298e90df6adb850fde765b858","/Users/mz/ghq/github.com/mizchi/xsh/xsh/std/option.xsh#map_or":"97d13ba7fe185b9b81e0e1a67f640a0596806a61","/Users/mz/ghq/github.com/mizchi/xsh/xsh/std/string.xsh#equals":"8cc6020350505ae4c982c68f01b67aa42bfa008c","/Users/mz/ghq/github.com/mizchi/xsh/xsh/std/string.xsh#repeat":"856c9f2cea47ee811dd52517548a921b39457a83","/Users/mz/ghq/github.com/mizchi/xsh/xsh/std/bool.xsh#Bool::nor":"39f5d5e0dcea270dcf845a609d41921545e82fc8","/Users/mz/ghq/github.com/mizchi/xsh/xsh/std/bool.xsh#Bool::xor":"0e3fc0bdc74f6c73fd8aec04d1c99d06872e8c22","/Users/mz/ghq/github.com/mizchi/xsh/xsh/std/bool.xsh#bool_all3":"9aab780b8597a85dfc171308f0172721ee051502","/Users/mz/ghq/github.com/mizchi/xsh/xsh/std/bool.xsh#bool_any3":"476408bc1c723d9f47f41b8ee2506769dd7729b5","/Users/mz/ghq/github.com/mizchi/xsh/xsh/std/bool.xsh#bool_nand":"131bbf0f380d58fd48ce63a605e691c83bda87dc","/Users/mz/ghq/github.com/mizchi/xsh/xsh/std/int.xsh#Int::clamp":"ac3f7339f7025b6e118ca0a8c89c9fb004febe54","/Users/mz/ghq/github.com/mizchi/xsh/xsh/std/list.xsh#List::nth":"7fa67dba34604e5de220601cd50d8500a647c7ca","/Users/mz/ghq/github.com/mizchi/xsh/xsh/std/list.xsh#List::of3":"cd7a226fd545e8c42050d843c88c29af48ebe36e","/Users/mz/ghq/github.com/mizchi/xsh/xsh/std/list.xsh#List::of5":"f73265e26d72a0cd6fd669a2d6f4e5802bf678c4","/Users/mz/ghq/github.com/mizchi/xsh/xsh/std/list.xsh#List::sum":"f788274f64104c1d38ac4a67782827641a758e98","/Users/mz/ghq/github.com/mizchi/xsh/xsh/std/list.xsh#list_cons":"f1387f8a77435533083dcc4b5d87f93411c02562","/Users/mz/ghq/github.com/mizchi/xsh/xsh/std/list.xsh#list_drop":"70b84abcac946ec5965a62a919d8c40dc6e2e80b","/Users/mz/ghq/github.com/mizchi/xsh/xsh/std/list.xsh#list_fold":"eceb8eccf4152c926969979585a94addc4328ef7","/Users/mz/ghq/github.com/mizchi/xsh/xsh/std/list.xsh#list_head":"f890c78f0fd8954e7036487094c7e2d0a4969dfc","/Users/mz/ghq/github.com/mizchi/xsh/xsh/std/list.xsh#list_tail":"6ef412ffb255d3148b55e3cb5a894996ea019b94","/Users/mz/ghq/github.com/mizchi/xsh/xsh/std/list.xsh#list_take":"8be1d230d41c964fd02cf071e0fdf857fa18bcb4","/Users/mz/ghq/github.com/mizchi/xsh/xsh/std/list.xsh#singleton":"59f97d511c06934c1fc42c9f7fdf53abb0533ead","/Users/mz/ghq/github.com/mizchi/xsh/xsh/std/option.xsh#flatmap":"d9b91aa56c0f37e476e3e2d3633dded82f81cf5b","/Users/mz/ghq/github.com/mizchi/xsh/xsh/std/option.xsh#flatten":"defd444f3091dc76a7e2347bcf9024e760a9e06f","/Users/mz/ghq/github.com/mizchi/xsh/xsh/std/option.xsh#is_none":"d9e259d0846f367af9fdd6cbedd8f058d8840b68","/Users/mz/ghq/github.com/mizchi/xsh/xsh/std/option.xsh#is_some":"915c7b372d67d153a25244ed47169813290239b7","/Users/mz/ghq/github.com/mizchi/xsh/xsh/std/option.xsh#map_opt":"fc94a9283d4c5ab524a220fbd0c2a592ba57609a","/Users/mz/ghq/github.com/mizchi/xsh/xsh/std/option.xsh#or_else":"9fb8ed84c1222e795421e64dbbd974303f548687","/Users/mz/ghq/github.com/mizchi/xsh/xsh/std/option.xsh#zip_sum":"b6ece86d4c35ed280d41e8575fa1387dc8c97160","/Users/mz/ghq/github.com/mizchi/xsh/xsh/std/string.xsh#compare":"9ddca0de94e6e5579f8c785abed5e2f4b43647d6","/Users/mz/ghq/github.com/mizchi/xsh/xsh/std/string.xsh#replace":"a29f73c17e2797f46c2f54165b3b8f6d8d4ff2d9","/Users/mz/ghq/github.com/mizchi/xsh/xsh/std/bool.xsh#Bool::all3":"31a13c610a8bab7a17c7ced40e426901d2128887","/Users/mz/ghq/github.com/mizchi/xsh/xsh/std/bool.xsh#Bool::any3":"8bed8a104342d4e6077a9d143bb060c8d3d89717","/Users/mz/ghq/github.com/mizchi/xsh/xsh/std/bool.xsh#Bool::nand":"426cb2d03830e8a66761ee203cb7a5137ae8d34e","/Users/mz/ghq/github.com/mizchi/xsh/xsh/std/float.xsh#Float::eq":"b2e96a98b3f6eeedc6adc629c4073d7706f35fe0","/Users/mz/ghq/github.com/mizchi/xsh/xsh/std/int.xsh#Int::is_odd":"eff43e0adf44b10c261dd80acd6bbb3d896a5282","/Users/mz/ghq/github.com/mizchi/xsh/xsh/std/int.xsh#Int::signum":"2b257fb764e47bb2551c5aaacfac6c8e7b77ae80","/Users/mz/ghq/github.com/mizchi/xsh/xsh/std/int.xsh#is_negative":"8f6fedcb5599ccbbd1d2592c4bde9bc116496c53","/Users/mz/ghq/github.com/mizchi/xsh/xsh/std/int.xsh#is_positive":"f539cf9ef855c36c014c055e9c43bc238c3a3611","/Users/mz/ghq/github.com/mizchi/xsh/xsh/std/list.xsh#List::drop":"fabf964375bd6079fa6653bd3595e768fd80496c","/Users/mz/ghq/github.com/mizchi/xsh/xsh/std/list.xsh#List::head":"4acbf4d4a211955e307151eac67dc36b99c891ab","/Users/mz/ghq/github.com/mizchi/xsh/xsh/std/list.xsh#List::tail":"f6010a4e7d8c4d8cebca489c6e14054d5f758e48","/Users/mz/ghq/github.com/mizchi/xsh/xsh/std/list.xsh#List::take":"60a400ed64005350a777d9768e1a64c9ef29a1a8","/Users/mz/ghq/github.com/mizchi/xsh/xsh/std/list.xsh#list_empty":"67efa347ea651d3795e494e49794f7f0cf40bb2b","/Users/mz/ghq/github.com/mizchi/xsh/xsh/std/string.xsh#contains":"95165a18c97116c2a8d618d3b3c6d3941c856772","/Users/mz/ghq/github.com/mizchi/xsh/xsh/std/string.xsh#index_of":"89b0919957020a64345c57e7a37455656db87b25","/Users/mz/ghq/github.com/mizchi/xsh/xsh/std/string.xsh#is_blank":"fbf79ca1837409142af2d2ed001fcdb605e1d037","/Users/mz/ghq/github.com/mizchi/xsh/xsh/std/string.xsh#is_empty":"5c2bc52a6bc2a8cb3f9763db2956a41271989918","/Users/mz/ghq/github.com/mizchi/xsh/xsh/std/string.xsh#pad_left":"42f4887c0318604ab4f655e7592ff16992e29028","/Users/mz/ghq/github.com/mizchi/xsh/xsh/std/string.xsh#trim_end":"47921d26b07bca43b4f424246f772c5e7f532eaf","/Users/mz/ghq/github.com/mizchi/xsh/xsh/std/bool.xsh#bool_to_int":"1fdf1234e8cdc8e38b46f60be906866ee8729844","/Users/mz/ghq/github.com/mizchi/xsh/xsh/std/bool.xsh#int_to_bool":"34d9fde2f6f9ce99dbd69775a123b7ee59d7d80a","/Users/mz/ghq/github.com/mizchi/xsh/xsh/std/double.xsh#approx_eq":"1ce8348d6fe872966927b0261011d9e806f9a54a","/Users/mz/ghq/github.com/mizchi/xsh/xsh/std/float.xsh#Float::abs":"3e728ca8190eb2fd7cfee8ec71636f6ae81574be","/Users/mz/ghq/github.com/mizchi/xsh/xsh/std/float.xsh#Float::max":"a01a249e153560634c216576a346db73c03f12ab","/Users/mz/ghq/github.com/mizchi/xsh/xsh/std/float.xsh#Float::min":"a15eee343b56d519f0873f8c9190bbf5ece1a96e","/Users/mz/ghq/github.com/mizchi/xsh/xsh/std/int.xsh#Int::is_even":"372899108f81935c35fdd4445dd8a7dc55b2e77d","/Users/mz/ghq/github.com/mizchi/xsh/xsh/std/int.xsh#Int::is_zero":"b097918a4221a9698076861ed676fd07ec1476e9","/Users/mz/ghq/github.com/mizchi/xsh/xsh/std/list.xsh#List::empty":"d45ea90cc039651bb57b297fe3574a3dc3a36ebf","/Users/mz/ghq/github.com/mizchi/xsh/xsh/std/list.xsh#contains_by":"605242d131a480cb603c8a258ebfc1c559cf1130","/Users/mz/ghq/github.com/mizchi/xsh/xsh/std/list.xsh#list_append":"eb1d2020fb25750fb5652ad91ac328188c885322","/Users/mz/ghq/github.com/mizchi/xsh/xsh/std/list.xsh#list_filter":"c96bc1942c2b46e1c6fa2234989afcf54102ff60","/Users/mz/ghq/github.com/mizchi/xsh/xsh/std/list.xsh#list_length":"eceb8882a5a122dcde3240f58fb4a2fdeec56665","/Users/mz/ghq/github.com/mizchi/xsh/xsh/std/option.xsh#unwrap_or":"ff64f94ab104b1cd876e2b62088bef004fbe9b16","/Users/mz/ghq/github.com/mizchi/xsh/xsh/std/string.xsh#ends_with":"5362177379e388ce0ae0aa6585224dbbe3d1c1de","/Users/mz/ghq/github.com/mizchi/xsh/xsh/std/string.xsh#pad_right":"52c59d92bbdca85ba136d4bb995a595e11e99dd2","/Users/mz/ghq/github.com/mizchi/xsh/xsh/std/bool.xsh#Bool::to_int":"089f92b8aa1930021b12f47ba6bbfdaec827c2c3","/Users/mz/ghq/github.com/mizchi/xsh/xsh/std/bool.xsh#bool_implies":"af8eeddd7ffb5e88e67007c439fac4b93932d69b","/Users/mz/ghq/github.com/mizchi/xsh/xsh/std/float.xsh#Float::lerp":"1d82ffd8a60aef7dd69d616d5a8756ef5c354dfa","/Users/mz/ghq/github.com/mizchi/xsh/xsh/std/float.xsh#is_negative":"04d612bd1455731850e8c7a568bc775e3edb9cbc","/Users/mz/ghq/github.com/mizchi/xsh/xsh/std/float.xsh#is_positive":"7487f0f3b4f5108c65d157cc10f5f5dc0de92cbe","/Users/mz/ghq/github.com/mizchi/xsh/xsh/std/list.xsh#List::append":"6b0fed58e6cb509505d78946090c919294871de7","/Users/mz/ghq/github.com/mizchi/xsh/xsh/std/list.xsh#List::filter":"6ff841d8192b5ca975c9d489e69fa03ba3acb804","/Users/mz/ghq/github.com/mizchi/xsh/xsh/std/list.xsh#List::length":"ff88d7732c558a78af67c27afdce861907b45919","/Users/mz/ghq/github.com/mizchi/xsh/xsh/std/list.xsh#list_reverse":"1e277049cc76469f6c3d1f3db994c99fbc468f49","/Users/mz/ghq/github.com/mizchi/xsh/xsh/std/option.xsh#Option::or":"2c8d8256318aaf1ca003f896a2d4149e69bbfcad","/Users/mz/ghq/github.com/mizchi/xsh/xsh/std/string.xsh#trim_start":"ceb26f32e533f38a66ff61ac11b47b19d276fc58","/Users/mz/ghq/github.com/mizchi/xsh/xsh/std/bool.xsh#Bool::implies":"6d55a6380f9054506f590ff36ca7750da908d7e6","/Users/mz/ghq/github.com/mizchi/xsh/xsh/std/double.xsh#Double::abs":"da08fafa77e92da8e1bf8f9ce2e24aedc5c96aac","/Users/mz/ghq/github.com/mizchi/xsh/xsh/std/double.xsh#Double::max":"efd9382b1a2b7130bfc89d8a3d71780f70e86f96","/Users/mz/ghq/github.com/mizchi/xsh/xsh/std/double.xsh#Double::min":"ffbf390ce448bb5595e49c66534bc3b1e65cef0e","/Users/mz/ghq/github.com/mizchi/xsh/xsh/std/float.xsh#Float::clamp":"4b594c2efee5f0530e12c6dae2c8d92c7f132409","/Users/mz/ghq/github.com/mizchi/xsh/xsh/std/int.xsh#Int::factorial":"d7014bff1af87b36c93a4bbf4b4b39f8dba3d3c4","/Users/mz/ghq/github.com/mizchi/xsh/xsh/std/int.xsh#Int::fibonacci":"882986e41c7397c054e51751e8f10aa8bd043e2c","/Users/mz/ghq/github.com/mizchi/xsh/xsh/std/int.xsh#Int::to_double":"df117afaae88310411a983d0c59c8e8819fadb45","/Users/mz/ghq/github.com/mizchi/xsh/xsh/std/list.xsh#List::reverse":"b374671f2eecd9f25faecf6026c33f3e008ad335","/Users/mz/ghq/github.com/mizchi/xsh/xsh/std/list.xsh#list_is_empty":"71bde1c6765f17bf4378ffea363ddc6391e45130","/Users/mz/ghq/github.com/mizchi/xsh/xsh/std/option.xsh#Option::and":"ac73d0ada1e4aa166fe1a68ede23842e4581ceaa","/Users/mz/ghq/github.com/mizchi/xsh/xsh/std/option.xsh#Option::zip":"77e8f63f86b3824e7ab4d78121b2dde0dd0b0e4e","/Users/mz/ghq/github.com/mizchi/xsh/xsh/std/string.xsh#replace_all":"55f156a9c5ab99082c75f55bb63e5d8f3e8aef7b","/Users/mz/ghq/github.com/mizchi/xsh/xsh/std/string.xsh#starts_with":"ec899b91c30645149759f5721eb316b02a2b35f9","/Users/mz/ghq/github.com/mizchi/xsh/xsh/std/string.xsh#utf8_length":"69a79c991384150b642e8a95db5960f787cb43b0","/Users/mz/ghq/github.com/mizchi/xsh/xsh/std/bool.xsh#Bool::from_int":"6098df6f0d2091ed7e3e52c6e477afe6395c9c2a","/Users/mz/ghq/github.com/mizchi/xsh/xsh/std/double.xsh#Double::ceil":"58e84c10bb7737a6b6f3960728ce42294b4a07bb","/Users/mz/ghq/github.com/mizchi/xsh/xsh/std/double.xsh#Double::cube":"c698dbde7d922b2fdd019c7e6093d749c1bd2f47","/Users/mz/ghq/github.com/mizchi/xsh/xsh/std/double.xsh#Double::lerp":"e431b842da14231b90c5d9ac1d10ca4f44a60ff2","/Users/mz/ghq/github.com/mizchi/xsh/xsh/std/float.xsh#Float::is_nan":"c4c17c12d0b0a3148058e78403feb463d2fb9f7b","/Users/mz/ghq/github.com/mizchi/xsh/xsh/std/float.xsh#Float::signum":"a7efee3d89827123fd65441f7d5743ba828f0645","/Users/mz/ghq/github.com/mizchi/xsh/xsh/std/float.xsh#Float::square":"2d5ea650cf50beceea4f3f5b5a9dc2a015a01317","/Users/mz/ghq/github.com/mizchi/xsh/xsh/std/list.xsh#List::is_empty":"252a391337a813f0e7d3de85a20ccec2ff94200f","/Users/mz/ghq/github.com/mizchi/xsh/xsh/std/list.xsh#list_singleton":"ca288404be5bf1a2903bedb39a36d1698305fa2d","/Users/mz/ghq/github.com/mizchi/xsh/xsh/std/string.xsh#String::drop":"a3fa0c44336235e27d86b832fbdf22bb85a7f285","/Users/mz/ghq/github.com/mizchi/xsh/xsh/std/string.xsh#String::head":"4f535152f9d10dd1002ae6980f1b1947970b7cf4","/Users/mz/ghq/github.com/mizchi/xsh/xsh/std/string.xsh#String::init":"0daf69bfa5b3348b3e62a06342520cdde6181a89","/Users/mz/ghq/github.com/mizchi/xsh/xsh/std/string.xsh#String::join":"2e698e4e7dd6e33daf5c45fab089dd916ecd38ad","/Users/mz/ghq/github.com/mizchi/xsh/xsh/std/string.xsh#String::last":"718d0e71a61bf5a21fc1bc83748f21a4c5f64296","/Users/mz/ghq/github.com/mizchi/xsh/xsh/std/string.xsh#String::tail":"e8f8050289e0649adf53a26d2f67e7f8dd63fe9e","/Users/mz/ghq/github.com/mizchi/xsh/xsh/std/string.xsh#String::take":"3f8a138e7d1e3987edf736b00efa9cc1223aaa9f","/Users/mz/ghq/github.com/mizchi/xsh/xsh/std/string.xsh#String::trim":"f9c74192fec7840a02029954a3042303d1446451","/Users/mz/ghq/github.com/mizchi/xsh/xsh/std/string.xsh#is_not_empty":"05dad33eb0dbe6452cc0f11f6dfcfdbc14097cee","/Users/mz/ghq/github.com/mizchi/xsh/xsh/std/string.xsh#strip_prefix":"03345a7ba0ad1535ead6000acd89fe593b16c7ce","/Users/mz/ghq/github.com/mizchi/xsh/xsh/std/string.xsh#strip_suffix":"78883bb223339b7efa791be932b41b7061591fe2","/Users/mz/ghq/github.com/mizchi/xsh/xsh/std/string.xsh#utf16_length":"a552ce7b88018cfa404128385355c55bb98b1877","/Users/mz/ghq/github.com/mizchi/xsh/xsh/std/double.xsh#Double::clamp":"27f5f2791c4738f6d2eb1e5546a20c92d9a344a3","/Users/mz/ghq/github.com/mizchi/xsh/xsh/std/double.xsh#Double::floor":"674a740a020094deabecc7687f0590a8de0d915a","/Users/mz/ghq/github.com/mizchi/xsh/xsh/std/double.xsh#Double::fract":"34a5b57ad9fa860ea7330d6865401affc3030833","/Users/mz/ghq/github.com/mizchi/xsh/xsh/std/double.xsh#Double::round":"32bd7fcc88a51d7bfd040cd3acbae7fecd5879ec","/Users/mz/ghq/github.com/mizchi/xsh/xsh/std/double.xsh#Double::trunc":"a5d272393a9fc9d92a66adc1dbf74b84ca4a561c","/Users/mz/ghq/github.com/mizchi/xsh/xsh/std/float.xsh#Float::is_zero":"92da285af62c0e7fb09fa539915f98b20bb88e32","/Users/mz/ghq/github.com/mizchi/xsh/xsh/std/int.xsh#Int::is_negative":"8f6fedcb5599ccbbd1d2592c4bde9bc116496c53","/Users/mz/ghq/github.com/mizchi/xsh/xsh/std/int.xsh#Int::is_positive":"f539cf9ef855c36c014c055e9c43bc238c3a3611","/Users/mz/ghq/github.com/mizchi/xsh/xsh/std/list.xsh#List::singleton":"59f97d511c06934c1fc42c9f7fdf53abb0533ead","/Users/mz/ghq/github.com/mizchi/xsh/xsh/std/string.xsh#String::count":"e243e6d4415b8cc6a21d8d5aeab702d5debe6298","/Users/mz/ghq/github.com/mizchi/xsh/xsh/std/string.xsh#String::split":"9438bd763e25c9c0f3abb581b2485b869c20009b","/Users/mz/ghq/github.com/mizchi/xsh/xsh/std/string.xsh#last_index_of":"07daa9215a713ed77d033e829455bcb1073ae03b","/Users/mz/ghq/github.com/mizchi/xsh/xsh/std/double.xsh#Double::is_nan":"5d8bbb739d47a28373780ab9d952e907bdc7a324","/Users/mz/ghq/github.com/mizchi/xsh/xsh/std/double.xsh#Double::signum":"61b5ceb8428d4838f33b7c60316799b36032f1bb","/Users/mz/ghq/github.com/mizchi/xsh/xsh/std/double.xsh#Double::square":"5aa35c68ae72c31eeebfb8e01d0f68e650439387","/Users/mz/ghq/github.com/mizchi/xsh/xsh/std/list.xsh#list_contains_by":"a1f8818680956bef6b339706a4adcbdf2c25dd71","/Users/mz/ghq/github.com/mizchi/xsh/xsh/std/option.xsh#Option::equals":"3875133b9293bbba203bda6010dd9dd69a265cb2","/Users/mz/ghq/github.com/mizchi/xsh/xsh/std/option.xsh#Option::filter":"892a0c07c7fbf307d04b8040569f30571ebd3445","/Users/mz/ghq/github.com/mizchi/xsh/xsh/std/option.xsh#Option::map_or":"7fe8c3a1a9bb49b8e80df5c2cc92f918a83d7a44","/Users/mz/ghq/github.com/mizchi/xsh/xsh/std/option.xsh#unwrap_or_else":"89eafa41375d562bd73fc5b1979417cfeb85ff40","/Users/mz/ghq/github.com/mizchi/xsh/xsh/std/string.xsh#String::equals":"8cc6020350505ae4c982c68f01b67aa42bfa008c","/Users/mz/ghq/github.com/mizchi/xsh/xsh/std/string.xsh#String::repeat":"856c9f2cea47ee811dd52517548a921b39457a83","/Users/mz/ghq/github.com/mizchi/xsh/xsh/std/string.xsh#from_char_code":"35e00ad9840ebef1e1dfe308d4485b4838ab8de4","/Users/mz/ghq/github.com/mizchi/xsh/xsh/std/string.xsh#unicode_length":"98f42095b0f606479d7002260992c0cc8b2136bc","/Users/mz/ghq/github.com/mizchi/xsh/xsh/std/list.xsh#List::contains_by":"605242d131a480cb603c8a258ebfc1c559cf1130","/Users/mz/ghq/github.com/mizchi/xsh/xsh/std/option.xsh#Option::flatmap":"f59a787892572d1f8231a2c7b6b5c234122fd8b8","/Users/mz/ghq/github.com/mizchi/xsh/xsh/std/option.xsh#Option::flatten":"d08e70df17b4de0414dd334e0be492fc6289e213","/Users/mz/ghq/github.com/mizchi/xsh/xsh/std/option.xsh#Option::is_none":"04a1191ea47495231d0ac58a66595d8edc64f6c0","/Users/mz/ghq/github.com/mizchi/xsh/xsh/std/option.xsh#Option::is_some":"c2d8ae00e311faa2b4618247f9460205e02776e3","/Users/mz/ghq/github.com/mizchi/xsh/xsh/std/option.xsh#Option::map_opt":"b8f3479d4fbb9d440dad74d8fde8f06929e980eb","/Users/mz/ghq/github.com/mizchi/xsh/xsh/std/option.xsh#Option::or_else":"7912cbf79d57284c2e0aa55e62348e0a33372a8c","/Users/mz/ghq/github.com/mizchi/xsh/xsh/std/option.xsh#Option::zip_sum":"36280ad7a00077f1884ce242e69751cbd394e6c6","/Users/mz/ghq/github.com/mizchi/xsh/xsh/std/string.xsh#String::compare":"9ddca0de94e6e5579f8c785abed5e2f4b43647d6","/Users/mz/ghq/github.com/mizchi/xsh/xsh/std/string.xsh#String::replace":"a29f73c17e2797f46c2f54165b3b8f6d8d4ff2d9","/Users/mz/ghq/github.com/mizchi/xsh/xsh/std/string.xsh#String::contains":"95165a18c97116c2a8d618d3b3c6d3941c856772","/Users/mz/ghq/github.com/mizchi/xsh/xsh/std/string.xsh#String::index_of":"89b0919957020a64345c57e7a37455656db87b25","/Users/mz/ghq/github.com/mizchi/xsh/xsh/std/string.xsh#String::is_blank":"fbf79ca1837409142af2d2ed001fcdb605e1d037","/Users/mz/ghq/github.com/mizchi/xsh/xsh/std/string.xsh#String::is_empty":"5c2bc52a6bc2a8cb3f9763db2956a41271989918","/Users/mz/ghq/github.com/mizchi/xsh/xsh/std/string.xsh#String::pad_left":"42f4887c0318604ab4f655e7592ff16992e29028","/Users/mz/ghq/github.com/mizchi/xsh/xsh/std/string.xsh#String::trim_end":"47921d26b07bca43b4f424246f772c5e7f532eaf","/Users/mz/ghq/github.com/mizchi/xsh/xsh/std/string.xsh#char_code_at_opt":"321a037c721d841c588220474070f9dc2e97489f","/Users/mz/ghq/github.com/mizchi/xsh/xsh/std/double.xsh#Double::approx_eq":"1ce8348d6fe872966927b0261011d9e806f9a54a","/Users/mz/ghq/github.com/mizchi/xsh/xsh/std/float.xsh#Float::is_negative":"04d612bd1455731850e8c7a568bc775e3edb9cbc","/Users/mz/ghq/github.com/mizchi/xsh/xsh/std/float.xsh#Float::is_positive":"7487f0f3b4f5108c65d157cc10f5f5dc0de92cbe","/Users/mz/ghq/github.com/mizchi/xsh/xsh/std/option.xsh#Option::unwrap_or":"2ba17919127e56f17c1fce7271816482ce6f903d","/Users/mz/ghq/github.com/mizchi/xsh/xsh/std/string.xsh#String::ends_with":"5362177379e388ce0ae0aa6585224dbbe3d1c1de","/Users/mz/ghq/github.com/mizchi/xsh/xsh/std/string.xsh#String::pad_right":"52c59d92bbdca85ba136d4bb995a595e11e99dd2","/Users/mz/ghq/github.com/mizchi/xsh/xsh/std/string.xsh#String::trim_start":"ceb26f32e533f38a66ff61ac11b47b19d276fc58","/Users/mz/ghq/github.com/mizchi/xsh/xsh/std/string.xsh#String::replace_all":"55f156a9c5ab99082c75f55bb63e5d8f3e8aef7b","/Users/mz/ghq/github.com/mizchi/xsh/xsh/std/string.xsh#String::starts_with":"ec899b91c30645149759f5721eb316b02a2b35f9","/Users/mz/ghq/github.com/mizchi/xsh/xsh/std/string.xsh#String::utf8_length":"69a79c991384150b642e8a95db5960f787cb43b0","/Users/mz/ghq/github.com/mizchi/xsh/xsh/std/string.xsh#String::is_not_empty":"05dad33eb0dbe6452cc0f11f6dfcfdbc14097cee","/Users/mz/ghq/github.com/mizchi/xsh/xsh/std/string.xsh#String::strip_prefix":"03345a7ba0ad1535ead6000acd89fe593b16c7ce","/Users/mz/ghq/github.com/mizchi/xsh/xsh/std/string.xsh#String::strip_suffix":"78883bb223339b7efa791be932b41b7061591fe2","/Users/mz/ghq/github.com/mizchi/xsh/xsh/std/string.xsh#String::utf16_length":"a552ce7b88018cfa404128385355c55bb98b1877","/Users/mz/ghq/github.com/mizchi/xsh/xsh/std/string.xsh#String::last_index_of":"07daa9215a713ed77d033e829455bcb1073ae03b","/Users/mz/ghq/github.com/mizchi/xsh/xsh/std/option.xsh#Option::unwrap_or_else":"09a14d0b36a297c60718b3300cf25ebc074652f6","/Users/mz/ghq/github.com/mizchi/xsh/xsh/std/string.xsh#String::from_char_code":"35e00ad9840ebef1e1dfe308d4485b4838ab8de4","/Users/mz/ghq/github.com/mizchi/xsh/xsh/std/string.xsh#String::unicode_length":"98f42095b0f606479d7002260992c0cc8b2136bc","/Users/mz/ghq/github.com/mizchi/xsh/xsh/std/string.xsh#String::char_code_at_opt":"321a037c721d841c588220474070f9dc2e97489f"},"annotation":{"/Users/mz/ghq/github.com/mizchi/xsh/xsh/std/int.xsh#pow":"Short names (preferred): use with method-call desugar, e.g. x.abs()","/Users/mz/ghq/github.com/mizchi/xsh/xsh/std/bool.xsh#nor":"Short names (preferred): use with method-call desugar, e.g. b.implies(other)","/Users/mz/ghq/github.com/mizchi/xsh/xsh/std/bool.xsh#all3":"Short names (preferred): use with method-call desugar, e.g. b.implies(other)","/Users/mz/ghq/github.com/mizchi/xsh/xsh/std/float.xsh#lerp":"Short names (preferred): use with method-call desugar, e.g. x.abs()","/Users/mz/ghq/github.com/mizchi/xsh/xsh/std/list.xsh#append":"Short names (optional): can be used with method-call desugar.","/Users/mz/ghq/github.com/mizchi/xsh/xsh/std/int.xsh#Int::max":"Least Common Multiple","/Users/mz/ghq/github.com/mizchi/xsh/xsh/std/int.xsh#Int::pow":"Type member names: can be imported as `import { Int }`","/Users/mz/ghq/github.com/mizchi/xsh/xsh/std/bool.xsh#bool_nor":"Exclusive or","/Users/mz/ghq/github.com/mizchi/xsh/xsh/std/bool.xsh#bool_xor":"Convert int to bool (0=false, else=true)","/Users/mz/ghq/github.com/mizchi/xsh/xsh/std/list.xsh#list_of5":"Membership with explicit comparator","/Users/mz/ghq/github.com/mizchi/xsh/xsh/std/list.xsh#list_sum":"Drop first n elements","/Users/mz/ghq/github.com/mizchi/xsh/xsh/std/option.xsh#map_or":"NOTE: `map` is currently a reserved keyword, so this short API uses `map_opt`.","/Users/mz/ghq/github.com/mizchi/xsh/xsh/std/bool.xsh#Bool::xor":"Any predicate true","/Users/mz/ghq/github.com/mizchi/xsh/xsh/std/bool.xsh#bool_any3":"NAND (not and)","/Users/mz/ghq/github.com/mizchi/xsh/xsh/std/bool.xsh#bool_nand":"Logical implication: a implies b","/Users/mz/ghq/github.com/mizchi/xsh/xsh/std/list.xsh#list_cons":"Create empty list","/Users/mz/ghq/github.com/mizchi/xsh/xsh/std/list.xsh#list_head":"Prepend element (cons)","/Users/mz/ghq/github.com/mizchi/xsh/xsh/std/list.xsh#list_tail":"Check if list is empty","/Users/mz/ghq/github.com/mizchi/xsh/xsh/std/option.xsh#flatten":"NOTE: `map` is currently a reserved keyword, so this short API uses `map_opt`.","/Users/mz/ghq/github.com/mizchi/xsh/xsh/std/option.xsh#is_none":"Short names (preferred): use with method-call desugar, e.g. opt.unwrap_or(0)","/Users/mz/ghq/github.com/mizchi/xsh/xsh/std/string.xsh#compare":"Short names (preferred): use with method-call desugar, e.g. s.is_empty()","/Users/mz/ghq/github.com/mizchi/xsh/xsh/std/bool.xsh#Bool::nand":"Type member names: can be imported as `import { Bool }`","/Users/mz/ghq/github.com/mizchi/xsh/xsh/std/float.xsh#Float::eq":"Clamp value between min and max","/Users/mz/ghq/github.com/mizchi/xsh/xsh/std/list.xsh#List::tail":"Helper to create list from values","/Users/mz/ghq/github.com/mizchi/xsh/xsh/std/string.xsh#is_empty":"Short names (preferred): use with method-call desugar, e.g. s.is_empty()","/Users/mz/ghq/github.com/mizchi/xsh/xsh/std/bool.xsh#bool_to_int":"Convert bool to int (true=1, false=0)","/Users/mz/ghq/github.com/mizchi/xsh/xsh/std/bool.xsh#int_to_bool":"Convert bool to int (true=1, false=0)","/Users/mz/ghq/github.com/mizchi/xsh/xsh/std/float.xsh#Float::abs":"Clamp value between min and max","/Users/mz/ghq/github.com/mizchi/xsh/xsh/std/float.xsh#Float::min":"Type member names: can be imported as `import { Float }`","/Users/mz/ghq/github.com/mizchi/xsh/xsh/std/int.xsh#Int::is_even":"Fibonacci","/Users/mz/ghq/github.com/mizchi/xsh/xsh/std/int.xsh#Int::is_zero":"Type member names: can be imported as `import { Int }`","/Users/mz/ghq/github.com/mizchi/xsh/xsh/std/list.xsh#list_append":"Filter list","/Users/mz/ghq/github.com/mizchi/xsh/xsh/std/list.xsh#list_length":"Get head of list (returns Option)","/Users/mz/ghq/github.com/mizchi/xsh/xsh/std/option.xsh#unwrap_or":"Short names (preferred): use with method-call desugar, e.g. opt.unwrap_or(0)","/Users/mz/ghq/github.com/mizchi/xsh/xsh/std/bool.xsh#Bool::to_int":"NOR (not or)","/Users/mz/ghq/github.com/mizchi/xsh/xsh/std/list.xsh#List::filter":"Type member names: can be imported as `import { List }`","/Users/mz/ghq/github.com/mizchi/xsh/xsh/std/list.xsh#list_reverse":"Get tail of list","/Users/mz/ghq/github.com/mizchi/xsh/xsh/std/double.xsh#Double::max":"Square","/Users/mz/ghq/github.com/mizchi/xsh/xsh/std/double.xsh#Double::min":"Square","/Users/mz/ghq/github.com/mizchi/xsh/xsh/std/float.xsh#Float::clamp":"Type member names: can be imported as `import { Float }`","/Users/mz/ghq/github.com/mizchi/xsh/xsh/std/list.xsh#list_is_empty":"Create single-element list","/Users/mz/ghq/github.com/mizchi/xsh/xsh/std/bool.xsh#Bool::from_int":"All predicates true","/Users/mz/ghq/github.com/mizchi/xsh/xsh/std/double.xsh#Double::ceil":"Linear interpolation (lerp)","/Users/mz/ghq/github.com/mizchi/xsh/xsh/std/double.xsh#Double::lerp":"Type member names: can be imported as `import { Double }`","/Users/mz/ghq/github.com/mizchi/xsh/xsh/std/list.xsh#List::is_empty":"Int-specialized helper kept for convenience","/Users/mz/ghq/github.com/mizchi/xsh/xsh/std/double.xsh#Double::clamp":"Cube","/Users/mz/ghq/github.com/mizchi/xsh/xsh/std/double.xsh#Double::fract":"Approximately equal (within epsilon)","/Users/mz/ghq/github.com/mizchi/xsh/xsh/std/double.xsh#Double::round":"Linear interpolation (lerp)","/Users/mz/ghq/github.com/mizchi/xsh/xsh/std/float.xsh#Float::is_zero":"Linear interpolation (lerp)","/Users/mz/ghq/github.com/mizchi/xsh/xsh/std/double.xsh#Double::is_nan":"Fractional part","/Users/mz/ghq/github.com/mizchi/xsh/xsh/std/double.xsh#Double::signum":"Fractional part","/Users/mz/ghq/github.com/mizchi/xsh/xsh/std/double.xsh#Double::square":"Approximately equal (within epsilon)","/Users/mz/ghq/github.com/mizchi/xsh/xsh/std/string.xsh#String::compare":"Type member names: can be imported as `import { String }`","/Users/mz/ghq/github.com/mizchi/xsh/xsh/std/double.xsh#Double::approx_eq":"Type member names: can be imported as `import { Double }`","/Users/mz/ghq/github.com/mizchi/xsh/xsh/std/float.xsh#Float::is_negative":"Linear interpolation (lerp)","/Users/mz/ghq/github.com/mizchi/xsh/xsh/std/float.xsh#Float::is_positive":"Square","/Users/mz/ghq/github.com/mizchi/xsh/xsh/std/option.xsh#Option::unwrap_or_else":"Type member names: can be imported as `import { Option }`"}}