{"path":{"./io.xsh":"d1e72adb6a6875a165131744c2a8eb5f7cadcdb8","./int.xsh":"ee2d1297edc1b0bdb25aece586102af046ce7673","./bool.xsh":"c107ada27dc8ac8ac1b7fc96c92de83eb0f770b0","./list.xsh":"07fa616d167f4bff2061e6aeeb73562a0c90b819","./float.xsh":"60f4f4c441bd875ae7c633da724d2de0282affd3","./double.xsh":"7ea785d2bad9b5defe664705d5d56e03330b6231","./option.xsh":"24e455b2c21ed33823e1f3d6d7437563e43cda21","./string.xsh":"b095806e35d1e283f55e55aff36c638b08a3d6b5","./io_test.xsh":"20289f65cf6dc8f4d062df486e7ddee176a043ec","./threads.xsh":"c6260d8d3df8c1c399a63d4cf7c6a6dc812d6322","./int_test.xsh":"20cc1d9095b123089c9c190c5b836f82c6a2701e","./bool_test.xsh":"61f2e84e0ea90c638142c7d9dbccc93e75abec2d","./list_test.xsh":"8ed03b2f7a4e2aff49910578a9be3b5362965a56","./float_test.xsh":"a74bb3d9e57c511e3ae4eb778ed47b4a2661e97e","./double_test.xsh":"29fcd00bc996645b62578e2861c03c4862433376","./option_test.xsh":"8208128f985262d5b76935e7d962e95adbca0ced","./string_test.xsh":"d4fab25205b8c90735b7db08a4f12c64707e5784","./test_import.xsh":"314e61e288e3c159e0450eccec07d7c3473b09fe","./threads_test.xsh":"457f93afc5ad6ac460ddb600ac73940f760e3855","./builtin_traits.xsh":"87720797b2dea129439ca72d7d46d399f1c9373d","./builtin_traits_test.xsh":"9dd1a159d1c198d458e8e79a5e61b662c3494ee9"},"version":{"prelude":"cab9ca6d5c88e8852b5b901f7e76da8ad306765e"},"symbol":{"std/prelude":"cab9ca6d5c88e8852b5b901f7e76da8ad306765e"},"module":{"/Users/mz/ghq/github.com/mizchi/xsh/xsh/std/int.xsh#abs":"a11c29f45f7f7bea7337f10f05c7e41d8bc7e789","/Users/mz/ghq/github.com/mizchi/xsh/xsh/std/int.xsh#gcd":"01fae7cc85c13da532568cb401e5fe58f1c68af0","/Users/mz/ghq/github.com/mizchi/xsh/xsh/std/int.xsh#lcm":"b27089250b86fe113dbdbf39c7bc9f870a6d1404","/Users/mz/ghq/github.com/mizchi/xsh/xsh/std/int.xsh#max":"8b18b61751973a6559f772d4d44390cf42001dfd","/Users/mz/ghq/github.com/mizchi/xsh/xsh/std/int.xsh#min":"d1351837b6abe3c60ea94a61f27904848305cf12","/Users/mz/ghq/github.com/mizchi/xsh/xsh/std/int.xsh#pow":"ce95ce06ef847eb2868344c6a91bd88347b46096","/Users/mz/ghq/github.com/mizchi/xsh/xsh/std/int.xsh#clamp":"ac3f7339f7025b6e118ca0a8c89c9fb004febe54","/Users/mz/ghq/github.com/mizchi/xsh/xsh/std/double.xsh#abs":"da08fafa77e92da8e1bf8f9ce2e24aedc5c96aac","/Users/mz/ghq/github.com/mizchi/xsh/xsh/std/double.xsh#max":"efd9382b1a2b7130bfc89d8a3d71780f70e86f96","/Users/mz/ghq/github.com/mizchi/xsh/xsh/std/double.xsh#min":"ffbf390ce448bb5595e49c66534bc3b1e65cef0e","/Users/mz/ghq/github.com/mizchi/xsh/xsh/std/int.xsh#is_odd":"eff43e0adf44b10c261dd80acd6bbb3d896a5282","/Users/mz/ghq/github.com/mizchi/xsh/xsh/std/int.xsh#signum":"2b257fb764e47bb2551c5aaacfac6c8e7b77ae80","/Users/mz/ghq/github.com/mizchi/xsh/xsh/std/double.xsh#ceil":"58e84c10bb7737a6b6f3960728ce42294b4a07bb","/Users/mz/ghq/github.com/mizchi/xsh/xsh/std/double.xsh#cube":"c698dbde7d922b2fdd019c7e6093d749c1bd2f47","/Users/mz/ghq/github.com/mizchi/xsh/xsh/std/double.xsh#lerp":"e431b842da14231b90c5d9ac1d10ca4f44a60ff2","/Users/mz/ghq/github.com/mizchi/xsh/xsh/std/int.xsh#is_even":"372899108f81935c35fdd4445dd8a7dc55b2e77d","/Users/mz/ghq/github.com/mizchi/xsh/xsh/std/int.xsh#is_zero":"b097918a4221a9698076861ed676fd07ec1476e9","/Users/mz/ghq/github.com/mizchi/xsh/xsh/std/double.xsh#clamp":"27f5f2791c4738f6d2eb1e5546a20c92d9a344a3","/Users/mz/ghq/github.com/mizchi/xsh/xsh/std/double.xsh#floor":"674a740a020094deabecc7687f0590a8de0d915a","/Users/mz/ghq/github.com/mizchi/xsh/xsh/std/double.xsh#fract":"34a5b57ad9fa860ea7330d6865401affc3030833","/Users/mz/ghq/github.com/mizchi/xsh/xsh/std/double.xsh#round":"32bd7fcc88a51d7bfd040cd3acbae7fecd5879ec","/Users/mz/ghq/github.com/mizchi/xsh/xsh/std/double.xsh#trunc":"a5d272393a9fc9d92a66adc1dbf74b84ca4a561c","/Users/mz/ghq/github.com/mizchi/xsh/xsh/std/int.xsh#Int::abs":"a11c29f45f7f7bea7337f10f05c7e41d8bc7e789","/Users/mz/ghq/github.com/mizchi/xsh/xsh/std/int.xsh#Int::gcd":"01fae7cc85c13da532568cb401e5fe58f1c68af0","/Users/mz/ghq/github.com/mizchi/xsh/xsh/std/int.xsh#Int::lcm":"b27089250b86fe113dbdbf39c7bc9f870a6d1404","/Users/mz/ghq/github.com/mizchi/xsh/xsh/std/int.xsh#Int::max":"8b18b61751973a6559f772d4d44390cf42001dfd","/Users/mz/ghq/github.com/mizchi/xsh/xsh/std/int.xsh#Int::min":"d1351837b6abe3c60ea94a61f27904848305cf12","/Users/mz/ghq/github.com/mizchi/xsh/xsh/std/int.xsh#Int::pow":"ce95ce06ef847eb2868344c6a91bd88347b46096","/Users/mz/ghq/github.com/mizchi/xsh/xsh/std/double.xsh#is_nan":"5d8bbb739d47a28373780ab9d952e907bdc7a324","/Users/mz/ghq/github.com/mizchi/xsh/xsh/std/double.xsh#signum":"61b5ceb8428d4838f33b7c60316799b36032f1bb","/Users/mz/ghq/github.com/mizchi/xsh/xsh/std/double.xsh#square":"5aa35c68ae72c31eeebfb8e01d0f68e650439387","/Users/mz/ghq/github.com/mizchi/xsh/xsh/std/int.xsh#factorial":"d7014bff1af87b36c93a4bbf4b4b39f8dba3d3c4","/Users/mz/ghq/github.com/mizchi/xsh/xsh/std/int.xsh#fibonacci":"882986e41c7397c054e51751e8f10aa8bd043e2c","/Users/mz/ghq/github.com/mizchi/xsh/xsh/std/int.xsh#max_value":"4b8be1afddf598b0d5e8e727748dcb658c67f99d","/Users/mz/ghq/github.com/mizchi/xsh/xsh/std/int.xsh#min_value":"e0ef6d0ba3faf449f8f322c2befb5fa2ec92b28f","/Users/mz/ghq/github.com/mizchi/xsh/xsh/std/int.xsh#Int::clamp":"ac3f7339f7025b6e118ca0a8c89c9fb004febe54","/Users/mz/ghq/github.com/mizchi/xsh/xsh/std/int.xsh#Int::is_odd":"eff43e0adf44b10c261dd80acd6bbb3d896a5282","/Users/mz/ghq/github.com/mizchi/xsh/xsh/std/int.xsh#Int::signum":"2b257fb764e47bb2551c5aaacfac6c8e7b77ae80","/Users/mz/ghq/github.com/mizchi/xsh/xsh/std/int.xsh#is_negative":"8f6fedcb5599ccbbd1d2592c4bde9bc116496c53","/Users/mz/ghq/github.com/mizchi/xsh/xsh/std/int.xsh#is_positive":"f539cf9ef855c36c014c055e9c43bc238c3a3611","/Users/mz/ghq/github.com/mizchi/xsh/xsh/std/double.xsh#approx_eq":"1ce8348d6fe872966927b0261011d9e806f9a54a","/Users/mz/ghq/github.com/mizchi/xsh/xsh/std/int.xsh#Int::is_even":"372899108f81935c35fdd4445dd8a7dc55b2e77d","/Users/mz/ghq/github.com/mizchi/xsh/xsh/std/int.xsh#Int::is_zero":"b097918a4221a9698076861ed676fd07ec1476e9","/Users/mz/ghq/github.com/mizchi/xsh/xsh/std/double.xsh#Double::abs":"da08fafa77e92da8e1bf8f9ce2e24aedc5c96aac","/Users/mz/ghq/github.com/mizchi/xsh/xsh/std/double.xsh#Double::max":"efd9382b1a2b7130bfc89d8a3d71780f70e86f96","/Users/mz/ghq/github.com/mizchi/xsh/xsh/std/double.xsh#Double::min":"ffbf390ce448bb5595e49c66534bc3b1e65cef0e","/Users/mz/ghq/github.com/mizchi/xsh/xsh/std/int.xsh#Int::factorial":"d7014bff1af87b36c93a4bbf4b4b39f8dba3d3c4","/Users/mz/ghq/github.com/mizchi/xsh/xsh/std/int.xsh#Int::fibonacci":"882986e41c7397c054e51751e8f10aa8bd043e2c","/Users/mz/ghq/github.com/mizchi/xsh/xsh/std/int.xsh#Int::to_double":"df117afaae88310411a983d0c59c8e8819fadb45","/Users/mz/ghq/github.com/mizchi/xsh/xsh/std/double.xsh#Double::ceil":"58e84c10bb7737a6b6f3960728ce42294b4a07bb","/Users/mz/ghq/github.com/mizchi/xsh/xsh/std/double.xsh#Double::cube":"c698dbde7d922b2fdd019c7e6093d749c1bd2f47","/Users/mz/ghq/github.com/mizchi/xsh/xsh/std/double.xsh#Double::lerp":"e431b842da14231b90c5d9ac1d10ca4f44a60ff2","/Users/mz/ghq/github.com/mizchi/xsh/xsh/std/double.xsh#Double::clamp":"27f5f2791c4738f6d2eb1e5546a20c92d9a344a3","/Users/mz/ghq/github.com/mizchi/xsh/xsh/std/double.xsh#Double::floor":"674a740a020094deabecc7687f0590a8de0d915a","/Users/mz/ghq/github.com/mizchi/xsh/xsh/std/double.xsh#Double::fract":"34a5b57ad9fa860ea7330d6865401affc3030833","/Users/mz/ghq/github.com/mizchi/xsh/xsh/std/double.xsh#Double::round":"32bd7fcc88a51d7bfd040cd3acbae7fecd5879ec","/Users/mz/ghq/github.com/mizchi/xsh/xsh/std/double.xsh#Double::trunc":"a5d272393a9fc9d92a66adc1dbf74b84ca4a561c","/Users/mz/ghq/github.com/mizchi/xsh/xsh/std/int.xsh#Int::is_negative":"8f6fedcb5599ccbbd1d2592c4bde9bc116496c53","/Users/mz/ghq/github.com/mizchi/xsh/xsh/std/int.xsh#Int::is_positive":"f539cf9ef855c36c014c055e9c43bc238c3a3611","/Users/mz/ghq/github.com/mizchi/xsh/xsh/std/double.xsh#Double::is_nan":"5d8bbb739d47a28373780ab9d952e907bdc7a324","/Users/mz/ghq/github.com/mizchi/xsh/xsh/std/double.xsh#Double::signum":"61b5ceb8428d4838f33b7c60316799b36032f1bb","/Users/mz/ghq/github.com/mizchi/xsh/xsh/std/double.xsh#Double::square":"5aa35c68ae72c31eeebfb8e01d0f68e650439387","/Users/mz/ghq/github.com/mizchi/xsh/xsh/std/double.xsh#Double::approx_eq":"1ce8348d6fe872966927b0261011d9e806f9a54a"},"annotation":{"/Users/mz/ghq/github.com/mizchi/xsh/xsh/std/int.xsh#pow":"Short names (preferred): use with method-call desugar, e.g. x.abs()","/Users/mz/ghq/github.com/mizchi/xsh/xsh/std/int.xsh#Int::max":"Least Common Multiple","/Users/mz/ghq/github.com/mizchi/xsh/xsh/std/int.xsh#Int::pow":"Type member names: can be imported as `import { Int }`","/Users/mz/ghq/github.com/mizchi/xsh/xsh/std/int.xsh#Int::is_even":"Fibonacci","/Users/mz/ghq/github.com/mizchi/xsh/xsh/std/int.xsh#Int::is_zero":"Type member names: can be imported as `import { Int }`","/Users/mz/ghq/github.com/mizchi/xsh/xsh/std/double.xsh#Double::max":"Square","/Users/mz/ghq/github.com/mizchi/xsh/xsh/std/double.xsh#Double::min":"Square","/Users/mz/ghq/github.com/mizchi/xsh/xsh/std/double.xsh#Double::ceil":"Linear interpolation (lerp)","/Users/mz/ghq/github.com/mizchi/xsh/xsh/std/double.xsh#Double::lerp":"Type member names: can be imported as `import { Double }`","/Users/mz/ghq/github.com/mizchi/xsh/xsh/std/double.xsh#Double::clamp":"Cube","/Users/mz/ghq/github.com/mizchi/xsh/xsh/std/double.xsh#Double::fract":"Approximately equal (within epsilon)","/Users/mz/ghq/github.com/mizchi/xsh/xsh/std/double.xsh#Double::round":"Linear interpolation (lerp)","/Users/mz/ghq/github.com/mizchi/xsh/xsh/std/double.xsh#Double::is_nan":"Fractional part","/Users/mz/ghq/github.com/mizchi/xsh/xsh/std/double.xsh#Double::signum":"Fractional part","/Users/mz/ghq/github.com/mizchi/xsh/xsh/std/double.xsh#Double::square":"Approximately equal (within epsilon)","/Users/mz/ghq/github.com/mizchi/xsh/xsh/std/double.xsh#Double::approx_eq":"Type member names: can be imported as `import { Double }`"}}