{"path":{"./test_import.xsh":"228c221f32b8ad37a33d62142accf194ca7fcd36","./int.xsh":"97ae383f32456ae0724b4a4eb352e719f462726e","./option.xsh":"894bbdccaeead606fa18fb0c9a51b2bb2928832c","./bool.xsh":"d23d4b8e6e76f5aa68e255ac9df5dba7a5bfa8b1","./float.xsh":"17008642035ea68261d0dac2e73c771e6ae0ec81"},"version":{},"symbol":{}}