{"path":{"./test_import.xsh":"228c221f32b8ad37a33d62142accf194ca7fcd36","./int.xsh":"97ae383f32456ae0724b4a4eb352e719f462726e","./option.xsh":"894bbdccaeead606fa18fb0c9a51b2bb2928832c","./bool.xsh":"dc2822a9eb4cab4028facaf88ebae6214d8e4cbc","./float.xsh":"01c570ae38202e01934ee0b74cf91ba897d491bb"},"version":{},"symbol":{}}