{
  "path": {
    "./consumer_option_core.vibe": "2f33839932a10ec38081dee690ef0da648348451",
    "../../vibe/std/option.vibe": "24e455b2c21ed33823e1f3d6d7437563e43cda21",
    "./consumer_option_extra.vibe": "5d431b20c166313348c74ba3ed54b7da89437bb0",
    "./consumer_double_core.vibe": "47577fd6ceaa0b9de6dc1feb5869adee22f4e06d",
    "../../vibe/std/double.vibe": "f5e98e5e1a37f9a9055fbb32a28959c21f81aca4",
    "./consumer_double_rounding.vibe": "5679d4592db8305c69324a7270becc1f494726ad"
  },
  "version": {},
  "symbol": {}
}
