{"path":{"./_demo.vibe":"39bf5456f7deab12e3aee43e4914e216a4bec68c","./types.vibe":"f801b7b962aa5f5110ecb257d03816203caf6ac8","./commands.vibe":"b0a8b82a1fb3f5b2c1fc0cd03dd41fb9e80abe4c","./pipeline.vibe":"3596542e87fd59ef3267dc7b486cb1227faf45a4","./_simple_lib.vibe":"25ce1e9df18d263390430a29587a7a5f2acba39e","./_types_test.vibe":"27d0ec60e238dd424fb5c9c2be653127097ff68f","./commands_test.vibe":"5a9b81756eab505194d65d117ff05c51305aa634","./pipeline_test.vibe":"a8de9d1cac8cc260afe05ce2aa0f934dba20172d","./_cd_debug_test.vibe":"fc58370e0f0289d2f4e4f65fc2e1a77958f42178","./_simple_lib_test.vibe":"dfe7ca4e17ba99ec33c25b5b5af40e89d5cfc213","./_pipeline_debug_test.vibe":"f9bd58cf99c80c07d8e2e1959674956c5768ec27","./_cd_import_debug_test.vibe":"2e675c2c57bf3ae315a803467fba8058257fdb48"},"version":{"prelude":"7c764a4c84e54368561b547b9e740e7bb0584980"},"symbol":{"std/prelude":"7c764a4c84e54368561b547b9e740e7bb0584980"},"module":{"/Users/mz/ghq/github.com/mizchi/vibe-lang/vibe/shell/commands.vibe#cd":"02306006bb5f56931002aae98c6950380ea2e48c","/Users/mz/ghq/github.com/mizchi/vibe-lang/vibe/shell/commands.vibe#cp":"53bbabbde0c249fc6889d40f4a7dc9183b47bba9","/Users/mz/ghq/github.com/mizchi/vibe-lang/vibe/shell/commands.vibe#ls":"52b7757e724cdeb5c6f39bfa776502bb5c8649f3","/Users/mz/ghq/github.com/mizchi/vibe-lang/vibe/shell/commands.vibe#mv":"7314bb0a1bef5125cb8fea85f84e36a283a4ffab","/Users/mz/ghq/github.com/mizchi/vibe-lang/vibe/shell/commands.vibe#rm":"bbf9e57b9c82fa34ceb06c0c21fdc22faca31d76","/Users/mz/ghq/github.com/mizchi/vibe-lang/vibe/shell/pipeline.vibe#wc":"6c9aba0fc17e139c580c1c58587be2587f269e4f","/Users/mz/ghq/github.com/mizchi/vibe-lang/vibe/shell/commands.vibe#cat":"bc675f630fdb3bad2f08b14a0df3ce64dff2214e","/Users/mz/ghq/github.com/mizchi/vibe-lang/vibe/shell/commands.vibe#env":"080e001452279533ac0991621f79c6bf2d4eedbf","/Users/mz/ghq/github.com/mizchi/vibe-lang/vibe/shell/commands.vibe#pwd":"63549ea6102486ea6e602c4c52d7a6dff0152a23","/Users/mz/ghq/github.com/mizchi/vibe-lang/vibe/shell/commands.vibe#echo":"bb6b0051180a5443df45d37d50c7cee5b937e60a","/Users/mz/ghq/github.com/mizchi/vibe-lang/vibe/shell/pipeline.vibe#grep":"d11b04d68bb20088f7d72e63aba058f94d546cdb","/Users/mz/ghq/github.com/mizchi/vibe-lang/vibe/shell/pipeline.vibe#trim":"f9c74192fec7840a02029954a3042303d1446451","/Users/mz/ghq/github.com/mizchi/vibe-lang/vibe/shell/pipeline.vibe#uniq":"20c1368dc3822826ec259db5ece29ac272734db8","/Users/mz/ghq/github.com/mizchi/vibe-lang/vibe/shell/pipeline.vibe#wc_l":"a91c0e24e65ccfc25df550de612aacffe01f92a8","/Users/mz/ghq/github.com/mizchi/vibe-lang/vibe/shell/commands.vibe#mkdir":"838623a3a1cc56974ab5b462f7872ed5b36200ca","/Users/mz/ghq/github.com/mizchi/vibe-lang/vibe/shell/commands.vibe#touch":"979cda030c12e5972ba1ae06867c3054ed16dc6f","/Users/mz/ghq/github.com/mizchi/vibe-lang/vibe/shell/pipeline.vibe#lines":"830d2810c8b75b55ebf69b895cd94b1a341e3603","/Users/mz/ghq/github.com/mizchi/vibe-lang/vibe/shell/pipeline.vibe#lower":"beb03e751b5ec589ff67e8e32a5fd10e32b70a02","/Users/mz/ghq/github.com/mizchi/vibe-lang/vibe/shell/pipeline.vibe#names":"735171bd7c7e4baff0a1fd94c8791ba145740abd","/Users/mz/ghq/github.com/mizchi/vibe-lang/vibe/shell/pipeline.vibe#split":"9438bd763e25c9c0f3abb581b2485b869c20009b","/Users/mz/ghq/github.com/mizchi/vibe-lang/vibe/shell/pipeline.vibe#upper":"bb3bb1d9d461983cbde76d3fcee5dd557a9f1bd0","/Users/mz/ghq/github.com/mizchi/vibe-lang/vibe/shell/commands.vibe#append":"a784ccf683fcf8b3a8749a744f51fd49e68ea4cd","/Users/mz/ghq/github.com/mizchi/vibe-lang/vibe/shell/commands.vibe#env_or":"1dce0f094bd7d694c02ec2671c68bc627772785c","/Users/mz/ghq/github.com/mizchi/vibe-lang/vibe/shell/commands.vibe#exists":"277d730dd1e52309edcfb1f6bd476c24c17502e5","/Users/mz/ghq/github.com/mizchi/vibe-lang/vibe/shell/commands.vibe#is_dir":"4cadc9e559afe7d63a86338fa650d448d51c1c83","/Users/mz/ghq/github.com/mizchi/vibe-lang/vibe/shell/commands.vibe#ls_all":"7306d3f100fac827fac724ea789b4635de3e1cce","/Users/mz/ghq/github.com/mizchi/vibe-lang/vibe/shell/types.vibe#FileEntry":"2f20b6df738e4e1c55924b4484434fb7584ad5a6","/Users/mz/ghq/github.com/mizchi/vibe-lang/vibe/shell/commands.vibe#is_file":"4d7660d332d59638807a25f0bd2de16ecf2def2f","/Users/mz/ghq/github.com/mizchi/vibe-lang/vibe/shell/commands.vibe#mkdir_p":"2bb9fb8179d110023852e0a34723f60f06718d07","/Users/mz/ghq/github.com/mizchi/vibe-lang/vibe/shell/pipeline.vibe#dirname":"5d3af7cb54cd1bbf4c01b949ce59d4e4be6bd2a8","/Users/mz/ghq/github.com/mizchi/vibe-lang/vibe/shell/pipeline.vibe#extname":"951af7130366cdc7cfec71a5d43d244f8a039842","/Users/mz/ghq/github.com/mizchi/vibe-lang/vibe/shell/pipeline.vibe#replace":"55f156a9c5ab99082c75f55bb63e5d8f3e8aef7b","/Users/mz/ghq/github.com/mizchi/vibe-lang/vibe/shell/pipeline.vibe#rev_str":"23f254be21874e9cfa4fe155c23c5dd20f1f555d","/Users/mz/ghq/github.com/mizchi/vibe-lang/vibe/shell/pipeline.vibe#basename":"5dc51ca0e1c1ef84b07c1ba25e8f2656c8f69e9a","/Users/mz/ghq/github.com/mizchi/vibe-lang/vibe/shell/pipeline.vibe#drop_str":"4420073e5633650e862d55f74cb67acc3ffe2fdc","/Users/mz/ghq/github.com/mizchi/vibe-lang/vibe/shell/pipeline.vibe#head_str":"b6e39c6618b264c91bb51068e575398f4abc1f69","/Users/mz/ghq/github.com/mizchi/vibe-lang/vibe/shell/pipeline.vibe#join_str":"cfff64776b301800abab470550ab55f738a257fc","/Users/mz/ghq/github.com/mizchi/vibe-lang/vibe/shell/pipeline.vibe#sort_str":"f4761ff476f36ef69c271738476c84ced99a5f3e","/Users/mz/ghq/github.com/mizchi/vibe-lang/vibe/shell/pipeline.vibe#tail_str":"353b770cb1948979f03c88c69b5c69a33ead62d4","/Users/mz/ghq/github.com/mizchi/vibe-lang/vibe/shell/pipeline.vibe#take_str":"40bbbd47b5f6ca311686dfb672c274867f5806b8","/Users/mz/ghq/github.com/mizchi/vibe-lang/vibe/shell/_simple_lib.vibe#double":"63964be62ddaae5197ed446fea0420a4d3f34dba","/Users/mz/ghq/github.com/mizchi/vibe-lang/vibe/shell/pipeline.vibe#count_str":"38c4aac7c60ecf04cee9f8c94a242fb9dfe188de","/Users/mz/ghq/github.com/mizchi/vibe-lang/vibe/shell/commands.vibe#write_file":"c6cd83a2191eccc1d373bcc0d549ceb474be0b55","/Users/mz/ghq/github.com/mizchi/vibe-lang/vibe/shell/pipeline.vibe#where_entry":"7738a33992086cc0455a409fc6632f72bf2b5210","/Users/mz/ghq/github.com/mizchi/vibe-lang/vibe/shell/pipeline.vibe#contains_str":"95165a18c97116c2a8d618d3b3c6d3941c856772","/Users/mz/ghq/github.com/mizchi/vibe-lang/vibe/shell/pipeline.vibe#take_entries":"ad049dacc2d54e03fb06a445d9ecf89eb5497a29","/Users/mz/ghq/github.com/mizchi/vibe-lang/vibe/shell/pipeline.vibe#count_entries":"1f38875b8e016ba3ba519e35c1cb7740b132592a"},"annotation":{}}