{"path":{"./glob.vibe":"f7f05c10dd97ebf628aa97eb21503537bb9e9448"},"version":{"prelude":"902f3cdbda239d838b824225650372e8fa0a6461"},"symbol":{"std/prelude":"902f3cdbda239d838b824225650372e8fa0a6461"},"module":{"/local@0.0.0/shell/glob/glob#fbfbf9f328e73567ce6f5fc721113f16400639ff":"fbfbf9f328e73567ce6f5fc721113f16400639ff"},"annotation":{"/Users/mz/ghq/github.com/mizchi/vibe-lang/vibe/shell/glob.vibe#glob":"glob: (String) -> Array[String] with {Process}"}}