{"path":{"./glob.vibe":"3aa7610687a9226e30515927e54fd840eb78e580"},"version":{"prelude":"7c764a4c84e54368561b547b9e740e7bb0584980"},"symbol":{"std/prelude":"7c764a4c84e54368561b547b9e740e7bb0584980"},"module":{"/Users/mz/ghq/github.com/mizchi/vibe-lang/vibe/shell/glob.vibe#glob":"644a975f2a733da25f33fe27115e66c687e06c8a"},"annotation":{"/Users/mz/ghq/github.com/mizchi/vibe-lang/vibe/shell/glob.vibe#glob":"glob: (String) -> Array[String] with {Stdout}"}}