{"path":{"./fs.vibe":"d7e1f16593a8f49a179119286632f7d74f9481eb"},"version":{"prelude":"cd83deed7db4f4850e85c4d3f02bbfc053287b69"},"symbol":{"std/prelude":"cd83deed7db4f4850e85c4d3f02bbfc053287b69"},"module":{"/local@0.0.0/fs/fs/exists#9b2b0221deafae20afe3c0b0c039d9b182bf09d6":"9b2b0221deafae20afe3c0b0c039d9b182bf09d6","/local@0.0.0/fs/fs/read_file#c949979e1904d2cbd2cc43ce685cb23d0c6b8b86":"c949979e1904d2cbd2cc43ce685cb23d0c6b8b86","/local@0.0.0/fs/fs/stat_token#c95f363e8fdfaf6b3802a87d27f1ab79d87071d2":"c95f363e8fdfaf6b3802a87d27f1ab79d87071d2","/local@0.0.0/fs/fs/write_file#91d2bf2e59145d556e090f6d425843204e66dcf1":"91d2bf2e59145d556e090f6d425843204e66dcf1"},"annotation":{"/Users/mz/ghq/github.com/mizchi/vibe-lang/vibe/fs/fs.vibe#exists":"exists: (String) -> Bool with {Fs}","/Users/mz/ghq/github.com/mizchi/vibe-lang/vibe/fs/fs.vibe#read_file":"read_file: (String) -> String with {Fs}","/Users/mz/ghq/github.com/mizchi/vibe-lang/vibe/fs/fs.vibe#stat_token":"stat_token: (String) -> Int with {Fs}","/Users/mz/ghq/github.com/mizchi/vibe-lang/vibe/fs/fs.vibe#write_file":"write_file: (String, String) -> Unit with {Fs}"}}