{"path":{"./fs.vibe":"db9be039a558c2e310777fe289efd0fcdb5d1be5","./fs_test.vibe":"bee389e880b74b05c18d1b1bc75c06113ddd52df"},"version":{"prelude":"54ea73712436887edcc0480d07ff75e6e672a4d3"},"symbol":{"std/prelude":"54ea73712436887edcc0480d07ff75e6e672a4d3"},"module":{"/Users/mz/ghq/github.com/mizchi/vibe-lang/vibe/fs/fs.vibe#exists":"277d730dd1e52309edcfb1f6bd476c24c17502e5","/Users/mz/ghq/github.com/mizchi/vibe-lang/vibe/fs/fs.vibe#read_file":"bc675f630fdb3bad2f08b14a0df3ce64dff2214e","/Users/mz/ghq/github.com/mizchi/vibe-lang/vibe/fs/fs.vibe#write_file":"c6cd83a2191eccc1d373bcc0d549ceb474be0b55"},"annotation":{}}