{"path":{"./fs.vibe":"86e7001efd2b4e4e31220fb13458a4faa9f676be"},"version":{"prelude":"cd83deed7db4f4850e85c4d3f02bbfc053287b69"},"symbol":{"std/prelude":"cd83deed7db4f4850e85c4d3f02bbfc053287b69"},"module":{"/local@0.1.0/fs/exists#1d04a9ca4d5596d3b6c80278869bb64fdba344fa":"1d04a9ca4d5596d3b6c80278869bb64fdba344fa","/local@0.1.0/fs/read_file#b09892ef1cb9abd9dd6dca8581cf4d6863265863":"b09892ef1cb9abd9dd6dca8581cf4d6863265863","/local@0.1.0/fs/stat_token#01ae23fc7aff2d49d8859197f0f30e3d6e5b14ab":"01ae23fc7aff2d49d8859197f0f30e3d6e5b14ab","/local@0.1.0/fs/write_file#391f7a943076e152022a1792703b430c6a385333":"391f7a943076e152022a1792703b430c6a385333"},"annotation":{"/Users/mz/ghq/github.com/mizchi/vibe-lang/vibe/fs/fs.vibe#exists":"exists: (String) -> Bool with {Fs}","/Users/mz/ghq/github.com/mizchi/vibe-lang/vibe/fs/fs.vibe#read_file":"read_file: (String) -> String with {Fs}","/Users/mz/ghq/github.com/mizchi/vibe-lang/vibe/fs/fs.vibe#stat_token":"stat_token: (String) -> Int with {Fs}","/Users/mz/ghq/github.com/mizchi/vibe-lang/vibe/fs/fs.vibe#write_file":"write_file: (String, String) -> Unit with {Fs}"}}