{"path":{"./index.vibe":"5969337001362e159874b9787cf751d4a35f6ea4"},"version":{"prelude":"1ecc80c97dea82312bfee300a7c0955d056af398"},"symbol":{"std/prelude":"1ecc80c97dea82312bfee300a7c0955d056af398"},"module":{"/Users/mz/ghq/github.com/mizchi/vibe-lang/vibe/prelude/threads/index.vibe#version":"0892a09604f221d580cfb0250cbf0142ffbe78e0"},"annotation":{}}