{"path":{"./sha1.vibe":"c70959d26e45b78d4bd59067129cba99a1b3b6ac","./base64.vibe":"6161688db7d3a907b443ba181b791ec0e33d37da","./sha1_test.vibe":"e8f7740ce8432eeb7e8ca0364ef540f5c860da99","./sha1_bench.vibe":"ca55d43839cdb65b6500809b7cc7c07d19beaa2e","./sha1_debug.vibe":"11361b4ce86c1bd33514a78e21e162049bb745b0","./base64_test.vibe":"6bb25748d3db01fc89998398226d8a3fc1b8240d","./base64_bench.vibe":"7ba26ed92be38bd2c9985f125d3787f3ca96d2ec","./test_repeat_crash.vibe":"1ed39ebcdac9ac78d13318103996cfc565bc6584"},"version":{"prelude":"cab9ca6d5c88e8852b5b901f7e76da8ad306765e"},"symbol":{"std/prelude":"cab9ca6d5c88e8852b5b901f7e76da8ad306765e"},"module":{"/Users/mz/ghq/github.com/mizchi/vibe-lang/vibe/encoding/sha1.vibe#sha1":"c805bebd4a65084d8917f08d3f62df38d766e465","/Users/mz/ghq/github.com/mizchi/vibe-lang/vibe/encoding/base64.vibe#decode":"201abaad3e72befe7eab836c477698df72cfbaf8","/Users/mz/ghq/github.com/mizchi/vibe-lang/vibe/encoding/base64.vibe#encode":"1263aa37b4c359474bd9a656844ffb815367ca12","/Users/mz/ghq/github.com/mizchi/vibe-lang/vibe/encoding/sha1.vibe#String::sha1":"7fab3fb16472c28bbe40cad95568b7c6e7a4d4b9","/Users/mz/ghq/github.com/mizchi/vibe-lang/vibe/encoding/base64.vibe#String::base64_decode":"412cc48f7904d2f73b5ccb5bf043dc5b8039d57e","/Users/mz/ghq/github.com/mizchi/vibe-lang/vibe/encoding/base64.vibe#String::base64_encode":"4fbb74574b566f516bf32261c8e29134186b2664"},"annotation":{"/Users/mz/ghq/github.com/mizchi/vibe-lang/vibe/encoding/sha1.vibe#sha1":"Public API","/Users/mz/ghq/github.com/mizchi/vibe-lang/vibe/encoding/base64.vibe#encode":"public API","/Users/mz/ghq/github.com/mizchi/vibe-lang/vibe/encoding/base64.vibe#String::base64_encode":"Type member exports (String::method style)"}}