{"path":{"./sha1.vibe":"e74f06363c68e53edcbb9891c7c9e56a407ddf0c","./base64.vibe":"5bfd714046cb4662397ac3071f0f452b933993b7","./sha1_test.vibe":"3bf6095e34eed0e434069cb12477b2da6e25db38","./sha1_bench.vibe":"8ab664b39485d95d627699a9c7ee3115518b6e21","./sha1_debug.vibe":"11361b4ce86c1bd33514a78e21e162049bb745b0","./base64_test.vibe":"692c3e3e212c4aed265e4f76330a583ef2c64e76","./base64_bench.vibe":"fce695662092c2653603e432e344e58085642758","./test_repeat_crash.vibe":"1ed39ebcdac9ac78d13318103996cfc565bc6584"},"version":{"prelude":"cab9ca6d5c88e8852b5b901f7e76da8ad306765e"},"symbol":{"std/prelude":"cab9ca6d5c88e8852b5b901f7e76da8ad306765e"},"module":{"/Users/mz/ghq/github.com/mizchi/vibe-lang/vibe/encoding/sha1.vibe#sha1":"c805bebd4a65084d8917f08d3f62df38d766e465","/Users/mz/ghq/github.com/mizchi/vibe-lang/vibe/encoding/base64.vibe#decode":"201abaad3e72befe7eab836c477698df72cfbaf8","/Users/mz/ghq/github.com/mizchi/vibe-lang/vibe/encoding/base64.vibe#encode":"1263aa37b4c359474bd9a656844ffb815367ca12","/Users/mz/ghq/github.com/mizchi/vibe-lang/vibe/encoding/sha1.vibe#String::sha1":"7fab3fb16472c28bbe40cad95568b7c6e7a4d4b9","/Users/mz/ghq/github.com/mizchi/vibe-lang/vibe/encoding/base64.vibe#String::base64_decode":"412cc48f7904d2f73b5ccb5bf043dc5b8039d57e","/Users/mz/ghq/github.com/mizchi/vibe-lang/vibe/encoding/base64.vibe#String::base64_encode":"4fbb74574b566f516bf32261c8e29134186b2664"},"annotation":{"/Users/mz/ghq/github.com/mizchi/vibe-lang/vibe/encoding/sha1.vibe#sha1":"Public API","/Users/mz/ghq/github.com/mizchi/vibe-lang/vibe/encoding/base64.vibe#encode":"public API","/Users/mz/ghq/github.com/mizchi/vibe-lang/vibe/encoding/base64.vibe#String::base64_encode":"Type member exports (String::method style)"}}