{"path":{"./json.vibe":"0711cc383a735b27f67dd810ff9a31995201738c","./sha1.vibe":"0e2104996c1588d9a3dc4c1e71b2a90f3e96a99e","./base64.vibe":"9fa8a7e6bc3be75d47e960646ce747febd7e6fe6","./jsonrpc.vibe":"1fb7ff2884d31e9bc158c2ee5b31525d42ddea76","./json_test.vibe":"1b07046f08d1fff51140be20f5c3673b9808a214","./sha1_test.vibe":"3bf6095e34eed0e434069cb12477b2da6e25db38","./sha1_bench.vibe":"8ab664b39485d95d627699a9c7ee3115518b6e21","./base64_test.vibe":"692c3e3e212c4aed265e4f76330a583ef2c64e76","./base64_bench.vibe":"fce695662092c2653603e432e344e58085642758","./jsonrpc_test.vibe":"6604cd1af5436a9328ad7a3b17da7086c339672f","./_test_minimal.vibe":"6b08204abc8a91673b4be8420d769552095c85c3","./_test_debug_rpc.vibe":"a7c3b16ccd2ce6a7c0ad0b0c96443213af6aa0d1","./_test_mini_json.vibe":"8323be3991b73b3ddf41186cc53c99330b500033","./test_json_import.vibe":"c0b7ffe937830d138e114382ce6f28a303237287"},"version":{"prelude":"7c764a4c84e54368561b547b9e740e7bb0584980"},"symbol":{"std/prelude":"7c764a4c84e54368561b547b9e740e7bb0584980"},"module":{"/Users/mz/ghq/github.com/mizchi/vibe-lang/vibe/encoding/json.vibe#Json":"f4be18c9ae82ab487a55139a4699d7bb0a3dff6d","/Users/mz/ghq/github.com/mizchi/vibe-lang/vibe/encoding/sha1.vibe#sha1":"4cef6bdeab8fa07d22b8b76053b0950fc618da1c","/Users/mz/ghq/github.com/mizchi/vibe-lang/vibe/encoding/json.vibe#parse":"8ffeb4edb1d9011966aec1a4e0df291a992112b0","/Users/mz/ghq/github.com/mizchi/vibe-lang/vibe/encoding/base64.vibe#decode":"14a33f1093451a8075dd911563f434d6e00fb93d","/Users/mz/ghq/github.com/mizchi/vibe-lang/vibe/encoding/base64.vibe#encode":"e2bcbdf0abb20418444939860d33d038e13f6fa8","/Users/mz/ghq/github.com/mizchi/vibe-lang/vibe/encoding/json.vibe#json_get":"95adec30a6352e84babaf2eed495a083de8abbdd","/Users/mz/ghq/github.com/mizchi/vibe-lang/vibe/encoding/json.vibe#parse_ok":"3fb4dbaa15e93027c995dd6165f18cc556dbecfa","/Users/mz/ghq/github.com/mizchi/vibe-lang/vibe/encoding/jsonrpc.vibe#RpcId":"7195c68f7a21dee396d1661e9a51812f78adb5a5","/Users/mz/ghq/github.com/mizchi/vibe-lang/vibe/encoding/json.vibe#parse_err":"f2b1ffd03c1e4560c8d40e54469014ed015cdb44","/Users/mz/ghq/github.com/mizchi/vibe-lang/vibe/encoding/json.vibe#stringify":"750372b371c5693b09c7540819573873a583ed3d","/Users/mz/ghq/github.com/mizchi/vibe-lang/vibe/encoding/json.vibe#json_as_arr":"73b6af015892ac9578f691a297d92e6ffe0aa286","/Users/mz/ghq/github.com/mizchi/vibe-lang/vibe/encoding/json.vibe#json_as_num":"340af8706ffe50208b1fe9e45a97bb378c022f72","/Users/mz/ghq/github.com/mizchi/vibe-lang/vibe/encoding/json.vibe#json_as_obj":"f0b8bf6eb49c2fb10bfdaade574f78f58db74052","/Users/mz/ghq/github.com/mizchi/vibe-lang/vibe/encoding/json.vibe#json_as_str":"498963e50bc65c6c60f93ba15ea15301ea48e567","/Users/mz/ghq/github.com/mizchi/vibe-lang/vibe/encoding/json.vibe#json_as_bool":"034b411e4454be7f7365a1f05fcea08c4523ac34","/Users/mz/ghq/github.com/mizchi/vibe-lang/vibe/encoding/sha1.vibe#String::sha1":"a1dd18b636644fc96e6a2b004276da188b175a27","/Users/mz/ghq/github.com/mizchi/vibe-lang/vibe/encoding/jsonrpc.vibe#RpcMessage":"8af92e71ee9a24da2846c1d557c63cafbca571f8","/Users/mz/ghq/github.com/mizchi/vibe-lang/vibe/encoding/_test_mini_json.vibe#Json":"f4be18c9ae82ab487a55139a4699d7bb0a3dff6d","/Users/mz/ghq/github.com/mizchi/vibe-lang/vibe/encoding/_test_mini_json.vibe#my_fn":"4bbc40195b754cd37d7a9033db1f1cf18bb351f6","/Users/mz/ghq/github.com/mizchi/vibe-lang/vibe/encoding/_test_mini_json.vibe#parse":"749171a1deb9c0b75de5c3e778bdd6b7fde42885","/Users/mz/ghq/github.com/mizchi/vibe-lang/vibe/encoding/_test_minimal.vibe#add_one":"a00a8e69638d29daff743daad1302fd7ffe1fde6","/Users/mz/ghq/github.com/mizchi/vibe-lang/vibe/encoding/jsonrpc.vibe#parse_message":"c812cee1da40a8e2670e5e650a5be92ef81b7526","/Users/mz/ghq/github.com/mizchi/vibe-lang/vibe/encoding/_test_mini_json.vibe#MyEnum":"85bd1ff1d406c6d730d387d61f1c27a71d9bdaeb","/Users/mz/ghq/github.com/mizchi/vibe-lang/vibe/encoding/jsonrpc.vibe#stringify_error":"078c5cb748c27f6deede7a5ca0c4a2f5c8baabf3","/Users/mz/ghq/github.com/mizchi/vibe-lang/vibe/encoding/_test_mini_json.vibe#json_get":"a803f8052814cb583af34000729fcfa2597e44c2","/Users/mz/ghq/github.com/mizchi/vibe-lang/vibe/encoding/_test_mini_json.vibe#parse_ok":"0793398f774adb07a550d6c88930e14357121449","/Users/mz/ghq/github.com/mizchi/vibe-lang/vibe/encoding/_test_mini_json.vibe#safe_add":"b6f4d9b81f51ec6bb1b59baf3bd4d4e7df6ec1e1","/Users/mz/ghq/github.com/mizchi/vibe-lang/vibe/encoding/_test_mini_json.vibe#parse_err":"93a1f100b9b198088308e9e8664f111c4b821475","/Users/mz/ghq/github.com/mizchi/vibe-lang/vibe/encoding/_test_mini_json.vibe#stringify":"585e5e4c79ea978d7cb6b34d505f34c2c8bf56db","/Users/mz/ghq/github.com/mizchi/vibe-lang/vibe/encoding/jsonrpc.vibe#stringify_request":"dcc00b5773fe411865b20cbc4bbc877d8bfab849","/Users/mz/ghq/github.com/mizchi/vibe-lang/vibe/encoding/jsonrpc.vibe#stringify_response":"4105b62915c44ae714e1c6bf5a2ee2167d38900e","/Users/mz/ghq/github.com/mizchi/vibe-lang/vibe/encoding/_test_mini_json.vibe#json_as_arr":"9a8acf412a20ac387f97439566ea84a40a0a1bee","/Users/mz/ghq/github.com/mizchi/vibe-lang/vibe/encoding/_test_mini_json.vibe#json_as_num":"40e9f37ff2e4dbcb942b81eb8eb76680556becbc","/Users/mz/ghq/github.com/mizchi/vibe-lang/vibe/encoding/_test_mini_json.vibe#json_as_obj":"56b498d6abbd8b3def4e48e9f36be06112dd401d","/Users/mz/ghq/github.com/mizchi/vibe-lang/vibe/encoding/_test_mini_json.vibe#json_as_str":"f88c0859a12572303bad06249508516849a70698","/Users/mz/ghq/github.com/mizchi/vibe-lang/vibe/encoding/_test_mini_json.vibe#json_as_bool":"8bde74b861e2483ee41f3023b5cec813a1e5dcb6","/Users/mz/ghq/github.com/mizchi/vibe-lang/vibe/encoding/_test_mini_json.vibe#my_stringify":"d639eb601b5d5c6fa0e4aa50d2cba61776148445","/Users/mz/ghq/github.com/mizchi/vibe-lang/vibe/encoding/base64.vibe#String::base64_decode":"132ff241fd408aa07050a68d65c42daa879d4b08","/Users/mz/ghq/github.com/mizchi/vibe-lang/vibe/encoding/base64.vibe#String::base64_encode":"928666cb300ce73bb58a4fec95a0b486d2060074","/Users/mz/ghq/github.com/mizchi/vibe-lang/vibe/encoding/jsonrpc.vibe#stringify_notification":"bcdb4cdcc27250da96ede80a5b6fbc81f931eec8"},"annotation":{}}