{"path":{"./wit_parser.vibe":"8cffa4cfbbd91c771682855bd857c41b12598fa5"},"version":{"prelude":"cd83deed7db4f4850e85c4d3f02bbfc053287b69"},"symbol":{"std/prelude":"cd83deed7db4f4850e85c4d3f02bbfc053287b69"},"module":{"/local@0.0.0/wasm/wit_parser/wit_parser/WitToken#d5f856de980e5a1dae1c669857e8a9408e76eb44":"d5f856de980e5a1dae1c669857e8a9408e76eb44","/local@0.0.0/wasm/wit_parser/wit_parser/wit_parse#33438790d5e2952469f3d1146b75cf181117260a":"33438790d5e2952469f3d1146b75cf181117260a","/local@0.0.0/wasm/wit_parser/wit_parser/WitTypeDef#a4bcacc7af212b6069effe89a1cd490ffc1c8e29":"a4bcacc7af212b6069effe89a1cd490ffc1c8e29","/local@0.0.0/wasm/wit_parser/wit_parser/WitFuncKind#982cb584c2a858584d1cfa28d8c6541a0fbdf3af":"982cb584c2a858584d1cfa28d8c6541a0fbdf3af","/local@0.0.0/wasm/wit_parser/wit_parser/WitTypeExpr#7a2c4a3cc6092d33ca4baa6577b8ad12e3c2aef1":"7a2c4a3cc6092d33ca4baa6577b8ad12e3c2aef1","/local@0.0.0/wasm/wit_parser/wit_parser/WitWorldItem#9cc30bdcac8ca09467fc9712192f10a182faa0a9":"9cc30bdcac8ca09467fc9712192f10a182faa0a9","/local@0.0.0/wasm/wit_parser/wit_parser/wit_tokenize#3a6a55743ea9881d4cf424a768ab483cd4af96ac":"3a6a55743ea9881d4cf424a768ab483cd4af96ac","/local@0.0.0/wasm/wit_parser/wit_parser/WitInterfaceItem#3b7b93c564d7575f65e93001d7d1147fe35fdd80":"3b7b93c564d7575f65e93001d7d1147fe35fdd80"},"annotation":{"/Users/mz/ghq/github.com/mizchi/vibe-lang/vibe/wasm/wit_parser/wit_parser.vibe#WitToken":"--- Tokens ---","/Users/mz/ghq/github.com/mizchi/vibe-lang/vibe/wasm/wit_parser/wit_parser.vibe#wit_parse":"Returns: (package, interfaces, worlds)\npackage: Option[(ns, name, version)]\ninterfaces: Array[(name, docs, items)]\nworlds: Array[(name, docs, types, imports, exports)]","/Users/mz/ghq/github.com/mizchi/vibe-lang/vibe/wasm/wit_parser/wit_parser.vibe#WitTypeExpr":"--- AST Types ---"}}