{"path":{"./sha1.vibe":"5909585ad7e9c15f9f3b6c606278333b9dd8de95","./index.vibe":"66cc344f7ada53d8242a6c2bd17467af904f3ef9"},"version":{"prelude":"57b2e437ae8577b48b73cb5778d22f8f8a76f9ab"},"symbol":{"std/prelude":"57b2e437ae8577b48b73cb5778d22f8f8a76f9ab"},"module":{"/Users/mz/ghq/github.com/mizchi/vibe-lang/vibe/sha1/sha1.vibe#sha1":"4cef6bdeab8fa07d22b8b76053b0950fc618da1c","/Users/mz/ghq/github.com/mizchi/vibe-lang/vibe/sha1/index.vibe#sha1":"9f0bf803283772076b09e51ed935bc7325aef2a6","/Users/mz/ghq/github.com/mizchi/vibe-lang/vibe/sha1/index.vibe#version":"0892a09604f221d580cfb0250cbf0142ffbe78e0","/Users/mz/ghq/github.com/mizchi/vibe-lang/vibe/sha1/sha1.vibe#String::sha1":"a1dd18b636644fc96e6a2b004276da188b175a27","/Users/mz/ghq/github.com/mizchi/vibe-lang/vibe/sha1/index.vibe#String::sha1":"f06e1d46c30e128f147f38bd644abd7f3f16b102"},"annotation":{}}