{"path":{"./sha1.vibe":"51c882eb205272c94f7a25528a2bb0f38a76a17c","./sha1_bench.vibe":"9814b74a13514c964f826de40219f777842e8c11"},"version":{"prelude":"57b2e437ae8577b48b73cb5778d22f8f8a76f9ab"},"symbol":{"std/prelude":"57b2e437ae8577b48b73cb5778d22f8f8a76f9ab"},"module":{"/local@0.0.0/sha1/sha1/sha1#89948017f348bcc9fd978130071371a78f153b20":"89948017f348bcc9fd978130071371a78f153b20","/local@0.0.0/sha1/sha1/String::sha1#3331f3bddd22fce31a6ec4425ed566e86cb6086a":"3331f3bddd22fce31a6ec4425ed566e86cb6086a"},"annotation":{}}